{
  "version": 4,
  "terraform_version": "1.1.5",
  "serial": 79,
  "lineage": "a2cebe7e-c48d-ea11-d07e-a7e574341ed9",
  "outputs": {
    "id": {
      "value": "i-094298348724467e9",
      "type": "string"
    },
    "ip": {
      "value": "54.169.231.250",
      "type": "string"
    },
    "key_pair_key_name": {
      "value": "Tet-keypair",
      "type": "string"
    }
  },
  "resources": [
    {
      "mode": "data",
      "type": "aws_ami",
      "name": "gaming_window",
      "provider": "provider[\"registry.terraform.io/hashicorp/aws\"]",
      "instances": [
        {
          "schema_version": 0,
          "attributes": {
            "architecture": "x86_64",
            "arn": "arn:aws:ec2:ap-southeast-1::image/ami-01187ae087a9a9ce8",
            "block_device_mappings": [
              {
                "device_name": "/dev/sda1",
                "ebs": {
                  "delete_on_termination": "true",
                  "encrypted": "false",
                  "iops": "0",
                  "snapshot_id": "snap-08aad1c150280c1b9",
                  "throughput": "0",
                  "volume_size": "30",
                  "volume_type": "gp2"
                },
                "no_device": "",
                "virtual_name": ""
              },
              {
                "device_name": "xvdca",
                "ebs": {},
                "no_device": "",
                "virtual_name": "ephemeral0"
              },
              {
                "device_name": "xvdcb",
                "ebs": {},
                "no_device": "",
                "virtual_name": "ephemeral1"
              },
              {
                "device_name": "xvdcc",
                "ebs": {},
                "no_device": "",
                "virtual_name": "ephemeral2"
              },
              {
                "device_name": "xvdcd",
                "ebs": {},
                "no_device": "",
                "virtual_name": "ephemeral3"
              },
              {
                "device_name": "xvdce",
                "ebs": {},
                "no_device": "",
                "virtual_name": "ephemeral4"
              },
              {
                "device_name": "xvdcf",
                "ebs": {},
                "no_device": "",
                "virtual_name": "ephemeral5"
              },
              {
                "device_name": "xvdcg",
                "ebs": {},
                "no_device": "",
                "virtual_name": "ephemeral6"
              },
              {
                "device_name": "xvdch",
                "ebs": {},
                "no_device": "",
                "virtual_name": "ephemeral7"
              },
              {
                "device_name": "xvdci",
                "ebs": {},
                "no_device": "",
                "virtual_name": "ephemeral8"
              },
              {
                "device_name": "xvdcj",
                "ebs": {},
                "no_device": "",
                "virtual_name": "ephemeral9"
              },
              {
                "device_name": "xvdck",
                "ebs": {},
                "no_device": "",
                "virtual_name": "ephemeral10"
              },
              {
                "device_name": "xvdcl",
                "ebs": {},
                "no_device": "",
                "virtual_name": "ephemeral11"
              },
              {
                "device_name": "xvdcm",
                "ebs": {},
                "no_device": "",
                "virtual_name": "ephemeral12"
              },
              {
                "device_name": "xvdcn",
                "ebs": {},
                "no_device": "",
                "virtual_name": "ephemeral13"
              },
              {
                "device_name": "xvdco",
                "ebs": {},
                "no_device": "",
                "virtual_name": "ephemeral14"
              },
              {
                "device_name": "xvdcp",
                "ebs": {},
                "no_device": "",
                "virtual_name": "ephemeral15"
              },
              {
                "device_name": "xvdcq",
                "ebs": {},
                "no_device": "",
                "virtual_name": "ephemeral16"
              },
              {
                "device_name": "xvdcr",
                "ebs": {},
                "no_device": "",
                "virtual_name": "ephemeral17"
              },
              {
                "device_name": "xvdcs",
                "ebs": {},
                "no_device": "",
                "virtual_name": "ephemeral18"
              },
              {
                "device_name": "xvdct",
                "ebs": {},
                "no_device": "",
                "virtual_name": "ephemeral19"
              },
              {
                "device_name": "xvdcu",
                "ebs": {},
                "no_device": "",
                "virtual_name": "ephemeral20"
              },
              {
                "device_name": "xvdcv",
                "ebs": {},
                "no_device": "",
                "virtual_name": "ephemeral21"
              },
              {
                "device_name": "xvdcw",
                "ebs": {},
                "no_device": "",
                "virtual_name": "ephemeral22"
              },
              {
                "device_name": "xvdcx",
                "ebs": {},
                "no_device": "",
                "virtual_name": "ephemeral23"
              },
              {
                "device_name": "xvdcy",
                "ebs": {},
                "no_device": "",
                "virtual_name": "ephemeral24"
              },
              {
                "device_name": "xvdcz",
                "ebs": {},
                "no_device": "",
                "virtual_name": "ephemeral25"
              }
            ],
            "creation_date": "2021-09-28T08:42:54.000Z",
            "description": "Cloned image of AMI 'ami-04bdd8130134c73c2' from region us-east-1",
            "ena_support": true,
            "executable_users": null,
            "filter": [
              {
                "name": "name",
                "values": [
                  "DCV-Windows-2021-2-11135-NVIDIA-gaming-*"
                ]
              }
            ],
            "hypervisor": "xen",
            "id": "ami-01187ae087a9a9ce8",
            "image_id": "ami-01187ae087a9a9ce8",
            "image_location": "amazon/DCV-Windows-2021-2-11135-NVIDIA-gaming-471-96-2021-09-27T16-16-32.800Z",
            "image_owner_alias": "amazon",
            "image_type": "machine",
            "kernel_id": null,
            "most_recent": true,
            "name": "DCV-Windows-2021-2-11135-NVIDIA-gaming-471-96-2021-09-27T16-16-32.800Z",
            "name_regex": null,
            "owner_id": "877902723034",
            "owners": [
              "877902723034"
            ],
            "platform": "windows",
            "platform_details": "Windows",
            "product_codes": [],
            "public": true,
            "ramdisk_id": null,
            "root_device_name": "/dev/sda1",
            "root_device_type": "ebs",
            "root_snapshot_id": "snap-08aad1c150280c1b9",
            "sriov_net_support": "simple",
            "state": "available",
            "state_reason": {
              "code": "UNSET",
              "message": "UNSET"
            },
            "tags": {},
            "usage_operation": "RunInstances:0002",
            "virtualization_type": "hvm"
          },
          "sensitive_attributes": []
        }
      ]
    },
    {
      "mode": "data",
      "type": "aws_ami",
      "name": "ubuntu",
      "provider": "provider[\"registry.terraform.io/hashicorp/aws\"]",
      "instances": [
        {
          "schema_version": 0,
          "attributes": {
            "architecture": "x86_64",
            "arn": "arn:aws:ec2:ap-southeast-1::image/ami-0df8a7ccbdf225a18",
            "block_device_mappings": [
              {
                "device_name": "/dev/sda1",
                "ebs": {
                  "delete_on_termination": "false",
                  "encrypted": "false",
                  "iops": "0",
                  "snapshot_id": "snap-0aae3fb61ab13a8cb",
                  "throughput": "0",
                  "volume_size": "8",
                  "volume_type": "gp2"
                },
                "no_device": "",
                "virtual_name": ""
              },
              {
                "device_name": "/dev/sdb",
                "ebs": {},
                "no_device": "",
                "virtual_name": "ephemeral0"
              },
              {
                "device_name": "/dev/sdc",
                "ebs": {},
                "no_device": "",
                "virtual_name": "ephemeral1"
              },
              {
                "device_name": "/dev/sdh",
                "ebs": {
                  "delete_on_termination": "true",
                  "encrypted": "false",
                  "iops": "0",
                  "snapshot_id": "snap-08e6ce8c599f43f76",
                  "throughput": "0",
                  "volume_size": "10",
                  "volume_type": "gp2"
                },
                "no_device": "",
                "virtual_name": ""
              }
            ],
            "creation_date": "2022-02-08T05:54:32.000Z",
            "description": "",
            "ena_support": true,
            "executable_users": null,
            "filter": [
              {
                "name": "name",
                "values": [
                  "cluster_v1"
                ]
              }
            ],
            "hypervisor": "xen",
            "id": "ami-0df8a7ccbdf225a18",
            "image_id": "ami-0df8a7ccbdf225a18",
            "image_location": "574816112352/cluster_v1",
            "image_owner_alias": null,
            "image_type": "machine",
            "kernel_id": null,
            "most_recent": true,
            "name": "cluster_v1",
            "name_regex": null,
            "owner_id": "574816112352",
            "owners": [
              "574816112352"
            ],
            "platform": null,
            "platform_details": "Linux/UNIX",
            "product_codes": [],
            "public": false,
            "ramdisk_id": null,
            "root_device_name": "/dev/sda1",
            "root_device_type": "ebs",
            "root_snapshot_id": "snap-0aae3fb61ab13a8cb",
            "sriov_net_support": "simple",
            "state": "available",
            "state_reason": {
              "code": "UNSET",
              "message": "UNSET"
            },
            "tags": {},
            "usage_operation": "RunInstances",
            "virtualization_type": "hvm"
          },
          "sensitive_attributes": []
        }
      ]
    },
    {
      "mode": "managed",
      "type": "aws_ebs_volume",
      "name": "root",
      "provider": "provider[\"registry.terraform.io/hashicorp/aws\"]",
      "instances": [
        {
          "schema_version": 0,
          "attributes": {
            "arn": "arn:aws:ec2:ap-southeast-1:574816112352:volume/vol-085cc762e2328b4a4",
            "availability_zone": "ap-southeast-1a",
            "encrypted": false,
            "id": "vol-085cc762e2328b4a4",
            "iops": 150,
            "kms_key_id": "",
            "multi_attach_enabled": false,
            "outpost_arn": "",
            "size": 50,
            "snapshot_id": "",
            "tags": {},
            "tags_all": {},
            "throughput": 0,
            "type": "gp2"
          },
          "sensitive_attributes": [],
          "private": "bnVsbA=="
        }
      ]
    },
    {
      "mode": "managed",
      "type": "tls_private_key",
      "name": "this",
      "provider": "provider[\"registry.terraform.io/hashicorp/tls\"]",
      "instances": [
        {
          "schema_version": 0,
          "attributes": {
            "algorithm": "RSA",
            "ecdsa_curve": "P224",
            "id": "cccaa3d9b903d6ab65faeb2fa707827cd678a78b",
            "private_key_pem": "-----BEGIN RSA PRIVATE KEY-----\nMIIEogIBAAKCAQEAum375J3Ny/G5OxszWumnpGFRh2MUfYlj4G3Qk24obvV/2PQa\nn9vZV6bKSmw4r+lI9bbmVsiJK0u/kSB4LEbZ7H0PCWCMflOm98GbWZmtUn1+IywV\nwUu+8t6WoLNJrh/0GeYm3XYbPHts3rgXeAbZHM7fziEs9HIiktkLymnqcgZaazU0\nIzvYgAVvEnFSSjGWzdPgO5NBDaj/ncH4FY2Vha9d7XjTA2CyMXQihEVPTTPFXoaz\nvi590sUuNX1wDmmQFXV/viaos+Fk9pzoUNjpNR58cStAwnK1ews6YxBFYckaVa5M\n/CkzTEKL25VlykmG4FXH6ZdQvRL8C1bmBYvmQQIDAQABAoIBADckALUF17DSti69\nRNtG8Ma14h9hNtZKpLfkwyRYGK14/290A8v0grxiIMMSb1HYdjP2/Pn+JlQf+3E5\nYVH3Qs2nz6K+Y8+ZfnEZWpGN2q3jYEOW7nhVpwy+uV6eqNRPrytZ33TxUez5tKHL\nYWWm4OCcb6XQOjOy7nbwq4Qa/7TpmujNNPTkTBp6ZA2bLVGR9A9EfWOfzyGqseEW\nKMoP+j8F6NS0Hrh+IR8hDd5sCPYN80dHAKnvu/C7LO+YbuAqyxhwdpTA9OH7Xp78\nknKb0JhSSmLG8bppeWc/9IF3jnhfQ8YU9n/YYUlhVnsItlhIOqlj7jEafFH82wAS\n39FQloECgYEA27UZOGaoTMtZ9F6x/1aFUtOVIS0vmSvx7RoJjbQyjBsIS+Z26fny\n7PwkkDQ3alHTtclHANBHG4rGiBclJ+wu5VTB7otNuzsAvLecf+RlrhbuQBQEWo8l\n2+z8EJ3/w5ogDebUHsCfHZZrDyBCWvuZrFryam40G6qCnYhT93aKQ9UCgYEA2Tml\nriik3B/tvm0uOOXyjo2gGRJw7ot6KzAKsgLI90HeOUvUHeicqNLP+yDoSivHeoqn\nPaQL3NV6MH0mwAsRoU6MRtrX9IMfaGZeUMSWsDvW0Q7YO6gcg/cqy4Hrom2ROLy1\nq16GlVE5bjMKi5YuSGFF5KcekO67TfbxLvPLir0CgYB7PP0VlvfGg7ZEja14VXbZ\ne9dF0cvGNlEwtw8uziogTrV7pZ2EJvDtn41+2dtPpvCDIpDSUwHf4Br2kU0FNMUl\nXEKf5MHISRNjx/ZgAqRKX5Bqnw/GIE+TKj5Fr+qcNGLQiW7ohRF7jjklNeoikMil\nVipuKrzN2/oCFUtMHtD1tQKBgEiXgCuUP4ukS+HgQJsZFRbYc1ENnZnKGJiIJHra\nfWhLpcTF92vLSVcNpB1LIPVwbeggn8T0plY1LPE5UZLJ4Clkw3IGPjbi/sL3ursJ\nB0Z7qM0SReahxm2/UpjRoPoV3Xr1bUyIeTc6/pM6EWMWW/8qKp4/zvImJYfnZzAG\nntWNAoGAaCUJFpXFdEvBgS9tvrJLYGANNWu7JY6j06nqSxkmMXMPEjUOpQJ3SJpa\nIQOib146rqzLb1hNKSqlbXx+Kcp9kLW5EZYJVQa2VqfZ4dtXuTa57uH5Rjgy08TX\nKgIxDr76TOjZSVWMu14yO7juUrYg0/FZ/tJl4Z1PAJsW+IHwuBc=\n-----END RSA PRIVATE KEY-----\n",
            "public_key_fingerprint_md5": "6b:5c:e2:d1:fb:23:b6:07:de:ee:31:52:3b:c0:91:d5",
            "public_key_openssh": "ssh-rsa AAAAB3NzaC1yc2EAAAADAQABAAABAQC6bfvknc3L8bk7GzNa6aekYVGHYxR9iWPgbdCTbihu9X/Y9Bqf29lXpspKbDiv6Uj1tuZWyIkrS7+RIHgsRtnsfQ8JYIx+U6b3wZtZma1SfX4jLBXBS77y3pags0muH/QZ5ibddhs8e2zeuBd4Btkczt/OISz0ciKS2QvKaepyBlprNTQjO9iABW8ScVJKMZbN0+A7k0ENqP+dwfgVjZWFr13teNMDYLIxdCKERU9NM8VehrO+Ln3SxS41fXAOaZAVdX++Jqiz4WT2nOhQ2Ok1HnxxK0DCcrV7CzpjEEVhyRpVrkz8KTNMQovblWXKSYbgVcfpl1C9EvwLVuYFi+ZB\n",
            "public_key_pem": "-----BEGIN PUBLIC KEY-----\nMIIBIjANBgkqhkiG9w0BAQEFAAOCAQ8AMIIBCgKCAQEAum375J3Ny/G5OxszWumn\npGFRh2MUfYlj4G3Qk24obvV/2PQan9vZV6bKSmw4r+lI9bbmVsiJK0u/kSB4LEbZ\n7H0PCWCMflOm98GbWZmtUn1+IywVwUu+8t6WoLNJrh/0GeYm3XYbPHts3rgXeAbZ\nHM7fziEs9HIiktkLymnqcgZaazU0IzvYgAVvEnFSSjGWzdPgO5NBDaj/ncH4FY2V\nha9d7XjTA2CyMXQihEVPTTPFXoazvi590sUuNX1wDmmQFXV/viaos+Fk9pzoUNjp\nNR58cStAwnK1ews6YxBFYckaVa5M/CkzTEKL25VlykmG4FXH6ZdQvRL8C1bmBYvm\nQQIDAQAB\n-----END PUBLIC KEY-----\n",
            "rsa_bits": 2048
          },
          "sensitive_attributes": [],
          "private": "bnVsbA=="
        }
      ]
    },
    {
      "module": "module.ec2_instance",
      "mode": "managed",
      "type": "aws_instance",
      "name": "this",
      "provider": "provider[\"registry.terraform.io/hashicorp/aws\"]",
      "instances": [
        {
          "index_key": 0,
          "schema_version": 1,
          "attributes": {
            "ami": "ami-0df8a7ccbdf225a18",
            "arn": "arn:aws:ec2:ap-southeast-1:574816112352:instance/i-094298348724467e9",
            "associate_public_ip_address": true,
            "availability_zone": "ap-southeast-1a",
            "capacity_reservation_specification": [
              {
                "capacity_reservation_preference": "open",
                "capacity_reservation_target": []
              }
            ],
            "cpu_core_count": 1,
            "cpu_threads_per_core": 2,
            "credit_specification": [
              {
                "cpu_credits": "unlimited"
              }
            ],
            "disable_api_termination": false,
            "ebs_block_device": [
              {
                "delete_on_termination": true,
                "device_name": "/dev/sdh",
                "encrypted": false,
                "iops": 100,
                "kms_key_id": "",
                "snapshot_id": "snap-08e6ce8c599f43f76",
                "tags": {},
                "throughput": 0,
                "volume_id": "vol-0b4a453183f540908",
                "volume_size": 10,
                "volume_type": "gp2"
              }
            ],
            "ebs_optimized": false,
            "enclave_options": [
              {
                "enabled": false
              }
            ],
            "ephemeral_block_device": [],
            "get_password_data": false,
            "hibernation": false,
            "host_id": null,
            "iam_instance_profile": "",
            "id": "i-094298348724467e9",
            "instance_initiated_shutdown_behavior": "stop",
            "instance_state": "running",
            "instance_type": "t3.medium",
            "ipv6_address_count": 0,
            "ipv6_addresses": [],
            "key_name": "Tet-keypair",
            "launch_template": [],
            "metadata_options": [
              {
                "http_endpoint": "enabled",
                "http_put_response_hop_limit": 1,
                "http_tokens": "optional",
                "instance_metadata_tags": "disabled"
              }
            ],
            "monitoring": true,
            "network_interface": [],
            "outpost_arn": "",
            "password_data": "",
            "placement_group": "",
            "placement_partition_number": null,
            "primary_network_interface_id": "eni-041ae404352b85644",
            "private_dns": "ip-172-31-39-4.ap-southeast-1.compute.internal",
            "private_ip": "172.31.39.4",
            "public_dns": "ec2-54-169-231-250.ap-southeast-1.compute.amazonaws.com",
            "public_ip": "54.169.231.250",
            "root_block_device": [
              {
                "delete_on_termination": false,
                "device_name": "/dev/sda1",
                "encrypted": false,
                "iops": 100,
                "kms_key_id": "",
                "tags": null,
                "throughput": 0,
                "volume_id": "vol-0a1f167504c0c95f7",
                "volume_size": 8,
                "volume_type": "gp2"
              }
            ],
            "secondary_private_ips": [],
            "security_groups": [
              "default"
            ],
            "source_dest_check": true,
            "subnet_id": "subnet-0399a71ea2b809bef",
            "tags": {
              "Name": "Thinkmay dev node"
            },
            "tags_all": {
              "Name": "Thinkmay dev node"
            },
            "tenancy": "default",
            "timeouts": {
              "create": null,
              "delete": null,
              "update": null
            },
            "user_data": null,
            "user_data_base64": null,
            "volume_tags": {
              "Name": "ultrabuntu"
            },
            "vpc_security_group_ids": [
              "sg-00313393fa47e19db"
            ]
          },
          "sensitive_attributes": [],
          "private": "eyJlMmJmYjczMC1lY2FhLTExZTYtOGY4OC0zNDM2M2JjN2M0YzAiOnsiY3JlYXRlIjo2MDAwMDAwMDAwMDAsImRlbGV0ZSI6MTIwMDAwMDAwMDAwMCwidXBkYXRlIjo2MDAwMDAwMDAwMDB9LCJzY2hlbWFfdmVyc2lvbiI6IjEifQ==",
          "dependencies": [
            "aws_ebs_volume.root",
            "data.aws_ami.ubuntu",
            "module.key_pair.aws_key_pair.this"
          ]
        }
      ]
    },
    {
      "module": "module.key_pair",
      "mode": "managed",
      "type": "aws_key_pair",
      "name": "this",
      "provider": "provider[\"registry.terraform.io/hashicorp/aws\"]",
      "instances": [
        {
          "index_key": 0,
          "schema_version": 1,
          "attributes": {
            "arn": "arn:aws:ec2:ap-southeast-1:574816112352:key-pair/Tet-keypair",
            "fingerprint": "6e:11:ad:77:9d:01:b9:4c:91:52:88:7f:17:e7:c2:3e",
            "id": "Tet-keypair",
            "key_name": "Tet-keypair",
            "key_name_prefix": "",
            "key_pair_id": "key-0681e5bdabd1d2023",
            "public_key": "ssh-rsa AAAAB3NzaC1yc2EAAAADAQABAAABgQDnXzTC4PAtx6GrttUKqXD4doC0PdhGf4N8g1HqfoAMY8WOfkbdwLW3sZJNaSF/LMlmDACvtvqy6XSTypUxIObnNbMRKZf8jJWXeWOJqSqCKmJURqr+POfkBaiR0ViT8hUvKAPVoMLNVgfXr25rjqbskA5F+r9CU/U+UjbhsH9i7dh/KsJece6Sz5R03IHoNRV9QlrDqPUrsNV4dhrpv4J+9r8jWvU5lyIZYneOlvmNuvWBhW2jjLGmN9ukcKWz51zIvfK9n7lAgyIYgwXAkjeDCyvBLCzH615Q58tAiSummxprS8R2wePQtxF9F4JyWKdUAiwAiaTStWBOw4biRAt4SKU2b+fz5hSnMBtYDtGAJ/EV4NrVFU2rb3aOpbHRllp/X79Chs2p9KveOFxNsh6wPHMR/DzZdyEvWVchtY3wNLAtExAjxUY3ZdxUMroInPYt+ieaodTUrHDH8WIyY3GKjIHnlNh0iU5BFAAuG3LT/off3/RvJ0niaD3skIj9bHk= hoang@microbuntu",
            "tags": {},
            "tags_all": {}
          },
          "sensitive_attributes": [],
          "private": "eyJzY2hlbWFfdmVyc2lvbiI6IjEifQ=="
        }
      ]
    }
  ]
}
