{
  "version": 4,
  "terraform_version": "1.1.0",
  "serial": 13,
  "lineage": "a2cebe7e-c48d-ea11-d07e-a7e574341ed9",
  "outputs": {
    "ip": {
      "value": "ec2-13-212-96-212.ap-southeast-1.compute.amazonaws.com",
      "type": "string"
    },
    "key_pair_key_name": {
      "value": "cluster-keypair",
      "type": "string"
    }
  },
  "resources": [
    {
      "mode": "data",
      "type": "aws_ami",
      "name": "gaming_window",
      "provider": "provider[\"registry.terraform.io/hashicorp/aws\"]",
      "instances": [
        {
          "schema_version": 0,
          "attributes": {
            "architecture": "x86_64",
            "arn": "arn:aws:ec2:ap-southeast-1::image/ami-01187ae087a9a9ce8",
            "block_device_mappings": [
              {
                "device_name": "/dev/sda1",
                "ebs": {
                  "delete_on_termination": "true",
                  "encrypted": "false",
                  "iops": "0",
                  "snapshot_id": "snap-08aad1c150280c1b9",
                  "throughput": "0",
                  "volume_size": "30",
                  "volume_type": "gp2"
                },
                "no_device": "",
                "virtual_name": ""
              },
              {
                "device_name": "xvdca",
                "ebs": {},
                "no_device": "",
                "virtual_name": "ephemeral0"
              },
              {
                "device_name": "xvdcb",
                "ebs": {},
                "no_device": "",
                "virtual_name": "ephemeral1"
              },
              {
                "device_name": "xvdcc",
                "ebs": {},
                "no_device": "",
                "virtual_name": "ephemeral2"
              },
              {
                "device_name": "xvdcd",
                "ebs": {},
                "no_device": "",
                "virtual_name": "ephemeral3"
              },
              {
                "device_name": "xvdce",
                "ebs": {},
                "no_device": "",
                "virtual_name": "ephemeral4"
              },
              {
                "device_name": "xvdcf",
                "ebs": {},
                "no_device": "",
                "virtual_name": "ephemeral5"
              },
              {
                "device_name": "xvdcg",
                "ebs": {},
                "no_device": "",
                "virtual_name": "ephemeral6"
              },
              {
                "device_name": "xvdch",
                "ebs": {},
                "no_device": "",
                "virtual_name": "ephemeral7"
              },
              {
                "device_name": "xvdci",
                "ebs": {},
                "no_device": "",
                "virtual_name": "ephemeral8"
              },
              {
                "device_name": "xvdcj",
                "ebs": {},
                "no_device": "",
                "virtual_name": "ephemeral9"
              },
              {
                "device_name": "xvdck",
                "ebs": {},
                "no_device": "",
                "virtual_name": "ephemeral10"
              },
              {
                "device_name": "xvdcl",
                "ebs": {},
                "no_device": "",
                "virtual_name": "ephemeral11"
              },
              {
                "device_name": "xvdcm",
                "ebs": {},
                "no_device": "",
                "virtual_name": "ephemeral12"
              },
              {
                "device_name": "xvdcn",
                "ebs": {},
                "no_device": "",
                "virtual_name": "ephemeral13"
              },
              {
                "device_name": "xvdco",
                "ebs": {},
                "no_device": "",
                "virtual_name": "ephemeral14"
              },
              {
                "device_name": "xvdcp",
                "ebs": {},
                "no_device": "",
                "virtual_name": "ephemeral15"
              },
              {
                "device_name": "xvdcq",
                "ebs": {},
                "no_device": "",
                "virtual_name": "ephemeral16"
              },
              {
                "device_name": "xvdcr",
                "ebs": {},
                "no_device": "",
                "virtual_name": "ephemeral17"
              },
              {
                "device_name": "xvdcs",
                "ebs": {},
                "no_device": "",
                "virtual_name": "ephemeral18"
              },
              {
                "device_name": "xvdct",
                "ebs": {},
                "no_device": "",
                "virtual_name": "ephemeral19"
              },
              {
                "device_name": "xvdcu",
                "ebs": {},
                "no_device": "",
                "virtual_name": "ephemeral20"
              },
              {
                "device_name": "xvdcv",
                "ebs": {},
                "no_device": "",
                "virtual_name": "ephemeral21"
              },
              {
                "device_name": "xvdcw",
                "ebs": {},
                "no_device": "",
                "virtual_name": "ephemeral22"
              },
              {
                "device_name": "xvdcx",
                "ebs": {},
                "no_device": "",
                "virtual_name": "ephemeral23"
              },
              {
                "device_name": "xvdcy",
                "ebs": {},
                "no_device": "",
                "virtual_name": "ephemeral24"
              },
              {
                "device_name": "xvdcz",
                "ebs": {},
                "no_device": "",
                "virtual_name": "ephemeral25"
              }
            ],
            "creation_date": "2021-09-28T08:42:54.000Z",
            "description": "Cloned image of AMI 'ami-04bdd8130134c73c2' from region us-east-1",
            "ena_support": true,
            "executable_users": null,
            "filter": [
              {
                "name": "name",
                "values": [
                  "DCV-Windows-2021-2-11135-NVIDIA-gaming-*"
                ]
              }
            ],
            "hypervisor": "xen",
            "id": "ami-01187ae087a9a9ce8",
            "image_id": "ami-01187ae087a9a9ce8",
            "image_location": "amazon/DCV-Windows-2021-2-11135-NVIDIA-gaming-471-96-2021-09-27T16-16-32.800Z",
            "image_owner_alias": "amazon",
            "image_type": "machine",
            "kernel_id": null,
            "most_recent": true,
            "name": "DCV-Windows-2021-2-11135-NVIDIA-gaming-471-96-2021-09-27T16-16-32.800Z",
            "name_regex": null,
            "owner_id": "877902723034",
            "owners": [
              "877902723034"
            ],
            "platform": "windows",
            "platform_details": "Windows",
            "product_codes": [],
            "public": true,
            "ramdisk_id": null,
            "root_device_name": "/dev/sda1",
            "root_device_type": "ebs",
            "root_snapshot_id": "snap-08aad1c150280c1b9",
            "sriov_net_support": "simple",
            "state": "available",
            "state_reason": {
              "code": "UNSET",
              "message": "UNSET"
            },
            "tags": {},
            "usage_operation": "RunInstances:0002",
            "virtualization_type": "hvm"
          },
          "sensitive_attributes": []
        }
      ]
    },
    {
      "mode": "data",
      "type": "aws_ami",
      "name": "ubuntu",
      "provider": "provider[\"registry.terraform.io/hashicorp/aws\"]",
      "instances": [
        {
          "schema_version": 0,
          "attributes": {
            "architecture": "x86_64",
            "arn": "arn:aws:ec2:ap-southeast-1::image/ami-055d15d9cfddf7bd3",
            "block_device_mappings": [
              {
                "device_name": "/dev/sda1",
                "ebs": {
                  "delete_on_termination": "true",
                  "encrypted": "false",
                  "iops": "0",
                  "snapshot_id": "snap-0a19a1d62c98225fc",
                  "throughput": "0",
                  "volume_size": "8",
                  "volume_type": "gp2"
                },
                "no_device": "",
                "virtual_name": ""
              },
              {
                "device_name": "/dev/sdb",
                "ebs": {},
                "no_device": "",
                "virtual_name": "ephemeral0"
              },
              {
                "device_name": "/dev/sdc",
                "ebs": {},
                "no_device": "",
                "virtual_name": "ephemeral1"
              }
            ],
            "creation_date": "2021-11-30T00:33:20.000Z",
            "description": "Canonical, Ubuntu, 20.04 LTS, amd64 focal image build on 2021-11-29",
            "ena_support": true,
            "executable_users": null,
            "filter": [
              {
                "name": "name",
                "values": [
                  "ubuntu/images/hvm-ssd/ubuntu-focal-20.04-amd64-server-*"
                ]
              },
              {
                "name": "virtualization-type",
                "values": [
                  "hvm"
                ]
              }
            ],
            "hypervisor": "xen",
            "id": "ami-055d15d9cfddf7bd3",
            "image_id": "ami-055d15d9cfddf7bd3",
            "image_location": "099720109477/ubuntu/images/hvm-ssd/ubuntu-focal-20.04-amd64-server-20211129",
            "image_owner_alias": null,
            "image_type": "machine",
            "kernel_id": null,
            "most_recent": true,
            "name": "ubuntu/images/hvm-ssd/ubuntu-focal-20.04-amd64-server-20211129",
            "name_regex": null,
            "owner_id": "099720109477",
            "owners": [
              "099720109477"
            ],
            "platform": null,
            "platform_details": "Linux/UNIX",
            "product_codes": [],
            "public": true,
            "ramdisk_id": null,
            "root_device_name": "/dev/sda1",
            "root_device_type": "ebs",
            "root_snapshot_id": "snap-0a19a1d62c98225fc",
            "sriov_net_support": "simple",
            "state": "available",
            "state_reason": {
              "code": "UNSET",
              "message": "UNSET"
            },
            "tags": {},
            "usage_operation": "RunInstances",
            "virtualization_type": "hvm"
          },
          "sensitive_attributes": []
        }
      ]
    },
    {
      "mode": "managed",
      "type": "aws_ebs_volume",
      "name": "epitchi",
      "provider": "provider[\"registry.terraform.io/hashicorp/aws\"]",
      "instances": [
        {
          "schema_version": 0,
          "attributes": {
            "arn": "arn:aws:ec2:ap-southeast-1:574816112352:volume/vol-0297811d9e6f4e12e",
            "availability_zone": "ap-southeast-1a",
            "encrypted": false,
            "id": "vol-0297811d9e6f4e12e",
            "iops": 100,
            "kms_key_id": "",
            "multi_attach_enabled": false,
            "outpost_arn": "",
            "size": 10,
            "snapshot_id": "",
            "tags": {},
            "tags_all": {},
            "throughput": 0,
            "type": "gp2"
          },
          "sensitive_attributes": [],
          "private": "bnVsbA=="
        }
      ]
    },
    {
      "mode": "managed",
      "type": "aws_volume_attachment",
      "name": "ebs_att",
      "provider": "provider[\"registry.terraform.io/hashicorp/aws\"]",
      "instances": [
        {
          "schema_version": 0,
          "attributes": {
            "device_name": "/dev/sdt",
            "force_detach": null,
            "id": "vai-3760704960",
            "instance_id": "i-0c2c35dcfc08d6703",
            "skip_destroy": null,
            "stop_instance_before_detaching": null,
            "volume_id": "vol-0297811d9e6f4e12e"
          },
          "sensitive_attributes": [],
          "private": "bnVsbA==",
          "dependencies": [
            "aws_ebs_volume.epitchi",
            "data.aws_ami.ubuntu",
            "module.ec2_instance.aws_instance.this",
            "module.ec2_instance.aws_spot_instance_request.this",
            "module.key_pair.aws_key_pair.this"
          ]
        }
      ]
    },
    {
      "mode": "managed",
      "type": "tls_private_key",
      "name": "this",
      "provider": "provider[\"registry.terraform.io/hashicorp/tls\"]",
      "instances": [
        {
          "schema_version": 0,
          "attributes": {
            "algorithm": "RSA",
            "ecdsa_curve": "P224",
            "id": "c96ef658e2ba1660f7123b87217aafcbe2787321",
            "private_key_pem": "-----BEGIN RSA PRIVATE KEY-----\nMIIEogIBAAKCAQEAyEZQSaBuTy4ADT4Dn5npserqZfo0L8N0paeZtySXY346hn/8\nelsjq6CCe+P0F/tYMZR2jTmuqg+9UCKEXswKV6z5uqugf434S9HG+McaIcrvP7ld\nf5i75XSZ/LsLIkOGllb3BpEPzIlmFIE4M5oowoQlRSWTxeNyjgevzQqma6UitFNL\n4ZUoB931aT7dsm8jpS63lbQSnETAmyLM299c0Q7Xb1GgAPToqwvU7gIPDHZIkVLA\nXy2vakuqXuEw33al05m9kyt1sAQlcOk57Fo2E+SjRaWjyGGWXLZHZfyGHJnafBTt\nb1wm9uCPFsLGnmQdyjsZ2hjsJohFPgctLfgzBwIDAQABAoIBAEVgBgPbLRsEhkQQ\nDVVGDavyAkxdBaLeBBQ2IItOg5qVaVSaFS2VUJ/tNAYSisWb7YsPMJnvN0/1r9CI\nhG4KJDMG2mMNfMVyumYZPuGCpsy57XKXlYnTsJLld0oSyOKPnZmKenut2Fkz50aH\nFJ7bce8fs4FmaPANv+rvQri2TbvPlVFNYSxbvdG9T1tcAoS5s1Is0LB36qjStDpR\nNiVYsgaiAM/UlarFPTjqFssv12zVam/TcyYebvCLqyirFMVdUoulUWJU1WcufhpP\nm2safVRevJyfAc6QUPlj1iLGiBnZWFcmSPWfLgJrNl+JVyclnoyPQwyRKVOg+HK6\nU7WKNbECgYEA2CgL/Ui5ra1BvSLadyYX9Kr5gT0tCPbh1oD17n+fMxWPP28Qg9la\nrZDID3DsldnzGTK0RQB7QcickukC7gPGyyiSSz7a9AZnQCrgrDdQ5yt5RO7oWo0f\nYxzvLMIHSCyRxyOYk7b2vv+meuX6n7w2qC46L3KdDPT0l7qMYZSresUCgYEA7TDX\nKvGSIiHU1pcMlIxWjS7YX8LnTdaU8qkwz2bAOfpr0irRnPwzOyVeXWRKd1znGnix\nE8QT6cw8GMmJlKc0cdpemkZaBuInlSInnLgx4FfO7eV7bR5GyJ8ZuKm5WofXsnO5\nCiGsHTq25rcQ7EM2+vDwy2sRQ7+5vxu/00p6Q1sCgYA/wGfw1v80cxIdd2cZlxmf\npsGZ1XIv36ix/C0Mn4VTqrsqCVbEnFl7MWVf8H1GoRZqyyKR61dvCnzrc1/S1ThP\nePLU0IABUtYm/b5v7Iym8ZJ9uzy6YD7um30LJVrCdaq1IhGBF4hkwr/WJXgqnnc8\nWQ3+Kn6ZcLGnAnUe3ptIxQKBgEDP+7usTvYssHACzlk5D918U3u3UmUeoYy9Vq0V\nsqklGJlRQf3XnFgpGeQDJ6X+KNg+6oQwLBDS0gkj6QhJuDb0KK2XU7pVyeMidhiI\n7HgVBmJTNqrWfxkLAIhJOHDYdcQ5gvKVyOYjyR66H1Gv/DIN7H5pP0p39VWXS498\n5nPJAoGAPLa4lwICYwX58a00iyAu0Uub3CzstNSSclEb61utEEVilcwxrDC/JpOS\n83Q4TfJ8K6pzdH6VI2yzn5LbFfAtGEa04Pofz3ZVIKDZ9zNyAQtFcNG85JDkYZ7V\n6DwgZz0fVQsBU2JHDDGGeF5kWRfPIq/tPornfzhZ3VyGzpZmGcg=\n-----END RSA PRIVATE KEY-----\n",
            "public_key_fingerprint_md5": "4b:05:f7:81:be:0b:6b:24:53:2c:26:9f:13:3e:6f:b8",
            "public_key_openssh": "ssh-rsa AAAAB3NzaC1yc2EAAAADAQABAAABAQDIRlBJoG5PLgANPgOfmemx6upl+jQvw3Slp5m3JJdjfjqGf/x6WyOroIJ74/QX+1gxlHaNOa6qD71QIoRezApXrPm6q6B/jfhL0cb4xxohyu8/uV1/mLvldJn8uwsiQ4aWVvcGkQ/MiWYUgTgzmijChCVFJZPF43KOB6/NCqZrpSK0U0vhlSgH3fVpPt2ybyOlLreVtBKcRMCbIszb31zRDtdvUaAA9OirC9TuAg8MdkiRUsBfLa9qS6pe4TDfdqXTmb2TK3WwBCVw6TnsWjYT5KNFpaPIYZZctkdl/IYcmdp8FO1vXCb24I8WwsaeZB3KOxnaGOwmiEU+By0t+DMH\n",
            "public_key_pem": "-----BEGIN PUBLIC KEY-----\nMIIBIjANBgkqhkiG9w0BAQEFAAOCAQ8AMIIBCgKCAQEAyEZQSaBuTy4ADT4Dn5np\nserqZfo0L8N0paeZtySXY346hn/8elsjq6CCe+P0F/tYMZR2jTmuqg+9UCKEXswK\nV6z5uqugf434S9HG+McaIcrvP7ldf5i75XSZ/LsLIkOGllb3BpEPzIlmFIE4M5oo\nwoQlRSWTxeNyjgevzQqma6UitFNL4ZUoB931aT7dsm8jpS63lbQSnETAmyLM299c\n0Q7Xb1GgAPToqwvU7gIPDHZIkVLAXy2vakuqXuEw33al05m9kyt1sAQlcOk57Fo2\nE+SjRaWjyGGWXLZHZfyGHJnafBTtb1wm9uCPFsLGnmQdyjsZ2hjsJohFPgctLfgz\nBwIDAQAB\n-----END PUBLIC KEY-----\n",
            "rsa_bits": 2048
          },
          "sensitive_attributes": [],
          "private": "bnVsbA=="
        }
      ]
    },
    {
      "module": "module.ec2_instance",
      "mode": "managed",
      "type": "aws_instance",
      "name": "this",
      "provider": "provider[\"registry.terraform.io/hashicorp/aws\"]",
      "instances": [
        {
          "index_key": 0,
          "schema_version": 1,
          "attributes": {
            "ami": "ami-055d15d9cfddf7bd3",
            "arn": "arn:aws:ec2:ap-southeast-1:574816112352:instance/i-0c2c35dcfc08d6703",
            "associate_public_ip_address": true,
            "availability_zone": "ap-southeast-1a",
            "capacity_reservation_specification": [
              {
                "capacity_reservation_preference": "open",
                "capacity_reservation_target": []
              }
            ],
            "cpu_core_count": 2,
            "cpu_threads_per_core": 2,
            "credit_specification": [
              {
                "cpu_credits": null
              }
            ],
            "disable_api_termination": false,
            "ebs_block_device": [],
            "ebs_optimized": false,
            "enclave_options": [
              {
                "enabled": false
              }
            ],
            "ephemeral_block_device": [],
            "get_password_data": false,
            "hibernation": false,
            "host_id": null,
            "iam_instance_profile": "",
            "id": "i-0c2c35dcfc08d6703",
            "instance_initiated_shutdown_behavior": "stop",
            "instance_state": "running",
            "instance_type": "c5a.xlarge",
            "ipv6_address_count": 0,
            "ipv6_addresses": [],
            "key_name": "cluster-keypair",
            "launch_template": [],
            "metadata_options": [
              {
                "http_endpoint": "enabled",
                "http_put_response_hop_limit": 1,
                "http_tokens": "optional"
              }
            ],
            "monitoring": true,
            "network_interface": [],
            "outpost_arn": "",
            "password_data": "",
            "placement_group": "",
            "placement_partition_number": null,
            "primary_network_interface_id": "eni-07db7e4a78c0fd81a",
            "private_dns": "ip-172-31-40-78.ap-southeast-1.compute.internal",
            "private_ip": "172.31.40.78",
            "public_dns": "ec2-13-212-96-212.ap-southeast-1.compute.amazonaws.com",
            "public_ip": "13.212.96.212",
            "root_block_device": [
              {
                "delete_on_termination": true,
                "device_name": "/dev/sda1",
                "encrypted": false,
                "iops": 100,
                "kms_key_id": "",
                "tags": {},
                "throughput": 0,
                "volume_id": "vol-04e9338c5d87c9af3",
                "volume_size": 8,
                "volume_type": "gp2"
              }
            ],
            "secondary_private_ips": [],
            "security_groups": [
              "default"
            ],
            "source_dest_check": true,
            "subnet_id": "subnet-0399a71ea2b809bef",
            "tags": {
              "Name": "Thinkmay dev node"
            },
            "tags_all": {
              "Name": "Thinkmay dev node"
            },
            "tenancy": "default",
            "timeouts": {
              "create": null,
              "delete": null,
              "update": null
            },
            "user_data": null,
            "user_data_base64": null,
            "volume_tags": {
              "Name": "ultrabuntu"
            },
            "vpc_security_group_ids": [
              "sg-00313393fa47e19db"
            ]
          },
          "sensitive_attributes": [],
          "private": "eyJlMmJmYjczMC1lY2FhLTExZTYtOGY4OC0zNDM2M2JjN2M0YzAiOnsiY3JlYXRlIjo2MDAwMDAwMDAwMDAsImRlbGV0ZSI6MTIwMDAwMDAwMDAwMCwidXBkYXRlIjo2MDAwMDAwMDAwMDB9LCJzY2hlbWFfdmVyc2lvbiI6IjEifQ==",
          "dependencies": [
            "data.aws_ami.ubuntu",
            "module.key_pair.aws_key_pair.this"
          ]
        }
      ]
    },
    {
      "module": "module.key_pair",
      "mode": "managed",
      "type": "aws_key_pair",
      "name": "this",
      "provider": "provider[\"registry.terraform.io/hashicorp/aws\"]",
      "instances": [
        {
          "index_key": 0,
          "schema_version": 1,
          "attributes": {
            "arn": "arn:aws:ec2:ap-southeast-1:574816112352:key-pair/cluster-keypair",
            "fingerprint": "75:6a:96:e4:13:70:a8:b5:7b:3d:67:88:56:cf:09:8d",
            "id": "cluster-keypair",
            "key_name": "cluster-keypair",
            "key_name_prefix": "",
            "key_pair_id": "key-0d8e1ab8c46b2a70e",
            "public_key": "ssh-rsa AAAAB3NzaC1yc2EAAAADAQABAAABgQDPhbeqOJOuzXVW+NUA+u26CIJcrLj1mTWjXpB/G3tCOOB6LZaQh8Ik8kb3SPnmorNQw8yIIfZI7YJgay5q7pvbrSSskZEKJa6HgTLLDqeFr9Wn/yDwjOYV9ZyYSQiGuXtDgcpT82DzmTOd3MotkTFDhQKvrDas/g4nvRWmmUlYvEw+Yh3x/Qnes/0y8/dlRUoLy3kD4gUqH/XthvfEx0wPFffwmrdoOcmM91C5knYPeVTyeLhXE6jJGLGR5pp75z2BQaDqpR0ZsILw1tYp4ZSOwIAaG+c/GZACCKPIXEdiyXPQ7DHXve/Bu8K2ghvo+8PEp1kZC4tWAGzYuyu/VhigXa/2YHZE+geoHS8lo/WOBxpgsFSLsUNpNKXxrx9vTlKtRbcox01rDw9z8z3KOz8e/jKAwRzPWjf1gGaDr91R8FY/5fpKWqczC/T67eOrINfBGi28dVVMe6iaE9IdTIbgQO8VmIze5c3WyyKxd0ZQ79HNXM/J+f7kTs4wXx6Uu5k= huyhoang@macrobuntu",
            "tags": {},
            "tags_all": {}
          },
          "sensitive_attributes": [],
          "private": "eyJzY2hlbWFfdmVyc2lvbiI6IjEifQ=="
        }
      ]
    }
  ]
}
