{
  "version": 4,
  "terraform_version": "1.1.5",
  "serial": 58,
  "lineage": "a2cebe7e-c48d-ea11-d07e-a7e574341ed9",
  "outputs": {
    "id": {
      "value": "i-070fbf639c7cb35b9",
      "type": "string"
    },
    "ip": {
      "value": "13.214.208.94",
      "type": "string"
    },
    "key_pair_key_name": {
      "value": "Tet-keypair",
      "type": "string"
    }
  },
  "resources": [
    {
      "mode": "data",
      "type": "aws_ami",
      "name": "gaming_window",
      "provider": "provider[\"registry.terraform.io/hashicorp/aws\"]",
      "instances": [
        {
          "schema_version": 0,
          "attributes": {
            "architecture": "x86_64",
            "arn": "arn:aws:ec2:ap-southeast-1::image/ami-01187ae087a9a9ce8",
            "block_device_mappings": [
              {
                "device_name": "/dev/sda1",
                "ebs": {
                  "delete_on_termination": "true",
                  "encrypted": "false",
                  "iops": "0",
                  "snapshot_id": "snap-08aad1c150280c1b9",
                  "throughput": "0",
                  "volume_size": "30",
                  "volume_type": "gp2"
                },
                "no_device": "",
                "virtual_name": ""
              },
              {
                "device_name": "xvdca",
                "ebs": {},
                "no_device": "",
                "virtual_name": "ephemeral0"
              },
              {
                "device_name": "xvdcb",
                "ebs": {},
                "no_device": "",
                "virtual_name": "ephemeral1"
              },
              {
                "device_name": "xvdcc",
                "ebs": {},
                "no_device": "",
                "virtual_name": "ephemeral2"
              },
              {
                "device_name": "xvdcd",
                "ebs": {},
                "no_device": "",
                "virtual_name": "ephemeral3"
              },
              {
                "device_name": "xvdce",
                "ebs": {},
                "no_device": "",
                "virtual_name": "ephemeral4"
              },
              {
                "device_name": "xvdcf",
                "ebs": {},
                "no_device": "",
                "virtual_name": "ephemeral5"
              },
              {
                "device_name": "xvdcg",
                "ebs": {},
                "no_device": "",
                "virtual_name": "ephemeral6"
              },
              {
                "device_name": "xvdch",
                "ebs": {},
                "no_device": "",
                "virtual_name": "ephemeral7"
              },
              {
                "device_name": "xvdci",
                "ebs": {},
                "no_device": "",
                "virtual_name": "ephemeral8"
              },
              {
                "device_name": "xvdcj",
                "ebs": {},
                "no_device": "",
                "virtual_name": "ephemeral9"
              },
              {
                "device_name": "xvdck",
                "ebs": {},
                "no_device": "",
                "virtual_name": "ephemeral10"
              },
              {
                "device_name": "xvdcl",
                "ebs": {},
                "no_device": "",
                "virtual_name": "ephemeral11"
              },
              {
                "device_name": "xvdcm",
                "ebs": {},
                "no_device": "",
                "virtual_name": "ephemeral12"
              },
              {
                "device_name": "xvdcn",
                "ebs": {},
                "no_device": "",
                "virtual_name": "ephemeral13"
              },
              {
                "device_name": "xvdco",
                "ebs": {},
                "no_device": "",
                "virtual_name": "ephemeral14"
              },
              {
                "device_name": "xvdcp",
                "ebs": {},
                "no_device": "",
                "virtual_name": "ephemeral15"
              },
              {
                "device_name": "xvdcq",
                "ebs": {},
                "no_device": "",
                "virtual_name": "ephemeral16"
              },
              {
                "device_name": "xvdcr",
                "ebs": {},
                "no_device": "",
                "virtual_name": "ephemeral17"
              },
              {
                "device_name": "xvdcs",
                "ebs": {},
                "no_device": "",
                "virtual_name": "ephemeral18"
              },
              {
                "device_name": "xvdct",
                "ebs": {},
                "no_device": "",
                "virtual_name": "ephemeral19"
              },
              {
                "device_name": "xvdcu",
                "ebs": {},
                "no_device": "",
                "virtual_name": "ephemeral20"
              },
              {
                "device_name": "xvdcv",
                "ebs": {},
                "no_device": "",
                "virtual_name": "ephemeral21"
              },
              {
                "device_name": "xvdcw",
                "ebs": {},
                "no_device": "",
                "virtual_name": "ephemeral22"
              },
              {
                "device_name": "xvdcx",
                "ebs": {},
                "no_device": "",
                "virtual_name": "ephemeral23"
              },
              {
                "device_name": "xvdcy",
                "ebs": {},
                "no_device": "",
                "virtual_name": "ephemeral24"
              },
              {
                "device_name": "xvdcz",
                "ebs": {},
                "no_device": "",
                "virtual_name": "ephemeral25"
              }
            ],
            "creation_date": "2021-09-28T08:42:54.000Z",
            "description": "Cloned image of AMI 'ami-04bdd8130134c73c2' from region us-east-1",
            "ena_support": true,
            "executable_users": null,
            "filter": [
              {
                "name": "name",
                "values": [
                  "DCV-Windows-2021-2-11135-NVIDIA-gaming-*"
                ]
              }
            ],
            "hypervisor": "xen",
            "id": "ami-01187ae087a9a9ce8",
            "image_id": "ami-01187ae087a9a9ce8",
            "image_location": "amazon/DCV-Windows-2021-2-11135-NVIDIA-gaming-471-96-2021-09-27T16-16-32.800Z",
            "image_owner_alias": "amazon",
            "image_type": "machine",
            "kernel_id": null,
            "most_recent": true,
            "name": "DCV-Windows-2021-2-11135-NVIDIA-gaming-471-96-2021-09-27T16-16-32.800Z",
            "name_regex": null,
            "owner_id": "877902723034",
            "owners": [
              "877902723034"
            ],
            "platform": "windows",
            "platform_details": "Windows",
            "product_codes": [],
            "public": true,
            "ramdisk_id": null,
            "root_device_name": "/dev/sda1",
            "root_device_type": "ebs",
            "root_snapshot_id": "snap-08aad1c150280c1b9",
            "sriov_net_support": "simple",
            "state": "available",
            "state_reason": {
              "code": "UNSET",
              "message": "UNSET"
            },
            "tags": {},
            "usage_operation": "RunInstances:0002",
            "virtualization_type": "hvm"
          },
          "sensitive_attributes": []
        }
      ]
    },
    {
      "mode": "data",
      "type": "aws_ami",
      "name": "ubuntu",
      "provider": "provider[\"registry.terraform.io/hashicorp/aws\"]",
      "instances": [
        {
          "schema_version": 0,
          "attributes": {
            "architecture": "x86_64",
            "arn": "arn:aws:ec2:ap-southeast-1::image/ami-0613893533bd9c411",
            "block_device_mappings": [
              {
                "device_name": "/dev/sda1",
                "ebs": {
                  "delete_on_termination": "false",
                  "encrypted": "false",
                  "iops": "0",
                  "snapshot_id": "snap-0fed545b96b2189de",
                  "throughput": "0",
                  "volume_size": "8",
                  "volume_type": "gp2"
                },
                "no_device": "",
                "virtual_name": ""
              },
              {
                "device_name": "/dev/sdb",
                "ebs": {},
                "no_device": "",
                "virtual_name": "ephemeral0"
              },
              {
                "device_name": "/dev/sdc",
                "ebs": {},
                "no_device": "",
                "virtual_name": "ephemeral1"
              }
            ],
            "creation_date": "2022-02-08T01:30:12.000Z",
            "description": "",
            "ena_support": true,
            "executable_users": null,
            "filter": [
              {
                "name": "name",
                "values": [
                  "cluser_dev"
                ]
              }
            ],
            "hypervisor": "xen",
            "id": "ami-0613893533bd9c411",
            "image_id": "ami-0613893533bd9c411",
            "image_location": "574816112352/cluser_dev",
            "image_owner_alias": null,
            "image_type": "machine",
            "kernel_id": null,
            "most_recent": true,
            "name": "cluser_dev",
            "name_regex": null,
            "owner_id": "574816112352",
            "owners": [
              "574816112352"
            ],
            "platform": null,
            "platform_details": "Linux/UNIX",
            "product_codes": [],
            "public": false,
            "ramdisk_id": null,
            "root_device_name": "/dev/sda1",
            "root_device_type": "ebs",
            "root_snapshot_id": "snap-0fed545b96b2189de",
            "sriov_net_support": "simple",
            "state": "available",
            "state_reason": {
              "code": "UNSET",
              "message": "UNSET"
            },
            "tags": {},
            "usage_operation": "RunInstances",
            "virtualization_type": "hvm"
          },
          "sensitive_attributes": []
        }
      ]
    },
    {
      "mode": "managed",
      "type": "aws_ebs_volume",
      "name": "root",
      "provider": "provider[\"registry.terraform.io/hashicorp/aws\"]",
      "instances": [
        {
          "schema_version": 0,
          "attributes": {
            "arn": "arn:aws:ec2:ap-southeast-1:574816112352:volume/vol-04fd5d74c0dbd1914",
            "availability_zone": "ap-southeast-1a",
            "encrypted": false,
            "id": "vol-04fd5d74c0dbd1914",
            "iops": 150,
            "kms_key_id": "",
            "multi_attach_enabled": false,
            "outpost_arn": "",
            "size": 50,
            "snapshot_id": "",
            "tags": null,
            "tags_all": {},
            "throughput": 0,
            "type": "gp2"
          },
          "sensitive_attributes": [],
          "private": "bnVsbA=="
        }
      ]
    },
    {
      "mode": "managed",
      "type": "tls_private_key",
      "name": "this",
      "provider": "provider[\"registry.terraform.io/hashicorp/tls\"]",
      "instances": [
        {
          "schema_version": 0,
          "attributes": {
            "algorithm": "RSA",
            "ecdsa_curve": "P224",
            "id": "885b82e1e39c06df729b2786b8dcaefe11c6ee07",
            "private_key_pem": "-----BEGIN RSA PRIVATE KEY-----\nMIIEowIBAAKCAQEAq4dOvynZic/GJsyfbGBIHQcVcRMTkFQ9w3Iy0gNR+kPnPeSm\n79Uw3ga+RE2OD4YtnbNM+HVZZGMj5SS/Dju6HWQ3BhfPXVh1VWYyEPV68Uss3UCw\naWVRiR8q+pxwwpNh9uA2SL06NJrfbaOJx30KSw5jXt47ftlsyjaLP+0gotNIhE+Z\nGf4VhWtB5g/mmYutxMLh+ZmM+8XsR9iFqqMJ7O5pByAl87NmBVYBz+De5m2oae8a\naU7oxv/siv1iGeMuZMGFP7JCO/5Luhqhh4M0OnKW/m/YwnSYfxYA6Ob8Nr1iZ0vW\nXqM8XxdhX3Pv+9DWmxIp7vlBkWom8sWkQn34bwIDAQABAoIBABPQE0Z9fQUwHMFK\njXelP28q7E0dWPso3+F9hWVAwO1ZfpJloOq/A2ACA2Q8WRZt90Lp/RAN7f9sfC7x\nqafpOjw+4SQxB+DOYO82WL4gvMy2VD5SRI5IB70A/qPoAhZXk89CYsLQKLL+2KP/\naeDDDrdQuCWzIcgrMSfCWR9PMp/b+1tIPmuwqzsxcrR5OXJKWWeg/oPhwZo7ZBS1\nI87GIaxuaWr7ZdGnK+y3KVRI4eKw94b+tTfOCzFNf2U0tjXowcQnZohQ/ERH9MNc\nyptEUCzVaP6FBqsGW0ZVXQ/V7m9CuTLPzLRqUBT2/bKcDl7qOP8SfYG/w/4Xk/eJ\nmOBPO9ECgYEA3nVnxdFPNJ+8sBUlcc7U7qhV/7uqU/dVCEbUaKXLPPacBm3+bTF0\nq6Olz3qUWt/v9CEpO3oufkaMmwIh2ojUDrthew23HVkOUu+nxZgKFTA/8UFsIaor\nq+qBF1BBw7qNaUX/5RZsOZWNRYfnkuj6/XXv1a9e9tf6rMnj5EuhO7UCgYEAxWQS\nchgVhJRcdrJqJ5GRn//epEIeYc1I1wO/ciy/+lOWkRWNpAbciSWXX3b5YtSuu4XF\nqSWHy/yJv/WclKq6UeJI4qNasXUoWC4F5kgcrrntu5ZCPOA/gz+tfA3S7tuDn2TD\nVdlCJ2cGq7dLZoJ7OEOnr8BFFHxOvVn/+AmGohMCgYAhrCPJDaWvkX4+KPVCBMy2\nU0SxMPbXPtjgJ9h+/pmE4M89KekZHiNK17qBbUyHdN4dVeen2Rawhn1B+VCmg4+V\nq0dWGP1es9w3MY9zmU/tZSBIpF55ughiPVzM6pkJx3MgPDg/tOUs0jZQEAI9eoaD\nVxa2gZUeSBLplKWqKMh/AQKBgB2laQvPyDOQYM7G/yCQQXHpaRP8hjmkLmN0waUx\nSWgcc8m4lfxjt221wqVo5g3M6a1qawR7iYi+liXJisndVnyD4vR/Glj6wqNzzhkH\nDZ/EdwsshyhDeeaJgtHV9a9AMuWWqavUJJZsZ9kUf3OW91C9AItp8jYgcWcJBGPJ\ncnoXAoGBANSaKh0Gu2ilLtSGrywdY+K/2e+Avs+I/Zj8IpgJgcSQUE81kmgnwaNb\nkPdal4cb+K0syNW+Kd4NBCBzSB1X3qf7jdrlfmhmdMixTIuCINP6pa/C7+Fomxuw\nSHTqAUUFhlZCoab/pd2oP0y+OlWXKtL1196I/eHs6yIk+L4aF7ig\n-----END RSA PRIVATE KEY-----\n",
            "public_key_fingerprint_md5": "48:7b:54:29:2f:79:a6:52:ba:33:91:d2:9b:f0:8b:69",
            "public_key_openssh": "ssh-rsa AAAAB3NzaC1yc2EAAAADAQABAAABAQCrh06/KdmJz8YmzJ9sYEgdBxVxExOQVD3DcjLSA1H6Q+c95Kbv1TDeBr5ETY4Phi2ds0z4dVlkYyPlJL8OO7odZDcGF89dWHVVZjIQ9XrxSyzdQLBpZVGJHyr6nHDCk2H24DZIvTo0mt9to4nHfQpLDmNe3jt+2WzKNos/7SCi00iET5kZ/hWFa0HmD+aZi63EwuH5mYz7xexH2IWqowns7mkHICXzs2YFVgHP4N7mbahp7xppTujG/+yK/WIZ4y5kwYU/skI7/ku6GqGHgzQ6cpb+b9jCdJh/FgDo5vw2vWJnS9ZeozxfF2Ffc+/70NabEinu+UGRaibyxaRCffhv\n",
            "public_key_pem": "-----BEGIN PUBLIC KEY-----\nMIIBIjANBgkqhkiG9w0BAQEFAAOCAQ8AMIIBCgKCAQEAq4dOvynZic/GJsyfbGBI\nHQcVcRMTkFQ9w3Iy0gNR+kPnPeSm79Uw3ga+RE2OD4YtnbNM+HVZZGMj5SS/Dju6\nHWQ3BhfPXVh1VWYyEPV68Uss3UCwaWVRiR8q+pxwwpNh9uA2SL06NJrfbaOJx30K\nSw5jXt47ftlsyjaLP+0gotNIhE+ZGf4VhWtB5g/mmYutxMLh+ZmM+8XsR9iFqqMJ\n7O5pByAl87NmBVYBz+De5m2oae8aaU7oxv/siv1iGeMuZMGFP7JCO/5Luhqhh4M0\nOnKW/m/YwnSYfxYA6Ob8Nr1iZ0vWXqM8XxdhX3Pv+9DWmxIp7vlBkWom8sWkQn34\nbwIDAQAB\n-----END PUBLIC KEY-----\n",
            "rsa_bits": 2048
          },
          "sensitive_attributes": [],
          "private": "bnVsbA=="
        }
      ]
    },
    {
      "module": "module.ec2_instance",
      "mode": "managed",
      "type": "aws_instance",
      "name": "this",
      "provider": "provider[\"registry.terraform.io/hashicorp/aws\"]",
      "instances": [
        {
          "index_key": 0,
          "schema_version": 1,
          "attributes": {
            "ami": "ami-0613893533bd9c411",
            "arn": "arn:aws:ec2:ap-southeast-1:574816112352:instance/i-070fbf639c7cb35b9",
            "associate_public_ip_address": true,
            "availability_zone": "ap-southeast-1a",
            "capacity_reservation_specification": [
              {
                "capacity_reservation_preference": "open",
                "capacity_reservation_target": []
              }
            ],
            "cpu_core_count": 1,
            "cpu_threads_per_core": 2,
            "credit_specification": [
              {
                "cpu_credits": "unlimited"
              }
            ],
            "disable_api_termination": false,
            "ebs_block_device": [],
            "ebs_optimized": false,
            "enclave_options": [
              {
                "enabled": false
              }
            ],
            "ephemeral_block_device": [],
            "get_password_data": false,
            "hibernation": false,
            "host_id": null,
            "iam_instance_profile": "",
            "id": "i-070fbf639c7cb35b9",
            "instance_initiated_shutdown_behavior": "stop",
            "instance_state": "running",
            "instance_type": "t3.medium",
            "ipv6_address_count": 0,
            "ipv6_addresses": [],
            "key_name": "Tet-keypair",
            "launch_template": [],
            "metadata_options": [
              {
                "http_endpoint": "enabled",
                "http_put_response_hop_limit": 1,
                "http_tokens": "optional",
                "instance_metadata_tags": "disabled"
              }
            ],
            "monitoring": true,
            "network_interface": [],
            "outpost_arn": "",
            "password_data": "",
            "placement_group": "",
            "placement_partition_number": null,
            "primary_network_interface_id": "eni-0dc2e35730a779c30",
            "private_dns": "ip-172-31-41-5.ap-southeast-1.compute.internal",
            "private_ip": "172.31.41.5",
            "public_dns": "ec2-13-214-208-94.ap-southeast-1.compute.amazonaws.com",
            "public_ip": "13.214.208.94",
            "root_block_device": [
              {
                "delete_on_termination": false,
                "device_name": "/dev/sda1",
                "encrypted": false,
                "iops": 100,
                "kms_key_id": "",
                "tags": null,
                "throughput": 0,
                "volume_id": "vol-0ac22e9fcac971adf",
                "volume_size": 8,
                "volume_type": "gp2"
              }
            ],
            "secondary_private_ips": [],
            "security_groups": [
              "default"
            ],
            "source_dest_check": true,
            "subnet_id": "subnet-0399a71ea2b809bef",
            "tags": {
              "Name": "Thinkmay dev node"
            },
            "tags_all": {
              "Name": "Thinkmay dev node"
            },
            "tenancy": "default",
            "timeouts": {
              "create": null,
              "delete": null,
              "update": null
            },
            "user_data": null,
            "user_data_base64": null,
            "volume_tags": {
              "Name": "ultrabuntu"
            },
            "vpc_security_group_ids": [
              "sg-00313393fa47e19db"
            ]
          },
          "sensitive_attributes": [],
          "private": "eyJlMmJmYjczMC1lY2FhLTExZTYtOGY4OC0zNDM2M2JjN2M0YzAiOnsiY3JlYXRlIjo2MDAwMDAwMDAwMDAsImRlbGV0ZSI6MTIwMDAwMDAwMDAwMCwidXBkYXRlIjo2MDAwMDAwMDAwMDB9LCJzY2hlbWFfdmVyc2lvbiI6IjEifQ==",
          "dependencies": [
            "aws_ebs_volume.root",
            "data.aws_ami.ubuntu",
            "module.key_pair.aws_key_pair.this"
          ]
        }
      ]
    },
    {
      "module": "module.key_pair",
      "mode": "managed",
      "type": "aws_key_pair",
      "name": "this",
      "provider": "provider[\"registry.terraform.io/hashicorp/aws\"]",
      "instances": [
        {
          "index_key": 0,
          "schema_version": 1,
          "attributes": {
            "arn": "arn:aws:ec2:ap-southeast-1:574816112352:key-pair/Tet-keypair",
            "fingerprint": "6e:11:ad:77:9d:01:b9:4c:91:52:88:7f:17:e7:c2:3e",
            "id": "Tet-keypair",
            "key_name": "Tet-keypair",
            "key_name_prefix": "",
            "key_pair_id": "key-061aa568c41dafa7e",
            "public_key": "ssh-rsa AAAAB3NzaC1yc2EAAAADAQABAAABgQDnXzTC4PAtx6GrttUKqXD4doC0PdhGf4N8g1HqfoAMY8WOfkbdwLW3sZJNaSF/LMlmDACvtvqy6XSTypUxIObnNbMRKZf8jJWXeWOJqSqCKmJURqr+POfkBaiR0ViT8hUvKAPVoMLNVgfXr25rjqbskA5F+r9CU/U+UjbhsH9i7dh/KsJece6Sz5R03IHoNRV9QlrDqPUrsNV4dhrpv4J+9r8jWvU5lyIZYneOlvmNuvWBhW2jjLGmN9ukcKWz51zIvfK9n7lAgyIYgwXAkjeDCyvBLCzH615Q58tAiSummxprS8R2wePQtxF9F4JyWKdUAiwAiaTStWBOw4biRAt4SKU2b+fz5hSnMBtYDtGAJ/EV4NrVFU2rb3aOpbHRllp/X79Chs2p9KveOFxNsh6wPHMR/DzZdyEvWVchtY3wNLAtExAjxUY3ZdxUMroInPYt+ieaodTUrHDH8WIyY3GKjIHnlNh0iU5BFAAuG3LT/off3/RvJ0niaD3skIj9bHk= hoang@microbuntu",
            "tags": null,
            "tags_all": {}
          },
          "sensitive_attributes": [],
          "private": "eyJzY2hlbWFfdmVyc2lvbiI6IjEifQ=="
        }
      ]
    }
  ]
}
