{
  "version": 4,
  "terraform_version": "1.1.5",
  "serial": 46,
  "lineage": "a2cebe7e-c48d-ea11-d07e-a7e574341ed9",
  "outputs": {
    "id": {
      "value": "i-05bf6ce9810207659",
      "type": "string"
    },
    "ip": {
      "value": "13.228.24.27",
      "type": "string"
    },
    "key_pair_key_name": {
      "value": "Tet-keypair",
      "type": "string"
    }
  },
  "resources": [
    {
      "mode": "data",
      "type": "aws_ami",
      "name": "gaming_window",
      "provider": "provider[\"registry.terraform.io/hashicorp/aws\"]",
      "instances": [
        {
          "schema_version": 0,
          "attributes": {
            "architecture": "x86_64",
            "arn": "arn:aws:ec2:ap-southeast-1::image/ami-01187ae087a9a9ce8",
            "block_device_mappings": [
              {
                "device_name": "/dev/sda1",
                "ebs": {
                  "delete_on_termination": "true",
                  "encrypted": "false",
                  "iops": "0",
                  "snapshot_id": "snap-08aad1c150280c1b9",
                  "throughput": "0",
                  "volume_size": "30",
                  "volume_type": "gp2"
                },
                "no_device": "",
                "virtual_name": ""
              },
              {
                "device_name": "xvdca",
                "ebs": {},
                "no_device": "",
                "virtual_name": "ephemeral0"
              },
              {
                "device_name": "xvdcb",
                "ebs": {},
                "no_device": "",
                "virtual_name": "ephemeral1"
              },
              {
                "device_name": "xvdcc",
                "ebs": {},
                "no_device": "",
                "virtual_name": "ephemeral2"
              },
              {
                "device_name": "xvdcd",
                "ebs": {},
                "no_device": "",
                "virtual_name": "ephemeral3"
              },
              {
                "device_name": "xvdce",
                "ebs": {},
                "no_device": "",
                "virtual_name": "ephemeral4"
              },
              {
                "device_name": "xvdcf",
                "ebs": {},
                "no_device": "",
                "virtual_name": "ephemeral5"
              },
              {
                "device_name": "xvdcg",
                "ebs": {},
                "no_device": "",
                "virtual_name": "ephemeral6"
              },
              {
                "device_name": "xvdch",
                "ebs": {},
                "no_device": "",
                "virtual_name": "ephemeral7"
              },
              {
                "device_name": "xvdci",
                "ebs": {},
                "no_device": "",
                "virtual_name": "ephemeral8"
              },
              {
                "device_name": "xvdcj",
                "ebs": {},
                "no_device": "",
                "virtual_name": "ephemeral9"
              },
              {
                "device_name": "xvdck",
                "ebs": {},
                "no_device": "",
                "virtual_name": "ephemeral10"
              },
              {
                "device_name": "xvdcl",
                "ebs": {},
                "no_device": "",
                "virtual_name": "ephemeral11"
              },
              {
                "device_name": "xvdcm",
                "ebs": {},
                "no_device": "",
                "virtual_name": "ephemeral12"
              },
              {
                "device_name": "xvdcn",
                "ebs": {},
                "no_device": "",
                "virtual_name": "ephemeral13"
              },
              {
                "device_name": "xvdco",
                "ebs": {},
                "no_device": "",
                "virtual_name": "ephemeral14"
              },
              {
                "device_name": "xvdcp",
                "ebs": {},
                "no_device": "",
                "virtual_name": "ephemeral15"
              },
              {
                "device_name": "xvdcq",
                "ebs": {},
                "no_device": "",
                "virtual_name": "ephemeral16"
              },
              {
                "device_name": "xvdcr",
                "ebs": {},
                "no_device": "",
                "virtual_name": "ephemeral17"
              },
              {
                "device_name": "xvdcs",
                "ebs": {},
                "no_device": "",
                "virtual_name": "ephemeral18"
              },
              {
                "device_name": "xvdct",
                "ebs": {},
                "no_device": "",
                "virtual_name": "ephemeral19"
              },
              {
                "device_name": "xvdcu",
                "ebs": {},
                "no_device": "",
                "virtual_name": "ephemeral20"
              },
              {
                "device_name": "xvdcv",
                "ebs": {},
                "no_device": "",
                "virtual_name": "ephemeral21"
              },
              {
                "device_name": "xvdcw",
                "ebs": {},
                "no_device": "",
                "virtual_name": "ephemeral22"
              },
              {
                "device_name": "xvdcx",
                "ebs": {},
                "no_device": "",
                "virtual_name": "ephemeral23"
              },
              {
                "device_name": "xvdcy",
                "ebs": {},
                "no_device": "",
                "virtual_name": "ephemeral24"
              },
              {
                "device_name": "xvdcz",
                "ebs": {},
                "no_device": "",
                "virtual_name": "ephemeral25"
              }
            ],
            "creation_date": "2021-09-28T08:42:54.000Z",
            "description": "Cloned image of AMI 'ami-04bdd8130134c73c2' from region us-east-1",
            "ena_support": true,
            "executable_users": null,
            "filter": [
              {
                "name": "name",
                "values": [
                  "DCV-Windows-2021-2-11135-NVIDIA-gaming-*"
                ]
              }
            ],
            "hypervisor": "xen",
            "id": "ami-01187ae087a9a9ce8",
            "image_id": "ami-01187ae087a9a9ce8",
            "image_location": "amazon/DCV-Windows-2021-2-11135-NVIDIA-gaming-471-96-2021-09-27T16-16-32.800Z",
            "image_owner_alias": "amazon",
            "image_type": "machine",
            "kernel_id": null,
            "most_recent": true,
            "name": "DCV-Windows-2021-2-11135-NVIDIA-gaming-471-96-2021-09-27T16-16-32.800Z",
            "name_regex": null,
            "owner_id": "877902723034",
            "owners": [
              "877902723034"
            ],
            "platform": "windows",
            "platform_details": "Windows",
            "product_codes": [],
            "public": true,
            "ramdisk_id": null,
            "root_device_name": "/dev/sda1",
            "root_device_type": "ebs",
            "root_snapshot_id": "snap-08aad1c150280c1b9",
            "sriov_net_support": "simple",
            "state": "available",
            "state_reason": {
              "code": "UNSET",
              "message": "UNSET"
            },
            "tags": {},
            "usage_operation": "RunInstances:0002",
            "virtualization_type": "hvm"
          },
          "sensitive_attributes": []
        }
      ]
    },
    {
      "mode": "data",
      "type": "aws_ami",
      "name": "ubuntu",
      "provider": "provider[\"registry.terraform.io/hashicorp/aws\"]",
      "instances": [
        {
          "schema_version": 0,
          "attributes": {
            "architecture": "x86_64",
            "arn": "arn:aws:ec2:ap-southeast-1::image/ami-0613893533bd9c411",
            "block_device_mappings": [
              {
                "device_name": "/dev/sda1",
                "ebs": {
                  "delete_on_termination": "false",
                  "encrypted": "false",
                  "iops": "0",
                  "snapshot_id": "snap-0fed545b96b2189de",
                  "throughput": "0",
                  "volume_size": "8",
                  "volume_type": "gp2"
                },
                "no_device": "",
                "virtual_name": ""
              },
              {
                "device_name": "/dev/sdb",
                "ebs": {},
                "no_device": "",
                "virtual_name": "ephemeral0"
              },
              {
                "device_name": "/dev/sdc",
                "ebs": {},
                "no_device": "",
                "virtual_name": "ephemeral1"
              }
            ],
            "creation_date": "2022-02-08T01:30:12.000Z",
            "description": "",
            "ena_support": true,
            "executable_users": null,
            "filter": [
              {
                "name": "name",
                "values": [
                  "cluser_dev"
                ]
              }
            ],
            "hypervisor": "xen",
            "id": "ami-0613893533bd9c411",
            "image_id": "ami-0613893533bd9c411",
            "image_location": "574816112352/cluser_dev",
            "image_owner_alias": null,
            "image_type": "machine",
            "kernel_id": null,
            "most_recent": true,
            "name": "cluser_dev",
            "name_regex": null,
            "owner_id": "574816112352",
            "owners": [
              "574816112352"
            ],
            "platform": null,
            "platform_details": "Linux/UNIX",
            "product_codes": [],
            "public": false,
            "ramdisk_id": null,
            "root_device_name": "/dev/sda1",
            "root_device_type": "ebs",
            "root_snapshot_id": "snap-0fed545b96b2189de",
            "sriov_net_support": "simple",
            "state": "available",
            "state_reason": {
              "code": "UNSET",
              "message": "UNSET"
            },
            "tags": {},
            "usage_operation": "RunInstances",
            "virtualization_type": "hvm"
          },
          "sensitive_attributes": []
        }
      ]
    },
    {
      "mode": "managed",
      "type": "aws_ebs_volume",
      "name": "root",
      "provider": "provider[\"registry.terraform.io/hashicorp/aws\"]",
      "instances": [
        {
          "schema_version": 0,
          "attributes": {
            "arn": "arn:aws:ec2:ap-southeast-1:574816112352:volume/vol-076854a9f8227fbd2",
            "availability_zone": "ap-southeast-1a",
            "encrypted": false,
            "id": "vol-076854a9f8227fbd2",
            "iops": 150,
            "kms_key_id": "",
            "multi_attach_enabled": false,
            "outpost_arn": "",
            "size": 50,
            "snapshot_id": "",
            "tags": {},
            "tags_all": {},
            "throughput": 0,
            "type": "gp2"
          },
          "sensitive_attributes": [],
          "private": "bnVsbA=="
        }
      ]
    },
    {
      "mode": "managed",
      "type": "tls_private_key",
      "name": "this",
      "provider": "provider[\"registry.terraform.io/hashicorp/tls\"]",
      "instances": [
        {
          "schema_version": 0,
          "attributes": {
            "algorithm": "RSA",
            "ecdsa_curve": "P224",
            "id": "79d010eef1597cdfd9a22c9806cabf00b01624ed",
            "private_key_pem": "-----BEGIN RSA PRIVATE KEY-----\nMIIEpAIBAAKCAQEAw06L0SDvSLwXqH5m7iYmSZjmB4KLwbk34uW/35VMT3hrYZTy\n5Vn2OEskNfgIGfQNR1R5yvgMBTSFniCzL4/wnfj3yxJN7KYui7Yu0MheHTN3LQPS\nJN2UF35UTGu5FFSGhxFX4vbKcxR6+/kAxUZRjmTDY4gfSPptLumAn1CD5AXlQ4Pp\ndpbCPvRMXoFWpM3L6c99m6MRkw1uUdwxgZzKwMVsoejrldToZRKOXK6fp5qvFHMk\n6ZH9vCJ3I78RbGxQi3x8oXldCValdQyeeQlBDHmkaUHP2vEr7E15NN7deg0MtciE\nLoK9D66lcRBMrStNJlCt/CpYrAov8TB0CV9w8QIDAQABAoIBAQCawCnY0pfGsgKs\n5zr3iBLeTeA2IyJJpVC64ABgUBPfBDNRZovvXpDRmfhfKuCAb/f1hOHcCR69IRie\napqQHSUyhosQxLgpwqMu4HPHynuH97d+W4Cu5ULqOpbg1poXmcHeU8endpSDCr9H\n18zcgxMsGHsY6kqfsI3ClhHsKgfXK9Bfm2ZJHwIqAJinEOGSy4cBjjzB2RiTnuGP\nysMP3ylRWcN88Hd0sncsxmJ+9BH7LhYZzkXKFB3qU8k8CVK2/xKlppL5PqRxWxUR\ngKSYCU0kwdX8HAETms34q0YgTzoM56h2igq2LYXPMLnWNHoaAj2aXmJHWb5OmsEE\njLI35EnhAoGBAPiOa/9Konhul2ANKcxtVVlC5X8nbB9yonzANPkmhy+BAxrEW0iV\nFDRAjdQhl79tGqKSS63D9CyUQze5+Jy+PAmc81xBU7qo/269VvBklAGwi/8sJ8JA\ngUtKMAIxboCdDYbv3Q8Jj/ttkyWsh42lNc5HqA1y02lTQ0TNGjvCytULAoGBAMkn\n4eS08KTLk8Ud59hJyNsFx2oBGiSqGk3nGMBoe5clFTyTHKk/kejga0DZmkhkJc48\nAnkyMC0Oiy9m2Bddmv3T3mQX9xt+g5cz6kMJ2/YNGCW95oUbJcNuXVzEyHVVrHn9\nW+SFBWQ3yVeVnBv/LpsBs1TnOXxC7CaoftuwcVdzAoGAMa/e3Pjhg6uv7Q6UlX4h\nuqdJ02JhFeRHoSKXNFtEWPW0Vix8hwTuNgfVkltox2abFXajVEhAzoyQ51nw3fyV\naeKLL50LjNvtvAhzkbi5caEGS2tbQ1S7w/4/nKCfE2zR4HCgwznJI5zi9nwH2QP2\nvpbKfG3A32Q6pU1O+jVVcMMCgYBLMV9dkM2LrJW2T3GFBj/Qr55VX8gYAIYIrOQx\nuFzKqRABLrS+B4dRV+J/wVfMy7LeHsyF5V7g2NjqhTUtts3jKDmvjM3QN0CVWtCs\n8piIp2hpY00yYG2DWlQIA38zbS0mBLE/AQJ87eWTmddbF86iHsacbDqu2o1P/hg9\nov0bRQKBgQDiGn9y9VCDrzPZcfO+7e2pXResXc9ELQoGs4RLwQwr6Z/SyBA3g31O\nVRmti7kSA3IPiz2qdFFRWHxgqOoeSEnZsMxRSFQj1vb/StostKZR5oICxdlyQSBm\nEVNw0Dbk8vtuWFvy3PJGNpYSbYxJmKw5YjzPLaskPzT6VIogM/7+yw==\n-----END RSA PRIVATE KEY-----\n",
            "public_key_fingerprint_md5": "de:d4:13:ad:2f:9f:f6:b0:e5:3a:77:d9:e4:ea:ef:9f",
            "public_key_openssh": "ssh-rsa AAAAB3NzaC1yc2EAAAADAQABAAABAQDDTovRIO9IvBeofmbuJiZJmOYHgovBuTfi5b/flUxPeGthlPLlWfY4SyQ1+AgZ9A1HVHnK+AwFNIWeILMvj/Cd+PfLEk3spi6Lti7QyF4dM3ctA9Ik3ZQXflRMa7kUVIaHEVfi9spzFHr7+QDFRlGOZMNjiB9I+m0u6YCfUIPkBeVDg+l2lsI+9ExegVakzcvpz32boxGTDW5R3DGBnMrAxWyh6OuV1OhlEo5crp+nmq8UcyTpkf28IncjvxFsbFCLfHyheV0JVqV1DJ55CUEMeaRpQc/a8SvsTXk03t16DQy1yIQugr0PrqVxEEytK00mUK38KlisCi/xMHQJX3Dx\n",
            "public_key_pem": "-----BEGIN PUBLIC KEY-----\nMIIBIjANBgkqhkiG9w0BAQEFAAOCAQ8AMIIBCgKCAQEAw06L0SDvSLwXqH5m7iYm\nSZjmB4KLwbk34uW/35VMT3hrYZTy5Vn2OEskNfgIGfQNR1R5yvgMBTSFniCzL4/w\nnfj3yxJN7KYui7Yu0MheHTN3LQPSJN2UF35UTGu5FFSGhxFX4vbKcxR6+/kAxUZR\njmTDY4gfSPptLumAn1CD5AXlQ4PpdpbCPvRMXoFWpM3L6c99m6MRkw1uUdwxgZzK\nwMVsoejrldToZRKOXK6fp5qvFHMk6ZH9vCJ3I78RbGxQi3x8oXldCValdQyeeQlB\nDHmkaUHP2vEr7E15NN7deg0MtciELoK9D66lcRBMrStNJlCt/CpYrAov8TB0CV9w\n8QIDAQAB\n-----END PUBLIC KEY-----\n",
            "rsa_bits": 2048
          },
          "sensitive_attributes": [],
          "private": "bnVsbA=="
        }
      ]
    },
    {
      "module": "module.ec2_instance",
      "mode": "managed",
      "type": "aws_instance",
      "name": "this",
      "provider": "provider[\"registry.terraform.io/hashicorp/aws\"]",
      "instances": [
        {
          "index_key": 0,
          "schema_version": 1,
          "attributes": {
            "ami": "ami-0613893533bd9c411",
            "arn": "arn:aws:ec2:ap-southeast-1:574816112352:instance/i-05bf6ce9810207659",
            "associate_public_ip_address": true,
            "availability_zone": "ap-southeast-1a",
            "capacity_reservation_specification": [
              {
                "capacity_reservation_preference": "open",
                "capacity_reservation_target": []
              }
            ],
            "cpu_core_count": 1,
            "cpu_threads_per_core": 2,
            "credit_specification": [
              {
                "cpu_credits": "unlimited"
              }
            ],
            "disable_api_termination": false,
            "ebs_block_device": [],
            "ebs_optimized": false,
            "enclave_options": [
              {
                "enabled": false
              }
            ],
            "ephemeral_block_device": [],
            "get_password_data": false,
            "hibernation": false,
            "host_id": null,
            "iam_instance_profile": "",
            "id": "i-05bf6ce9810207659",
            "instance_initiated_shutdown_behavior": "stop",
            "instance_state": "running",
            "instance_type": "t3.medium",
            "ipv6_address_count": 0,
            "ipv6_addresses": [],
            "key_name": "Tet-keypair",
            "launch_template": [],
            "metadata_options": [
              {
                "http_endpoint": "enabled",
                "http_put_response_hop_limit": 1,
                "http_tokens": "optional",
                "instance_metadata_tags": "disabled"
              }
            ],
            "monitoring": true,
            "network_interface": [],
            "outpost_arn": "",
            "password_data": "",
            "placement_group": "",
            "placement_partition_number": null,
            "primary_network_interface_id": "eni-0d37e10372619d7fb",
            "private_dns": "ip-172-31-38-21.ap-southeast-1.compute.internal",
            "private_ip": "172.31.38.21",
            "public_dns": "ec2-13-228-24-27.ap-southeast-1.compute.amazonaws.com",
            "public_ip": "13.228.24.27",
            "root_block_device": [
              {
                "delete_on_termination": false,
                "device_name": "/dev/sda1",
                "encrypted": false,
                "iops": 100,
                "kms_key_id": "",
                "tags": null,
                "throughput": 0,
                "volume_id": "vol-09b98f9fead43c670",
                "volume_size": 8,
                "volume_type": "gp2"
              }
            ],
            "secondary_private_ips": [],
            "security_groups": [
              "default"
            ],
            "source_dest_check": true,
            "subnet_id": "subnet-0399a71ea2b809bef",
            "tags": {
              "Name": "Thinkmay dev node"
            },
            "tags_all": {
              "Name": "Thinkmay dev node"
            },
            "tenancy": "default",
            "timeouts": {
              "create": null,
              "delete": null,
              "update": null
            },
            "user_data": null,
            "user_data_base64": null,
            "volume_tags": {
              "Name": "ultrabuntu"
            },
            "vpc_security_group_ids": [
              "sg-00313393fa47e19db"
            ]
          },
          "sensitive_attributes": [],
          "private": "eyJlMmJmYjczMC1lY2FhLTExZTYtOGY4OC0zNDM2M2JjN2M0YzAiOnsiY3JlYXRlIjo2MDAwMDAwMDAwMDAsImRlbGV0ZSI6MTIwMDAwMDAwMDAwMCwidXBkYXRlIjo2MDAwMDAwMDAwMDB9LCJzY2hlbWFfdmVyc2lvbiI6IjEifQ==",
          "dependencies": [
            "aws_ebs_volume.root",
            "data.aws_ami.ubuntu",
            "module.key_pair.aws_key_pair.this"
          ]
        }
      ]
    },
    {
      "module": "module.key_pair",
      "mode": "managed",
      "type": "aws_key_pair",
      "name": "this",
      "provider": "provider[\"registry.terraform.io/hashicorp/aws\"]",
      "instances": [
        {
          "index_key": 0,
          "schema_version": 1,
          "attributes": {
            "arn": "arn:aws:ec2:ap-southeast-1:574816112352:key-pair/Tet-keypair",
            "fingerprint": "6e:11:ad:77:9d:01:b9:4c:91:52:88:7f:17:e7:c2:3e",
            "id": "Tet-keypair",
            "key_name": "Tet-keypair",
            "key_name_prefix": "",
            "key_pair_id": "key-08e5b013da52b755a",
            "public_key": "ssh-rsa AAAAB3NzaC1yc2EAAAADAQABAAABgQDnXzTC4PAtx6GrttUKqXD4doC0PdhGf4N8g1HqfoAMY8WOfkbdwLW3sZJNaSF/LMlmDACvtvqy6XSTypUxIObnNbMRKZf8jJWXeWOJqSqCKmJURqr+POfkBaiR0ViT8hUvKAPVoMLNVgfXr25rjqbskA5F+r9CU/U+UjbhsH9i7dh/KsJece6Sz5R03IHoNRV9QlrDqPUrsNV4dhrpv4J+9r8jWvU5lyIZYneOlvmNuvWBhW2jjLGmN9ukcKWz51zIvfK9n7lAgyIYgwXAkjeDCyvBLCzH615Q58tAiSummxprS8R2wePQtxF9F4JyWKdUAiwAiaTStWBOw4biRAt4SKU2b+fz5hSnMBtYDtGAJ/EV4NrVFU2rb3aOpbHRllp/X79Chs2p9KveOFxNsh6wPHMR/DzZdyEvWVchtY3wNLAtExAjxUY3ZdxUMroInPYt+ieaodTUrHDH8WIyY3GKjIHnlNh0iU5BFAAuG3LT/off3/RvJ0niaD3skIj9bHk= hoang@microbuntu",
            "tags": {},
            "tags_all": {}
          },
          "sensitive_attributes": [],
          "private": "eyJzY2hlbWFfdmVyc2lvbiI6IjEifQ=="
        }
      ]
    }
  ]
}
