{
  "version": 4,
  "terraform_version": "1.0.10",
  "serial": 14,
  "lineage": "8719be22-d8c8-ba6a-a0c8-b5098005cff9",
  "outputs": {
    "coturn_ip": {
      "value": "13.212.187.100",
      "type": "string"
    },
    "key_pair_fingerprint": {
      "value": "41:e1:c3:a9:a5:80:15:2c:a2:5b:fe:22:5a:90:8f:f8",
      "type": "string"
    },
    "key_pair_key_name": {
      "value": "deployer-one",
      "type": "string"
    },
    "key_pair_key_pair_id": {
      "value": "key-080ccdacce9dd313f",
      "type": "string"
    }
  },
  "resources": [
    {
      "mode": "data",
      "type": "aws_ami",
      "name": "ubuntu",
      "provider": "provider[\"registry.terraform.io/hashicorp/aws\"]",
      "instances": [
        {
          "schema_version": 0,
          "attributes": {
            "architecture": "x86_64",
            "arn": "arn:aws:ec2:ap-southeast-1::image/ami-055d15d9cfddf7bd3",
            "block_device_mappings": [
              {
                "device_name": "/dev/sda1",
                "ebs": {
                  "delete_on_termination": "true",
                  "encrypted": "false",
                  "iops": "0",
                  "snapshot_id": "snap-0a19a1d62c98225fc",
                  "throughput": "0",
                  "volume_size": "8",
                  "volume_type": "gp2"
                },
                "no_device": "",
                "virtual_name": ""
              },
              {
                "device_name": "/dev/sdb",
                "ebs": {},
                "no_device": "",
                "virtual_name": "ephemeral0"
              },
              {
                "device_name": "/dev/sdc",
                "ebs": {},
                "no_device": "",
                "virtual_name": "ephemeral1"
              }
            ],
            "creation_date": "2021-11-30T00:33:20.000Z",
            "description": "Canonical, Ubuntu, 20.04 LTS, amd64 focal image build on 2021-11-29",
            "ena_support": true,
            "executable_users": null,
            "filter": [
              {
                "name": "name",
                "values": [
                  "ubuntu/images/hvm-ssd/ubuntu-focal-20.04-amd64-server-*"
                ]
              },
              {
                "name": "virtualization-type",
                "values": [
                  "hvm"
                ]
              }
            ],
            "hypervisor": "xen",
            "id": "ami-055d15d9cfddf7bd3",
            "image_id": "ami-055d15d9cfddf7bd3",
            "image_location": "099720109477/ubuntu/images/hvm-ssd/ubuntu-focal-20.04-amd64-server-20211129",
            "image_owner_alias": null,
            "image_type": "machine",
            "kernel_id": null,
            "most_recent": true,
            "name": "ubuntu/images/hvm-ssd/ubuntu-focal-20.04-amd64-server-20211129",
            "name_regex": null,
            "owner_id": "099720109477",
            "owners": [
              "099720109477"
            ],
            "platform": null,
            "platform_details": "Linux/UNIX",
            "product_codes": [],
            "public": true,
            "ramdisk_id": null,
            "root_device_name": "/dev/sda1",
            "root_device_type": "ebs",
            "root_snapshot_id": "snap-0a19a1d62c98225fc",
            "sriov_net_support": "simple",
            "state": "available",
            "state_reason": {
              "code": "UNSET",
              "message": "UNSET"
            },
            "tags": {},
            "usage_operation": "RunInstances",
            "virtualization_type": "hvm"
          },
          "sensitive_attributes": []
        }
      ]
    },
    {
      "mode": "managed",
      "type": "aws_instance",
      "name": "coturn",
      "provider": "provider[\"registry.terraform.io/hashicorp/aws\"]",
      "instances": [
        {
          "schema_version": 1,
          "attributes": {
            "ami": "ami-055d15d9cfddf7bd3",
            "arn": "arn:aws:ec2:ap-southeast-1:574816112352:instance/i-05aa4dac8a890bb47",
            "associate_public_ip_address": true,
            "availability_zone": "ap-southeast-1a",
            "capacity_reservation_specification": [
              {
                "capacity_reservation_preference": "open",
                "capacity_reservation_target": []
              }
            ],
            "cpu_core_count": 1,
            "cpu_threads_per_core": 2,
            "credit_specification": [
              {
                "cpu_credits": "unlimited"
              }
            ],
            "disable_api_termination": false,
            "ebs_block_device": [],
            "ebs_optimized": false,
            "enclave_options": [
              {
                "enabled": false
              }
            ],
            "ephemeral_block_device": [],
            "get_password_data": false,
            "hibernation": false,
            "host_id": null,
            "iam_instance_profile": "",
            "id": "i-05aa4dac8a890bb47",
            "instance_initiated_shutdown_behavior": "stop",
            "instance_state": "running",
            "instance_type": "t3.micro",
            "ipv6_address_count": 0,
            "ipv6_addresses": [],
            "key_name": "deployer-one",
            "launch_template": [],
            "metadata_options": [
              {
                "http_endpoint": "enabled",
                "http_put_response_hop_limit": 1,
                "http_tokens": "optional"
              }
            ],
            "monitoring": false,
            "network_interface": [],
            "outpost_arn": "",
            "password_data": "",
            "placement_group": "",
            "placement_partition_number": null,
            "primary_network_interface_id": "eni-00c8acfe8a615cfb8",
            "private_dns": "ip-172-16-10-141.ap-southeast-1.compute.internal",
            "private_ip": "172.16.10.141",
            "public_dns": "",
            "public_ip": "13.212.187.100",
            "root_block_device": [
              {
                "delete_on_termination": true,
                "device_name": "/dev/sda1",
                "encrypted": false,
                "iops": 100,
                "kms_key_id": "",
                "tags": {},
                "throughput": 0,
                "volume_id": "vol-0514b9f03b8ec5ca2",
                "volume_size": 8,
                "volume_type": "gp2"
              }
            ],
            "secondary_private_ips": [],
            "security_groups": [],
            "source_dest_check": true,
            "subnet_id": "subnet-0f4f9489e0f46c137",
            "tags": {
              "Name": "coturn"
            },
            "tags_all": {
              "Name": "coturn"
            },
            "tenancy": "default",
            "timeouts": null,
            "user_data": null,
            "user_data_base64": null,
            "volume_tags": null,
            "vpc_security_group_ids": [
              "sg-04e6d60bc70e3197e"
            ]
          },
          "sensitive_attributes": [],
          "private": "eyJlMmJmYjczMC1lY2FhLTExZTYtOGY4OC0zNDM2M2JjN2M0YzAiOnsiY3JlYXRlIjo2MDAwMDAwMDAwMDAsImRlbGV0ZSI6MTIwMDAwMDAwMDAwMCwidXBkYXRlIjo2MDAwMDAwMDAwMDB9LCJzY2hlbWFfdmVyc2lvbiI6IjEifQ==",
          "dependencies": [
            "data.aws_ami.ubuntu",
            "module.key_pair.aws_key_pair.this"
          ]
        }
      ]
    },
    {
      "mode": "managed",
      "type": "aws_subnet",
      "name": "coturn_subnet",
      "provider": "provider[\"registry.terraform.io/hashicorp/aws\"]",
      "instances": [
        {
          "schema_version": 1,
          "attributes": {
            "arn": "arn:aws:ec2:ap-southeast-1:574816112352:subnet/subnet-0f4f9489e0f46c137",
            "assign_ipv6_address_on_creation": false,
            "availability_zone": "ap-southeast-1a",
            "availability_zone_id": "apse1-az2",
            "cidr_block": "172.16.10.0/24",
            "customer_owned_ipv4_pool": "",
            "id": "subnet-0f4f9489e0f46c137",
            "ipv6_cidr_block": "",
            "ipv6_cidr_block_association_id": "",
            "map_customer_owned_ip_on_launch": false,
            "map_public_ip_on_launch": false,
            "outpost_arn": "",
            "owner_id": "574816112352",
            "tags": {
              "Name": "coturn"
            },
            "tags_all": {
              "Name": "coturn"
            },
            "timeouts": null,
            "vpc_id": "vpc-0b9175b7a0608b735"
          },
          "sensitive_attributes": [],
          "private": "eyJlMmJmYjczMC1lY2FhLTExZTYtOGY4OC0zNDM2M2JjN2M0YzAiOnsiY3JlYXRlIjo2MDAwMDAwMDAwMDAsImRlbGV0ZSI6MTIwMDAwMDAwMDAwMH0sInNjaGVtYV92ZXJzaW9uIjoiMSJ9",
          "dependencies": [
            "aws_vpc.coturn_vpc"
          ]
        }
      ]
    },
    {
      "mode": "managed",
      "type": "aws_vpc",
      "name": "coturn_vpc",
      "provider": "provider[\"registry.terraform.io/hashicorp/aws\"]",
      "instances": [
        {
          "schema_version": 1,
          "attributes": {
            "arn": "arn:aws:ec2:ap-southeast-1:574816112352:vpc/vpc-0b9175b7a0608b735",
            "assign_generated_ipv6_cidr_block": false,
            "cidr_block": "172.16.0.0/16",
            "default_network_acl_id": "acl-0f2638a1bd16d6ea1",
            "default_route_table_id": "rtb-0bf7bd6a26b3151ac",
            "default_security_group_id": "sg-04e6d60bc70e3197e",
            "dhcp_options_id": "dopt-07b0fb0424ea5f54d",
            "enable_classiclink": false,
            "enable_classiclink_dns_support": false,
            "enable_dns_hostnames": false,
            "enable_dns_support": true,
            "id": "vpc-0b9175b7a0608b735",
            "instance_tenancy": "default",
            "ipv4_ipam_pool_id": null,
            "ipv4_netmask_length": null,
            "ipv6_association_id": "",
            "ipv6_cidr_block": "",
            "ipv6_ipam_pool_id": null,
            "ipv6_netmask_length": null,
            "main_route_table_id": "rtb-0bf7bd6a26b3151ac",
            "owner_id": "574816112352",
            "tags": {
              "Name": "coturn"
            },
            "tags_all": {
              "Name": "coturn"
            }
          },
          "sensitive_attributes": [],
          "private": "eyJzY2hlbWFfdmVyc2lvbiI6IjEifQ=="
        }
      ]
    },
    {
      "mode": "managed",
      "type": "tls_private_key",
      "name": "this",
      "provider": "provider[\"registry.terraform.io/hashicorp/tls\"]",
      "instances": [
        {
          "schema_version": 0,
          "attributes": {
            "algorithm": "RSA",
            "ecdsa_curve": "P224",
            "id": "549acae9c47d47503d1045a62b004e58ea17bf90",
            "private_key_pem": "-----BEGIN RSA PRIVATE KEY-----\nMIIEpAIBAAKCAQEAurMDTM08qvOnfddaH/+zAaPbisFKhGE1VP5xVAWYEYJ5gsUe\neSBmvNA7V138Xn80fWETqeVYSOu76n180iZ7Aa9ge20556V7ZmA/U8iRQ9Hq9y3H\nFCH4t+TSTQovAg73gIPmQuAtoyg2vRyjhVdmJgmA6vVS05QEUUGDFxb/c96yEd1v\nAEgbWJzCxwCOYoJWemrAzXHENgaanr7ovVML0ncTuhwikTnajJRFBGvSSDNFbeIj\n/VyJWlk9dbGH9dF+y4iEB+Sg/yxpq5JpybuuoBNKd8asaWxdThG+X0EfAW/S9uKh\nyEtJPZbHb3sjnm477ObOeZGiQzfEkFVwBh4dgQIDAQABAoIBABPw+vFBGrHHxKQU\nVHQGg8AxGEoBy0vIdkHVy5UF4/A612+4TkDxzQdt1mjGiSYuwBSEQe1rqbpgM3og\nXSy1H35WlR+Z0w2DB2Mv9JOmYJ211jsAkLr9xesebbf81niJ0LXRYM7T0wwSR4Z7\ngJvFcguuCC8QdQBUVwG21aGpuy9M81RGjBr6VFf5I3Qz6SJYy07RQd2wsupfXwQk\nSMpkGsQ0xQWp5DyX6XpG+yQcYOocV7jaPmDRmnQxIxNVZLEMDGrJ386xu1IfDQMz\n9xfHK5NVc2fU5gReYiDDbqrm9+I9vzLaXREk438b3W8W2xDsckO+K7AN7d6KShzL\ndFjcCIECgYEA2f2k0Vlnx5EaKzoBptEQgt/6dkQXkvtIsJjap/QJSSgv/DKmRpq7\ndREy8Maost5SlsbWkYsKV9NCsTz64buxYzwcci5CiJBbH25FgfMl9mc45e0r6ACW\nWtfnJhqJJw7JTqGcKIE6UEcZ51PeguBe+a/nbqyHXcVCg0oGG14Kp8UCgYEA20Cf\nlkgj76K8+x9N/wme9+V2aQCgrguN4bPZ1Sse2zrTME8IqRxgVQSUVLacnLB82S2O\nYS683MM5+cW3O8nAPKnQ6XRY4P738Ow47UKbcsqEIVlxAhiCroZY14ZXUW4zxrmR\n9cjlgJHd187NHa2xhPAJDMaLXhMp5NsGcEsGPo0CgYEAiVtAkkVClkZA9gHb7pAH\nVl/pQsIPFKdPmy8FgBTOERHIgqIrkYuIGPDYZ0zWGbbq1WS+6QByaPqOKH3jG3+X\n+45x4iRx+fjz4e8qzwI15ngOKxrxsoNEOkOWu7S2vSyc/fXpHsCmzNSwZsm7CD52\nud/z9RGzTguwqGdpR69PCX0CgYAcngC2ctAN9SXJeTqK8UyIerDL38MZNHTeYsUp\n56jtYG40PfyZZhTExAZAUF18riR9jE6rLJiGEA0/JqlV6m1m/ZtA/WikZWMjVRHR\nFgKIJxq755qydVSJRwvNhcFb5ZBofcwpUoFyGJfmFR38o7Ep8tKbkkaajtHHBzd9\n7Kzx+QKBgQCEx4bf4NLbaFT1WlI+9jrs6cBf2ej9xWwUWq2HCRdAz5yuuCgbuML4\nuQPoqqGoalh7ok7+KXQsFXVxIKHIus2YrTW4qIMDUASNE920+2UnN2xfd84gRZIV\n7n4lo0XC6Oc0dOjc/qFQ1s/iI+lMsXOdb9snPtMY0cBldcLDDtW4KA==\n-----END RSA PRIVATE KEY-----\n",
            "public_key_fingerprint_md5": "99:a9:50:fc:66:98:32:bf:ed:51:24:97:d4:18:80:3c",
            "public_key_openssh": "ssh-rsa AAAAB3NzaC1yc2EAAAADAQABAAABAQC6swNMzTyq86d911of/7MBo9uKwUqEYTVU/nFUBZgRgnmCxR55IGa80DtXXfxefzR9YROp5VhI67vqfXzSJnsBr2B7bTnnpXtmYD9TyJFD0er3LccUIfi35NJNCi8CDveAg+ZC4C2jKDa9HKOFV2YmCYDq9VLTlARRQYMXFv9z3rIR3W8ASBtYnMLHAI5iglZ6asDNccQ2Bpqevui9UwvSdxO6HCKROdqMlEUEa9JIM0Vt4iP9XIlaWT11sYf10X7LiIQH5KD/LGmrkmnJu66gE0p3xqxpbF1OEb5fQR8Bb9L24qHIS0k9lsdveyOebjvs5s55kaJDN8SQVXAGHh2B\n",
            "public_key_pem": "-----BEGIN PUBLIC KEY-----\nMIIBIjANBgkqhkiG9w0BAQEFAAOCAQ8AMIIBCgKCAQEAurMDTM08qvOnfddaH/+z\nAaPbisFKhGE1VP5xVAWYEYJ5gsUeeSBmvNA7V138Xn80fWETqeVYSOu76n180iZ7\nAa9ge20556V7ZmA/U8iRQ9Hq9y3HFCH4t+TSTQovAg73gIPmQuAtoyg2vRyjhVdm\nJgmA6vVS05QEUUGDFxb/c96yEd1vAEgbWJzCxwCOYoJWemrAzXHENgaanr7ovVML\n0ncTuhwikTnajJRFBGvSSDNFbeIj/VyJWlk9dbGH9dF+y4iEB+Sg/yxpq5Jpybuu\noBNKd8asaWxdThG+X0EfAW/S9uKhyEtJPZbHb3sjnm477ObOeZGiQzfEkFVwBh4d\ngQIDAQAB\n-----END PUBLIC KEY-----\n",
            "rsa_bits": 2048
          },
          "sensitive_attributes": [],
          "private": "bnVsbA=="
        }
      ]
    },
    {
      "module": "module.key_pair",
      "mode": "managed",
      "type": "aws_key_pair",
      "name": "this",
      "provider": "provider[\"registry.terraform.io/hashicorp/aws\"]",
      "instances": [
        {
          "index_key": 0,
          "schema_version": 1,
          "attributes": {
            "arn": "arn:aws:ec2:ap-southeast-1:574816112352:key-pair/deployer-one",
            "fingerprint": "41:e1:c3:a9:a5:80:15:2c:a2:5b:fe:22:5a:90:8f:f8",
            "id": "deployer-one",
            "key_name": "deployer-one",
            "key_name_prefix": "",
            "key_pair_id": "key-080ccdacce9dd313f",
            "public_key": "ssh-rsa AAAAB3NzaC1yc2EAAAADAQABAAABgQDPpv8ONTT7/AATJn8BbQYhaM5cA9ka7QR5bnCfG7PpeZdFSHpEYTNYHPnAseGyXt//e08+q9ouN9lnEmmy/0iex1xHVEpK5mM/4oMbYFq9ouwsL536Z9ICCri4FOtO5Jyh1Lg7NUhtYBMN7h/LewvwsI/hPRcVrU02vEOMUFcihNedJhYumJQZVjyPqNaQgG21tj4Xew/JPli3PUCIDRm54lfL9GtjlKSonnFrbwpUP0Cg1MBfO1EJe9eJ2609ZXD1TDoi/cq0kvdX/ODhmiFrOoHWX4otkpc+SKmfd/+Cpb7aDbrcp0wPRyWiqtIFRXFC+U+LUSp9sPXoNqpwSk7Hx/Z0CXc+oVV0B7XfzlrE0SO2wJ1FwnN18d2S20Zmj8ZeKP/WFfb+xgqLC6nxihICmWTIE8EL1gaSaK+TbHCkZCKvbZLZxK4cVkhygcd1pDFmTP3Rf5ekes51cNLi2fzs5yVReTsQ5LH57oTPzLjmQ5Y0ZZW9sG6qOX81nZCPkWM= huyhoang@macrobuntu",
            "tags": {},
            "tags_all": {}
          },
          "sensitive_attributes": [],
          "private": "eyJzY2hlbWFfdmVyc2lvbiI6IjEifQ=="
        }
      ]
    }
  ]
}
