
Microsoft Visual Studio Solution File, Format Version 12.00
# Visual Studio Version 17
VisualStudioVersion = 17.0.31808.319
MinimumVisualStudioVersion = 10.0.40219.1
Project("{9A19103F-16F7-4668-BE54-9A1E7A4F7556}") = "Signalling", "Signalling\Signalling.csproj", "{00C0924C-717C-42EE-B3D1-3B7970D5ED4B}"
EndProject
Project("{D954291E-2A0B-460D-934E-DC6B0785DB48}") = "SharedHost", "SharedHost\SharedHost.shproj", "{6E362B62-5B06-4A28-98AE-9FDC94495BB9}"
EndProject
Project("{9A19103F-16F7-4668-BE54-9A1E7A4F7556}") = "Conductor", "Conductor\Conductor.csproj", "{A972CF97-DE50-4CF3-A9AF-23A0815A3E29}"
EndProject
Project("{9A19103F-16F7-4668-BE54-9A1E7A4F7556}") = "MetricCollector", "MetricCollector\MetricCollector.csproj", "{4F9D3DA4-1264-42EB-8804-F5B9822E7B0D}"
EndProject
Project("{9A19103F-16F7-4668-BE54-9A1E7A4F7556}") = "Authenticator", "Authenticator\Authenticator.csproj", "{1C21EEB7-04C7-4574-B276-C37B169B223F}"
EndProject
Project("{D954291E-2A0B-460D-934E-DC6B0785DB48}") = "DbSchema", "DbSchema\DbSchema.shproj", "{FDD0CFDC-C9C1-45BE-9D9F-EC71D1941930}"
EndProject
Project("{9A19103F-16F7-4668-BE54-9A1E7A4F7556}") = "SystemHub", "SystemHub\SystemHub.csproj", "{8B733DAA-C5E9-4245-AF44-4BB42CDFEC79}"
EndProject
Project("{9A19103F-16F7-4668-BE54-9A1E7A4F7556}") = "WorkerManager", "WorkerManager\WorkerManager.csproj", "{2581B75B-1C79-4249-8CC7-D8AC7C6A6063}"
EndProject
Project("{FAE04EC0-301F-11D3-BF4B-00C04F79EFBC}") = "TokenTesting", "..\ServerTest\TokenTesting\TokenTesting.csproj", "{5DE0DAE9-0034-44A9-A52A-05F646A5A80B}"
EndProject
Global
	GlobalSection(SharedMSBuildProjectFiles) = preSolution
		SharedHost\SharedHost.projitems*{00c0924c-717c-42ee-b3d1-3b7970d5ed4b}*SharedItemsImports = 5
		DbSchema\DbSchema.projitems*{1c21eeb7-04c7-4574-b276-c37b169b223f}*SharedItemsImports = 5
		SharedHost\SharedHost.projitems*{1c21eeb7-04c7-4574-b276-c37b169b223f}*SharedItemsImports = 5
		DbSchema\DbSchema.projitems*{2581b75b-1c79-4249-8cc7-d8ac7c6a6063}*SharedItemsImports = 5
		SharedHost\SharedHost.projitems*{2581b75b-1c79-4249-8cc7-d8ac7c6a6063}*SharedItemsImports = 5
		SharedHost\SharedHost.projitems*{4f9d3da4-1264-42eb-8804-f5b9822e7b0d}*SharedItemsImports = 5
		SharedHost\SharedHost.projitems*{5de0dae9-0034-44a9-a52a-05f646a5a80b}*SharedItemsImports = 5
		SharedHost\SharedHost.projitems*{6e362b62-5b06-4a28-98ae-9fdc94495bb9}*SharedItemsImports = 13
		SharedHost\SharedHost.projitems*{8b733daa-c5e9-4245-af44-4bb42cdfec79}*SharedItemsImports = 5
		DbSchema\DbSchema.projitems*{a972cf97-de50-4cf3-a9af-23a0815a3e29}*SharedItemsImports = 5
		SharedHost\SharedHost.projitems*{a972cf97-de50-4cf3-a9af-23a0815a3e29}*SharedItemsImports = 5
		DbSchema\DbSchema.projitems*{fdd0cfdc-c9c1-45be-9d9f-ec71d1941930}*SharedItemsImports = 13
	EndGlobalSection
	GlobalSection(SolutionConfigurationPlatforms) = preSolution
		Debug|Any CPU = Debug|Any CPU
		Release|Any CPU = Release|Any CPU
	EndGlobalSection
	GlobalSection(ProjectConfigurationPlatforms) = postSolution
		{00C0924C-717C-42EE-B3D1-3B7970D5ED4B}.Debug|Any CPU.ActiveCfg = Debug|Any CPU
		{00C0924C-717C-42EE-B3D1-3B7970D5ED4B}.Debug|Any CPU.Build.0 = Debug|Any CPU
		{00C0924C-717C-42EE-B3D1-3B7970D5ED4B}.Release|Any CPU.ActiveCfg = Release|Any CPU
		{00C0924C-717C-42EE-B3D1-3B7970D5ED4B}.Release|Any CPU.Build.0 = Release|Any CPU
		{A972CF97-DE50-4CF3-A9AF-23A0815A3E29}.Debug|Any CPU.ActiveCfg = Debug|Any CPU
		{A972CF97-DE50-4CF3-A9AF-23A0815A3E29}.Debug|Any CPU.Build.0 = Debug|Any CPU
		{A972CF97-DE50-4CF3-A9AF-23A0815A3E29}.Release|Any CPU.ActiveCfg = Release|Any CPU
		{A972CF97-DE50-4CF3-A9AF-23A0815A3E29}.Release|Any CPU.Build.0 = Release|Any CPU
		{4F9D3DA4-1264-42EB-8804-F5B9822E7B0D}.Debug|Any CPU.ActiveCfg = Debug|Any CPU
		{4F9D3DA4-1264-42EB-8804-F5B9822E7B0D}.Debug|Any CPU.Build.0 = Debug|Any CPU
		{4F9D3DA4-1264-42EB-8804-F5B9822E7B0D}.Release|Any CPU.ActiveCfg = Release|Any CPU
		{4F9D3DA4-1264-42EB-8804-F5B9822E7B0D}.Release|Any CPU.Build.0 = Release|Any CPU
		{1C21EEB7-04C7-4574-B276-C37B169B223F}.Debug|Any CPU.ActiveCfg = Debug|Any CPU
		{1C21EEB7-04C7-4574-B276-C37B169B223F}.Debug|Any CPU.Build.0 = Debug|Any CPU
		{1C21EEB7-04C7-4574-B276-C37B169B223F}.Release|Any CPU.ActiveCfg = Release|Any CPU
		{1C21EEB7-04C7-4574-B276-C37B169B223F}.Release|Any CPU.Build.0 = Release|Any CPU
		{8B733DAA-C5E9-4245-AF44-4BB42CDFEC79}.Debug|Any CPU.ActiveCfg = Debug|Any CPU
		{8B733DAA-C5E9-4245-AF44-4BB42CDFEC79}.Debug|Any CPU.Build.0 = Debug|Any CPU
		{8B733DAA-C5E9-4245-AF44-4BB42CDFEC79}.Release|Any CPU.ActiveCfg = Release|Any CPU
		{8B733DAA-C5E9-4245-AF44-4BB42CDFEC79}.Release|Any CPU.Build.0 = Release|Any CPU
		{2581B75B-1C79-4249-8CC7-D8AC7C6A6063}.Debug|Any CPU.ActiveCfg = Debug|Any CPU
		{2581B75B-1C79-4249-8CC7-D8AC7C6A6063}.Debug|Any CPU.Build.0 = Debug|Any CPU
		{2581B75B-1C79-4249-8CC7-D8AC7C6A6063}.Release|Any CPU.ActiveCfg = Release|Any CPU
		{2581B75B-1C79-4249-8CC7-D8AC7C6A6063}.Release|Any CPU.Build.0 = Release|Any CPU
		{5DE0DAE9-0034-44A9-A52A-05F646A5A80B}.Debug|Any CPU.ActiveCfg = Debug|Any CPU
		{5DE0DAE9-0034-44A9-A52A-05F646A5A80B}.Debug|Any CPU.Build.0 = Debug|Any CPU
		{5DE0DAE9-0034-44A9-A52A-05F646A5A80B}.Release|Any CPU.ActiveCfg = Release|Any CPU
		{5DE0DAE9-0034-44A9-A52A-05F646A5A80B}.Release|Any CPU.Build.0 = Release|Any CPU
	EndGlobalSection
	GlobalSection(SolutionProperties) = preSolution
		HideSolutionNode = FALSE
	EndGlobalSection
	GlobalSection(ExtensibilityGlobals) = postSolution
		SolutionGuid = {F271F9DC-EF3D-4726-B129-A51C74BA1E1E}
	EndGlobalSection
EndGlobal
