
Microsoft Visual Studio Solution File, Format Version 12.00
# Visual Studio Version 16
VisualStudioVersion = 16.0.31424.327
MinimumVisualStudioVersion = 10.0.40219.1
Project("{9A19103F-16F7-4668-BE54-9A1E7A4F7556}") = "Signalling", "Signalling\Signalling.csproj", "{00C0924C-717C-42EE-B3D1-3B7970D5ED4B}"
EndProject
Project("{D954291E-2A0B-460D-934E-DC6B0785DB48}") = "SharedHost", "SharedHost\SharedHost.shproj", "{6E362B62-5B06-4A28-98AE-9FDC94495BB9}"
EndProject
Project("{9A19103F-16F7-4668-BE54-9A1E7A4F7556}") = "SlaveManager", "SlaveManager\SlaveManager.csproj", "{B8A9573E-234B-4387-B7BD-E7C46FA2111C}"
EndProject
Global
	GlobalSection(SharedMSBuildProjectFiles) = preSolution
		SharedHost\SharedHost.projitems*{6e362b62-5b06-4a28-98ae-9fdc94495bb9}*SharedItemsImports = 13
	EndGlobalSection
	GlobalSection(SolutionConfigurationPlatforms) = preSolution
		Debug|Any CPU = Debug|Any CPU
		Release|Any CPU = Release|Any CPU
	EndGlobalSection
	GlobalSection(ProjectConfigurationPlatforms) = postSolution
		{00C0924C-717C-42EE-B3D1-3B7970D5ED4B}.Debug|Any CPU.ActiveCfg = Debug|Any CPU
		{00C0924C-717C-42EE-B3D1-3B7970D5ED4B}.Debug|Any CPU.Build.0 = Debug|Any CPU
		{00C0924C-717C-42EE-B3D1-3B7970D5ED4B}.Release|Any CPU.ActiveCfg = Release|Any CPU
		{00C0924C-717C-42EE-B3D1-3B7970D5ED4B}.Release|Any CPU.Build.0 = Release|Any CPU
		{B8A9573E-234B-4387-B7BD-E7C46FA2111C}.Debug|Any CPU.ActiveCfg = Debug|Any CPU
		{B8A9573E-234B-4387-B7BD-E7C46FA2111C}.Debug|Any CPU.Build.0 = Debug|Any CPU
		{B8A9573E-234B-4387-B7BD-E7C46FA2111C}.Release|Any CPU.ActiveCfg = Release|Any CPU
		{B8A9573E-234B-4387-B7BD-E7C46FA2111C}.Release|Any CPU.Build.0 = Release|Any CPU
	EndGlobalSection
	GlobalSection(SolutionProperties) = preSolution
		HideSolutionNode = FALSE
	EndGlobalSection
	GlobalSection(ExtensibilityGlobals) = postSolution
		SolutionGuid = {F271F9DC-EF3D-4726-B129-A51C74BA1E1E}
	EndGlobalSection
EndGlobal
