
Microsoft Visual Studio Solution File, Format Version 12.00
# Visual Studio Version 16
VisualStudioVersion = 16.0.31424.327
MinimumVisualStudioVersion = 10.0.40219.1
Project("{9A19103F-16F7-4668-BE54-9A1E7A4F7556}") = "Signalling", "Signalling\Signalling.csproj", "{00C0924C-717C-42EE-B3D1-3B7970D5ED4B}"
EndProject
Project("{9A19103F-16F7-4668-BE54-9A1E7A4F7556}") = "SlaveManager", "SlaveManager\SlaveManager\SlaveManager.csproj", "{0CAD9E3E-CDA6-4A4A-9BC3-1AAD7A6A602D}"
EndProject
Project("{D954291E-2A0B-460D-934E-DC6B0785DB48}") = "SharedHost", "SharedHost\SharedHost.shproj", "{6E362B62-5B06-4A28-98AE-9FDC94495BB9}"
EndProject
Project("{00D1A9C2-B5F0-4AF3-8072-F6C62B433612}") = "PCCdataBase", "PCCdataBase\PCCdataBase.sqlproj", "{61E5D5E6-4513-4FC0-9D92-D01DA102DD8B}"
EndProject
Global
	GlobalSection(SharedMSBuildProjectFiles) = preSolution
		SharedHost\SharedHost.projitems*{0cad9e3e-cda6-4a4a-9bc3-1aad7a6a602d}*SharedItemsImports = 5
		SharedHost\SharedHost.projitems*{6e362b62-5b06-4a28-98ae-9fdc94495bb9}*SharedItemsImports = 13
	EndGlobalSection
	GlobalSection(SolutionConfigurationPlatforms) = preSolution
		Debug|Any CPU = Debug|Any CPU
		Release|Any CPU = Release|Any CPU
	EndGlobalSection
	GlobalSection(ProjectConfigurationPlatforms) = postSolution
		{00C0924C-717C-42EE-B3D1-3B7970D5ED4B}.Debug|Any CPU.ActiveCfg = Debug|Any CPU
		{00C0924C-717C-42EE-B3D1-3B7970D5ED4B}.Debug|Any CPU.Build.0 = Debug|Any CPU
		{00C0924C-717C-42EE-B3D1-3B7970D5ED4B}.Release|Any CPU.ActiveCfg = Release|Any CPU
		{00C0924C-717C-42EE-B3D1-3B7970D5ED4B}.Release|Any CPU.Build.0 = Release|Any CPU
		{0CAD9E3E-CDA6-4A4A-9BC3-1AAD7A6A602D}.Debug|Any CPU.ActiveCfg = Debug|Any CPU
		{0CAD9E3E-CDA6-4A4A-9BC3-1AAD7A6A602D}.Debug|Any CPU.Build.0 = Debug|Any CPU
		{0CAD9E3E-CDA6-4A4A-9BC3-1AAD7A6A602D}.Release|Any CPU.ActiveCfg = Release|Any CPU
		{0CAD9E3E-CDA6-4A4A-9BC3-1AAD7A6A602D}.Release|Any CPU.Build.0 = Release|Any CPU
		{61E5D5E6-4513-4FC0-9D92-D01DA102DD8B}.Debug|Any CPU.ActiveCfg = Debug|Any CPU
		{61E5D5E6-4513-4FC0-9D92-D01DA102DD8B}.Debug|Any CPU.Build.0 = Debug|Any CPU
		{61E5D5E6-4513-4FC0-9D92-D01DA102DD8B}.Debug|Any CPU.Deploy.0 = Debug|Any CPU
		{61E5D5E6-4513-4FC0-9D92-D01DA102DD8B}.Release|Any CPU.ActiveCfg = Release|Any CPU
		{61E5D5E6-4513-4FC0-9D92-D01DA102DD8B}.Release|Any CPU.Build.0 = Release|Any CPU
		{61E5D5E6-4513-4FC0-9D92-D01DA102DD8B}.Release|Any CPU.Deploy.0 = Release|Any CPU
	EndGlobalSection
	GlobalSection(SolutionProperties) = preSolution
		HideSolutionNode = FALSE
	EndGlobalSection
	GlobalSection(ExtensibilityGlobals) = postSolution
		SolutionGuid = {F271F9DC-EF3D-4726-B129-A51C74BA1E1E}
	EndGlobalSection
EndGlobal
