
Microsoft Visual Studio Solution File, Format Version 12.00
# Visual Studio Version 16
Project("{8BC9CEB8-8B4A-11D0-8D11-00A0C91BC942}") = "ALL_BUILD", "ALL_BUILD.vcxproj", "{B525C079-D4D9-372C-9AC2-0A526261379B}"
	ProjectSection(ProjectDependencies) = postProject
		{DD768BAC-A55F-3916-BC97-92C2C3A2C819} = {DD768BAC-A55F-3916-BC97-92C2C3A2C819}
		{C7549FBA-F652-39C0-A935-2BBA3155005C} = {C7549FBA-F652-39C0-A935-2BBA3155005C}
	EndProjectSection
EndProject
Project("{8BC9CEB8-8B4A-11D0-8D11-00A0C91BC942}") = "Agent", "source\Agent.vcxproj", "{DD768BAC-A55F-3916-BC97-92C2C3A2C819}"
	ProjectSection(ProjectDependencies) = postProject
		{C7549FBA-F652-39C0-A935-2BBA3155005C} = {C7549FBA-F652-39C0-A935-2BBA3155005C}
	EndProjectSection
EndProject
Project("{8BC9CEB8-8B4A-11D0-8D11-00A0C91BC942}") = "ZERO_CHECK", "ZERO_CHECK.vcxproj", "{C7549FBA-F652-39C0-A935-2BBA3155005C}"
	ProjectSection(ProjectDependencies) = postProject
	EndProjectSection
EndProject
Global
	GlobalSection(SolutionConfigurationPlatforms) = preSolution
		Debug|x64 = Debug|x64
		Release|x64 = Release|x64
		MinSizeRel|x64 = MinSizeRel|x64
		RelWithDebInfo|x64 = RelWithDebInfo|x64
	EndGlobalSection
	GlobalSection(ProjectConfigurationPlatforms) = postSolution
		{B525C079-D4D9-372C-9AC2-0A526261379B}.Debug|x64.ActiveCfg = Debug|x64
		{B525C079-D4D9-372C-9AC2-0A526261379B}.Release|x64.ActiveCfg = Release|x64
		{B525C079-D4D9-372C-9AC2-0A526261379B}.MinSizeRel|x64.ActiveCfg = MinSizeRel|x64
		{B525C079-D4D9-372C-9AC2-0A526261379B}.RelWithDebInfo|x64.ActiveCfg = RelWithDebInfo|x64
		{DD768BAC-A55F-3916-BC97-92C2C3A2C819}.Debug|x64.ActiveCfg = Debug|x64
		{DD768BAC-A55F-3916-BC97-92C2C3A2C819}.Debug|x64.Build.0 = Debug|x64
		{DD768BAC-A55F-3916-BC97-92C2C3A2C819}.Release|x64.ActiveCfg = Release|x64
		{DD768BAC-A55F-3916-BC97-92C2C3A2C819}.Release|x64.Build.0 = Release|x64
		{DD768BAC-A55F-3916-BC97-92C2C3A2C819}.MinSizeRel|x64.ActiveCfg = MinSizeRel|x64
		{DD768BAC-A55F-3916-BC97-92C2C3A2C819}.MinSizeRel|x64.Build.0 = MinSizeRel|x64
		{DD768BAC-A55F-3916-BC97-92C2C3A2C819}.RelWithDebInfo|x64.ActiveCfg = RelWithDebInfo|x64
		{DD768BAC-A55F-3916-BC97-92C2C3A2C819}.RelWithDebInfo|x64.Build.0 = RelWithDebInfo|x64
		{C7549FBA-F652-39C0-A935-2BBA3155005C}.Debug|x64.ActiveCfg = Debug|x64
		{C7549FBA-F652-39C0-A935-2BBA3155005C}.Debug|x64.Build.0 = Debug|x64
		{C7549FBA-F652-39C0-A935-2BBA3155005C}.Release|x64.ActiveCfg = Release|x64
		{C7549FBA-F652-39C0-A935-2BBA3155005C}.Release|x64.Build.0 = Release|x64
		{C7549FBA-F652-39C0-A935-2BBA3155005C}.MinSizeRel|x64.ActiveCfg = MinSizeRel|x64
		{C7549FBA-F652-39C0-A935-2BBA3155005C}.MinSizeRel|x64.Build.0 = MinSizeRel|x64
		{C7549FBA-F652-39C0-A935-2BBA3155005C}.RelWithDebInfo|x64.ActiveCfg = RelWithDebInfo|x64
		{C7549FBA-F652-39C0-A935-2BBA3155005C}.RelWithDebInfo|x64.Build.0 = RelWithDebInfo|x64
	EndGlobalSection
	GlobalSection(ExtensibilityGlobals) = postSolution
		SolutionGuid = {8BA9CC5B-F3F9-3210-9E99-D10CB7826E34}
	EndGlobalSection
	GlobalSection(ExtensibilityAddIns) = postSolution
	EndGlobalSection
EndGlobal
