
Microsoft Visual Studio Solution File, Format Version 12.00
# Visual Studio Version 16
Project("{8BC9CEB8-8B4A-11D0-8D11-00A0C91BC942}") = "ALL_BUILD", "ALL_BUILD.vcxproj", "{4E0221E9-7DEE-35CF-96F9-DA9D8AA9D678}"
	ProjectSection(ProjectDependencies) = postProject
		{6762D531-1088-37E4-B2CC-DE5A11E593E3} = {6762D531-1088-37E4-B2CC-DE5A11E593E3}
		{1BE917D6-0B5E-317A-8D93-8E671CC670B1} = {1BE917D6-0B5E-317A-8D93-8E671CC670B1}
	EndProjectSection
EndProject
Project("{8BC9CEB8-8B4A-11D0-8D11-00A0C91BC942}") = "Agent", "source\Agent.vcxproj", "{6762D531-1088-37E4-B2CC-DE5A11E593E3}"
	ProjectSection(ProjectDependencies) = postProject
		{1BE917D6-0B5E-317A-8D93-8E671CC670B1} = {1BE917D6-0B5E-317A-8D93-8E671CC670B1}
	EndProjectSection
EndProject
Project("{8BC9CEB8-8B4A-11D0-8D11-00A0C91BC942}") = "ZERO_CHECK", "ZERO_CHECK.vcxproj", "{1BE917D6-0B5E-317A-8D93-8E671CC670B1}"
	ProjectSection(ProjectDependencies) = postProject
	EndProjectSection
EndProject
Global
	GlobalSection(SolutionConfigurationPlatforms) = preSolution
		Debug|x64 = Debug|x64
		Release|x64 = Release|x64
		MinSizeRel|x64 = MinSizeRel|x64
		RelWithDebInfo|x64 = RelWithDebInfo|x64
	EndGlobalSection
	GlobalSection(ProjectConfigurationPlatforms) = postSolution
		{4E0221E9-7DEE-35CF-96F9-DA9D8AA9D678}.Debug|x64.ActiveCfg = Debug|x64
		{4E0221E9-7DEE-35CF-96F9-DA9D8AA9D678}.Release|x64.ActiveCfg = Release|x64
		{4E0221E9-7DEE-35CF-96F9-DA9D8AA9D678}.MinSizeRel|x64.ActiveCfg = MinSizeRel|x64
		{4E0221E9-7DEE-35CF-96F9-DA9D8AA9D678}.RelWithDebInfo|x64.ActiveCfg = RelWithDebInfo|x64
		{6762D531-1088-37E4-B2CC-DE5A11E593E3}.Debug|x64.ActiveCfg = Debug|x64
		{6762D531-1088-37E4-B2CC-DE5A11E593E3}.Debug|x64.Build.0 = Debug|x64
		{6762D531-1088-37E4-B2CC-DE5A11E593E3}.Release|x64.ActiveCfg = Release|x64
		{6762D531-1088-37E4-B2CC-DE5A11E593E3}.Release|x64.Build.0 = Release|x64
		{6762D531-1088-37E4-B2CC-DE5A11E593E3}.MinSizeRel|x64.ActiveCfg = MinSizeRel|x64
		{6762D531-1088-37E4-B2CC-DE5A11E593E3}.MinSizeRel|x64.Build.0 = MinSizeRel|x64
		{6762D531-1088-37E4-B2CC-DE5A11E593E3}.RelWithDebInfo|x64.ActiveCfg = RelWithDebInfo|x64
		{6762D531-1088-37E4-B2CC-DE5A11E593E3}.RelWithDebInfo|x64.Build.0 = RelWithDebInfo|x64
		{1BE917D6-0B5E-317A-8D93-8E671CC670B1}.Debug|x64.ActiveCfg = Debug|x64
		{1BE917D6-0B5E-317A-8D93-8E671CC670B1}.Debug|x64.Build.0 = Debug|x64
		{1BE917D6-0B5E-317A-8D93-8E671CC670B1}.Release|x64.ActiveCfg = Release|x64
		{1BE917D6-0B5E-317A-8D93-8E671CC670B1}.Release|x64.Build.0 = Release|x64
		{1BE917D6-0B5E-317A-8D93-8E671CC670B1}.MinSizeRel|x64.ActiveCfg = MinSizeRel|x64
		{1BE917D6-0B5E-317A-8D93-8E671CC670B1}.MinSizeRel|x64.Build.0 = MinSizeRel|x64
		{1BE917D6-0B5E-317A-8D93-8E671CC670B1}.RelWithDebInfo|x64.ActiveCfg = RelWithDebInfo|x64
		{1BE917D6-0B5E-317A-8D93-8E671CC670B1}.RelWithDebInfo|x64.Build.0 = RelWithDebInfo|x64
	EndGlobalSection
	GlobalSection(ExtensibilityGlobals) = postSolution
		SolutionGuid = {D366391E-E436-3263-9D71-7DAE5509E503}
	EndGlobalSection
	GlobalSection(ExtensibilityAddIns) = postSolution
	EndGlobalSection
EndGlobal
