
Microsoft Visual Studio Solution File, Format Version 12.00
# Visual Studio Version 16
Project("{8BC9CEB8-8B4A-11D0-8D11-00A0C91BC942}") = "ALL_BUILD", "ALL_BUILD.vcxproj", "{745F39FE-E12B-3773-BBAD-5A3CA60C0D32}"
	ProjectSection(ProjectDependencies) = postProject
		{E0112339-6D48-34A9-806A-C48FB92B0BF4} = {E0112339-6D48-34A9-806A-C48FB92B0BF4}
		{217E2D84-9737-38D4-AF56-E6B746AD1792} = {217E2D84-9737-38D4-AF56-E6B746AD1792}
	EndProjectSection
EndProject
Project("{8BC9CEB8-8B4A-11D0-8D11-00A0C91BC942}") = "Agent", "source\Agent.vcxproj", "{E0112339-6D48-34A9-806A-C48FB92B0BF4}"
	ProjectSection(ProjectDependencies) = postProject
		{217E2D84-9737-38D4-AF56-E6B746AD1792} = {217E2D84-9737-38D4-AF56-E6B746AD1792}
	EndProjectSection
EndProject
Project("{8BC9CEB8-8B4A-11D0-8D11-00A0C91BC942}") = "ZERO_CHECK", "ZERO_CHECK.vcxproj", "{217E2D84-9737-38D4-AF56-E6B746AD1792}"
	ProjectSection(ProjectDependencies) = postProject
	EndProjectSection
EndProject
Global
	GlobalSection(SolutionConfigurationPlatforms) = preSolution
		Debug|x64 = Debug|x64
		Release|x64 = Release|x64
		MinSizeRel|x64 = MinSizeRel|x64
		RelWithDebInfo|x64 = RelWithDebInfo|x64
	EndGlobalSection
	GlobalSection(ProjectConfigurationPlatforms) = postSolution
		{745F39FE-E12B-3773-BBAD-5A3CA60C0D32}.Debug|x64.ActiveCfg = Debug|x64
		{745F39FE-E12B-3773-BBAD-5A3CA60C0D32}.Release|x64.ActiveCfg = Release|x64
		{745F39FE-E12B-3773-BBAD-5A3CA60C0D32}.MinSizeRel|x64.ActiveCfg = MinSizeRel|x64
		{745F39FE-E12B-3773-BBAD-5A3CA60C0D32}.RelWithDebInfo|x64.ActiveCfg = RelWithDebInfo|x64
		{E0112339-6D48-34A9-806A-C48FB92B0BF4}.Debug|x64.ActiveCfg = Debug|x64
		{E0112339-6D48-34A9-806A-C48FB92B0BF4}.Debug|x64.Build.0 = Debug|x64
		{E0112339-6D48-34A9-806A-C48FB92B0BF4}.Release|x64.ActiveCfg = Release|x64
		{E0112339-6D48-34A9-806A-C48FB92B0BF4}.Release|x64.Build.0 = Release|x64
		{E0112339-6D48-34A9-806A-C48FB92B0BF4}.MinSizeRel|x64.ActiveCfg = MinSizeRel|x64
		{E0112339-6D48-34A9-806A-C48FB92B0BF4}.MinSizeRel|x64.Build.0 = MinSizeRel|x64
		{E0112339-6D48-34A9-806A-C48FB92B0BF4}.RelWithDebInfo|x64.ActiveCfg = RelWithDebInfo|x64
		{E0112339-6D48-34A9-806A-C48FB92B0BF4}.RelWithDebInfo|x64.Build.0 = RelWithDebInfo|x64
		{217E2D84-9737-38D4-AF56-E6B746AD1792}.Debug|x64.ActiveCfg = Debug|x64
		{217E2D84-9737-38D4-AF56-E6B746AD1792}.Debug|x64.Build.0 = Debug|x64
		{217E2D84-9737-38D4-AF56-E6B746AD1792}.Release|x64.ActiveCfg = Release|x64
		{217E2D84-9737-38D4-AF56-E6B746AD1792}.Release|x64.Build.0 = Release|x64
		{217E2D84-9737-38D4-AF56-E6B746AD1792}.MinSizeRel|x64.ActiveCfg = MinSizeRel|x64
		{217E2D84-9737-38D4-AF56-E6B746AD1792}.MinSizeRel|x64.Build.0 = MinSizeRel|x64
		{217E2D84-9737-38D4-AF56-E6B746AD1792}.RelWithDebInfo|x64.ActiveCfg = RelWithDebInfo|x64
		{217E2D84-9737-38D4-AF56-E6B746AD1792}.RelWithDebInfo|x64.Build.0 = RelWithDebInfo|x64
	EndGlobalSection
	GlobalSection(ExtensibilityGlobals) = postSolution
		SolutionGuid = {7DCE1EEC-C224-3B49-AA75-4C02A805F921}
	EndGlobalSection
	GlobalSection(ExtensibilityAddIns) = postSolution
	EndGlobalSection
EndGlobal
