
Microsoft Visual Studio Solution File, Format Version 12.00
# Visual Studio Version 16
Project("{8BC9CEB8-8B4A-11D0-8D11-00A0C91BC942}") = "ALL_BUILD", "ALL_BUILD.vcxproj", "{D9F2738F-8FEE-3E8C-A5CA-36CDE45B545C}"
	ProjectSection(ProjectDependencies) = postProject
		{5D0084ED-8E3C-3D62-ABCD-1928331CB0C1} = {5D0084ED-8E3C-3D62-ABCD-1928331CB0C1}
		{426554E4-2351-363D-B529-D96D78F4C6D2} = {426554E4-2351-363D-B529-D96D78F4C6D2}
	EndProjectSection
EndProject
Project("{8BC9CEB8-8B4A-11D0-8D11-00A0C91BC942}") = "SessionCore", "source\SessionCore.vcxproj", "{5D0084ED-8E3C-3D62-ABCD-1928331CB0C1}"
	ProjectSection(ProjectDependencies) = postProject
		{426554E4-2351-363D-B529-D96D78F4C6D2} = {426554E4-2351-363D-B529-D96D78F4C6D2}
	EndProjectSection
EndProject
Project("{8BC9CEB8-8B4A-11D0-8D11-00A0C91BC942}") = "ZERO_CHECK", "ZERO_CHECK.vcxproj", "{426554E4-2351-363D-B529-D96D78F4C6D2}"
	ProjectSection(ProjectDependencies) = postProject
	EndProjectSection
EndProject
Global
	GlobalSection(SolutionConfigurationPlatforms) = preSolution
		Debug|x64 = Debug|x64
		Release|x64 = Release|x64
		MinSizeRel|x64 = MinSizeRel|x64
		RelWithDebInfo|x64 = RelWithDebInfo|x64
	EndGlobalSection
	GlobalSection(ProjectConfigurationPlatforms) = postSolution
		{D9F2738F-8FEE-3E8C-A5CA-36CDE45B545C}.Debug|x64.ActiveCfg = Debug|x64
		{D9F2738F-8FEE-3E8C-A5CA-36CDE45B545C}.Release|x64.ActiveCfg = Release|x64
		{D9F2738F-8FEE-3E8C-A5CA-36CDE45B545C}.MinSizeRel|x64.ActiveCfg = MinSizeRel|x64
		{D9F2738F-8FEE-3E8C-A5CA-36CDE45B545C}.RelWithDebInfo|x64.ActiveCfg = RelWithDebInfo|x64
		{5D0084ED-8E3C-3D62-ABCD-1928331CB0C1}.Debug|x64.ActiveCfg = Debug|x64
		{5D0084ED-8E3C-3D62-ABCD-1928331CB0C1}.Debug|x64.Build.0 = Debug|x64
		{5D0084ED-8E3C-3D62-ABCD-1928331CB0C1}.Release|x64.ActiveCfg = Release|x64
		{5D0084ED-8E3C-3D62-ABCD-1928331CB0C1}.Release|x64.Build.0 = Release|x64
		{5D0084ED-8E3C-3D62-ABCD-1928331CB0C1}.MinSizeRel|x64.ActiveCfg = MinSizeRel|x64
		{5D0084ED-8E3C-3D62-ABCD-1928331CB0C1}.MinSizeRel|x64.Build.0 = MinSizeRel|x64
		{5D0084ED-8E3C-3D62-ABCD-1928331CB0C1}.RelWithDebInfo|x64.ActiveCfg = RelWithDebInfo|x64
		{5D0084ED-8E3C-3D62-ABCD-1928331CB0C1}.RelWithDebInfo|x64.Build.0 = RelWithDebInfo|x64
		{426554E4-2351-363D-B529-D96D78F4C6D2}.Debug|x64.ActiveCfg = Debug|x64
		{426554E4-2351-363D-B529-D96D78F4C6D2}.Debug|x64.Build.0 = Debug|x64
		{426554E4-2351-363D-B529-D96D78F4C6D2}.Release|x64.ActiveCfg = Release|x64
		{426554E4-2351-363D-B529-D96D78F4C6D2}.Release|x64.Build.0 = Release|x64
		{426554E4-2351-363D-B529-D96D78F4C6D2}.MinSizeRel|x64.ActiveCfg = MinSizeRel|x64
		{426554E4-2351-363D-B529-D96D78F4C6D2}.MinSizeRel|x64.Build.0 = MinSizeRel|x64
		{426554E4-2351-363D-B529-D96D78F4C6D2}.RelWithDebInfo|x64.ActiveCfg = RelWithDebInfo|x64
		{426554E4-2351-363D-B529-D96D78F4C6D2}.RelWithDebInfo|x64.Build.0 = RelWithDebInfo|x64
	EndGlobalSection
	GlobalSection(ExtensibilityGlobals) = postSolution
		SolutionGuid = {F01EFF6E-C63F-320E-83C5-3897D1E56336}
	EndGlobalSection
	GlobalSection(ExtensibilityAddIns) = postSolution
	EndGlobalSection
EndGlobal
