<?xml version="1.0" encoding="utf-8"?>
<Project ToolsVersion="16.0" xmlns="http://schemas.microsoft.com/developer/msbuild/2003">
  <ItemGroup>
    <CustomBuild Include="D:\OneDrive - VINACADEMY LLC\Desktop\personal-cloud-computing\session-core\build-vs\CMakeFiles\04dc68eae0e0efb37ae577880d273896\generate.stamp.rule">
      <Filter>CMake Rules</Filter>
    </CustomBuild>
  </ItemGroup>
  <ItemGroup>
    <Filter Include="CMake Rules">
      <UniqueIdentifier>{BBDE9518-B4BC-3572-98BE-5511A5DD8493}</UniqueIdentifier>
    </Filter>
  </ItemGroup>
</Project>
