{
  "version": 4,
  "terraform_version": "1.1.0",
  "serial": 14,
  "lineage": "e30ebad8-1e54-a75e-c78b-b1352670effa",
  "outputs": {
    "key_pair_fingerprint": {
      "value": "75:6a:96:e4:13:70:a8:b5:7b:3d:67:88:56:cf:09:8d",
      "type": "string"
    },
    "key_pair_key_name": {
      "value": "cluster-keypair",
      "type": "string"
    },
    "key_pair_key_pair_id": {
      "value": "key-0bd320da9f34b7f26",
      "type": "string"
    }
  },
  "resources": [
    {
      "mode": "data",
      "type": "aws_ami",
      "name": "gaming_window",
      "provider": "provider[\"registry.terraform.io/hashicorp/aws\"]",
      "instances": [
        {
          "schema_version": 0,
          "attributes": {
            "architecture": "x86_64",
            "arn": "arn:aws:ec2:ap-southeast-1::image/ami-01187ae087a9a9ce8",
            "block_device_mappings": [
              {
                "device_name": "/dev/sda1",
                "ebs": {
                  "delete_on_termination": "true",
                  "encrypted": "false",
                  "iops": "0",
                  "snapshot_id": "snap-08aad1c150280c1b9",
                  "throughput": "0",
                  "volume_size": "30",
                  "volume_type": "gp2"
                },
                "no_device": "",
                "virtual_name": ""
              },
              {
                "device_name": "xvdca",
                "ebs": {},
                "no_device": "",
                "virtual_name": "ephemeral0"
              },
              {
                "device_name": "xvdcb",
                "ebs": {},
                "no_device": "",
                "virtual_name": "ephemeral1"
              },
              {
                "device_name": "xvdcc",
                "ebs": {},
                "no_device": "",
                "virtual_name": "ephemeral2"
              },
              {
                "device_name": "xvdcd",
                "ebs": {},
                "no_device": "",
                "virtual_name": "ephemeral3"
              },
              {
                "device_name": "xvdce",
                "ebs": {},
                "no_device": "",
                "virtual_name": "ephemeral4"
              },
              {
                "device_name": "xvdcf",
                "ebs": {},
                "no_device": "",
                "virtual_name": "ephemeral5"
              },
              {
                "device_name": "xvdcg",
                "ebs": {},
                "no_device": "",
                "virtual_name": "ephemeral6"
              },
              {
                "device_name": "xvdch",
                "ebs": {},
                "no_device": "",
                "virtual_name": "ephemeral7"
              },
              {
                "device_name": "xvdci",
                "ebs": {},
                "no_device": "",
                "virtual_name": "ephemeral8"
              },
              {
                "device_name": "xvdcj",
                "ebs": {},
                "no_device": "",
                "virtual_name": "ephemeral9"
              },
              {
                "device_name": "xvdck",
                "ebs": {},
                "no_device": "",
                "virtual_name": "ephemeral10"
              },
              {
                "device_name": "xvdcl",
                "ebs": {},
                "no_device": "",
                "virtual_name": "ephemeral11"
              },
              {
                "device_name": "xvdcm",
                "ebs": {},
                "no_device": "",
                "virtual_name": "ephemeral12"
              },
              {
                "device_name": "xvdcn",
                "ebs": {},
                "no_device": "",
                "virtual_name": "ephemeral13"
              },
              {
                "device_name": "xvdco",
                "ebs": {},
                "no_device": "",
                "virtual_name": "ephemeral14"
              },
              {
                "device_name": "xvdcp",
                "ebs": {},
                "no_device": "",
                "virtual_name": "ephemeral15"
              },
              {
                "device_name": "xvdcq",
                "ebs": {},
                "no_device": "",
                "virtual_name": "ephemeral16"
              },
              {
                "device_name": "xvdcr",
                "ebs": {},
                "no_device": "",
                "virtual_name": "ephemeral17"
              },
              {
                "device_name": "xvdcs",
                "ebs": {},
                "no_device": "",
                "virtual_name": "ephemeral18"
              },
              {
                "device_name": "xvdct",
                "ebs": {},
                "no_device": "",
                "virtual_name": "ephemeral19"
              },
              {
                "device_name": "xvdcu",
                "ebs": {},
                "no_device": "",
                "virtual_name": "ephemeral20"
              },
              {
                "device_name": "xvdcv",
                "ebs": {},
                "no_device": "",
                "virtual_name": "ephemeral21"
              },
              {
                "device_name": "xvdcw",
                "ebs": {},
                "no_device": "",
                "virtual_name": "ephemeral22"
              },
              {
                "device_name": "xvdcx",
                "ebs": {},
                "no_device": "",
                "virtual_name": "ephemeral23"
              },
              {
                "device_name": "xvdcy",
                "ebs": {},
                "no_device": "",
                "virtual_name": "ephemeral24"
              },
              {
                "device_name": "xvdcz",
                "ebs": {},
                "no_device": "",
                "virtual_name": "ephemeral25"
              }
            ],
            "creation_date": "2021-09-28T08:42:54.000Z",
            "description": "Cloned image of AMI 'ami-04bdd8130134c73c2' from region us-east-1",
            "ena_support": true,
            "executable_users": null,
            "filter": [
              {
                "name": "name",
                "values": [
                  "DCV-Windows-2021-2-11135-NVIDIA-gaming-*"
                ]
              }
            ],
            "hypervisor": "xen",
            "id": "ami-01187ae087a9a9ce8",
            "image_id": "ami-01187ae087a9a9ce8",
            "image_location": "amazon/DCV-Windows-2021-2-11135-NVIDIA-gaming-471-96-2021-09-27T16-16-32.800Z",
            "image_owner_alias": "amazon",
            "image_type": "machine",
            "kernel_id": null,
            "most_recent": true,
            "name": "DCV-Windows-2021-2-11135-NVIDIA-gaming-471-96-2021-09-27T16-16-32.800Z",
            "name_regex": null,
            "owner_id": "877902723034",
            "owners": [
              "877902723034"
            ],
            "platform": "windows",
            "platform_details": "Windows",
            "product_codes": [],
            "public": true,
            "ramdisk_id": null,
            "root_device_name": "/dev/sda1",
            "root_device_type": "ebs",
            "root_snapshot_id": "snap-08aad1c150280c1b9",
            "sriov_net_support": "simple",
            "state": "available",
            "state_reason": {
              "code": "UNSET",
              "message": "UNSET"
            },
            "tags": {},
            "usage_operation": "RunInstances:0002",
            "virtualization_type": "hvm"
          },
          "sensitive_attributes": []
        }
      ]
    },
    {
      "mode": "data",
      "type": "aws_ami",
      "name": "ubuntu",
      "provider": "provider[\"registry.terraform.io/hashicorp/aws\"]",
      "instances": [
        {
          "schema_version": 0,
          "attributes": {
            "architecture": "x86_64",
            "arn": "arn:aws:ec2:ap-southeast-1::image/ami-055d15d9cfddf7bd3",
            "block_device_mappings": [
              {
                "device_name": "/dev/sda1",
                "ebs": {
                  "delete_on_termination": "true",
                  "encrypted": "false",
                  "iops": "0",
                  "snapshot_id": "snap-0a19a1d62c98225fc",
                  "throughput": "0",
                  "volume_size": "8",
                  "volume_type": "gp2"
                },
                "no_device": "",
                "virtual_name": ""
              },
              {
                "device_name": "/dev/sdb",
                "ebs": {},
                "no_device": "",
                "virtual_name": "ephemeral0"
              },
              {
                "device_name": "/dev/sdc",
                "ebs": {},
                "no_device": "",
                "virtual_name": "ephemeral1"
              }
            ],
            "creation_date": "2021-11-30T00:33:20.000Z",
            "description": "Canonical, Ubuntu, 20.04 LTS, amd64 focal image build on 2021-11-29",
            "ena_support": true,
            "executable_users": null,
            "filter": [
              {
                "name": "name",
                "values": [
                  "ubuntu/images/hvm-ssd/ubuntu-focal-20.04-amd64-server-*"
                ]
              },
              {
                "name": "virtualization-type",
                "values": [
                  "hvm"
                ]
              }
            ],
            "hypervisor": "xen",
            "id": "ami-055d15d9cfddf7bd3",
            "image_id": "ami-055d15d9cfddf7bd3",
            "image_location": "099720109477/ubuntu/images/hvm-ssd/ubuntu-focal-20.04-amd64-server-20211129",
            "image_owner_alias": null,
            "image_type": "machine",
            "kernel_id": null,
            "most_recent": true,
            "name": "ubuntu/images/hvm-ssd/ubuntu-focal-20.04-amd64-server-20211129",
            "name_regex": null,
            "owner_id": "099720109477",
            "owners": [
              "099720109477"
            ],
            "platform": null,
            "platform_details": "Linux/UNIX",
            "product_codes": [],
            "public": true,
            "ramdisk_id": null,
            "root_device_name": "/dev/sda1",
            "root_device_type": "ebs",
            "root_snapshot_id": "snap-0a19a1d62c98225fc",
            "sriov_net_support": "simple",
            "state": "available",
            "state_reason": {
              "code": "UNSET",
              "message": "UNSET"
            },
            "tags": {},
            "usage_operation": "RunInstances",
            "virtualization_type": "hvm"
          },
          "sensitive_attributes": []
        }
      ]
    },
    {
      "mode": "managed",
      "type": "aws_instance",
      "name": "name",
      "provider": "provider[\"registry.terraform.io/hashicorp/aws\"]",
      "instances": [
        {
          "schema_version": 1,
          "attributes": {
            "ami": "ami-055d15d9cfddf7bd3",
            "arn": "arn:aws:ec2:ap-southeast-1:574816112352:instance/i-0eb94a93034c7a197",
            "associate_public_ip_address": true,
            "availability_zone": "ap-southeast-1b",
            "capacity_reservation_specification": [
              {
                "capacity_reservation_preference": "open",
                "capacity_reservation_target": []
              }
            ],
            "cpu_core_count": 1,
            "cpu_threads_per_core": 2,
            "credit_specification": [
              {
                "cpu_credits": "unlimited"
              }
            ],
            "disable_api_termination": false,
            "ebs_block_device": [],
            "ebs_optimized": false,
            "enclave_options": [
              {
                "enabled": false
              }
            ],
            "ephemeral_block_device": [],
            "get_password_data": false,
            "hibernation": false,
            "host_id": null,
            "iam_instance_profile": "",
            "id": "i-0eb94a93034c7a197",
            "instance_initiated_shutdown_behavior": "stop",
            "instance_state": "running",
            "instance_type": "t3.micro",
            "ipv6_address_count": 0,
            "ipv6_addresses": [],
            "key_name": "cluster-keypair",
            "launch_template": [],
            "metadata_options": [
              {
                "http_endpoint": "enabled",
                "http_put_response_hop_limit": 1,
                "http_tokens": "optional"
              }
            ],
            "monitoring": false,
            "network_interface": [],
            "outpost_arn": "",
            "password_data": "",
            "placement_group": "",
            "placement_partition_number": null,
            "primary_network_interface_id": "eni-0a67a590168bc2646",
            "private_dns": "ip-172-31-26-183.ap-southeast-1.compute.internal",
            "private_ip": "172.31.26.183",
            "public_dns": "ec2-54-179-190-119.ap-southeast-1.compute.amazonaws.com",
            "public_ip": "54.179.190.119",
            "root_block_device": [
              {
                "delete_on_termination": true,
                "device_name": "/dev/sda1",
                "encrypted": false,
                "iops": 100,
                "kms_key_id": "",
                "tags": {},
                "throughput": 0,
                "volume_id": "vol-0103446add98ec23a",
                "volume_size": 8,
                "volume_type": "gp2"
              }
            ],
            "secondary_private_ips": [],
            "security_groups": [
              "default"
            ],
            "source_dest_check": true,
            "subnet_id": "subnet-0a439db126e76ac8a",
            "tags": {
              "Name": "cluster manager"
            },
            "tags_all": {
              "Name": "cluster manager"
            },
            "tenancy": "default",
            "timeouts": null,
            "user_data": null,
            "user_data_base64": null,
            "volume_tags": null,
            "vpc_security_group_ids": [
              "sg-00313393fa47e19db"
            ]
          },
          "sensitive_attributes": [],
          "private": "eyJlMmJmYjczMC1lY2FhLTExZTYtOGY4OC0zNDM2M2JjN2M0YzAiOnsiY3JlYXRlIjo2MDAwMDAwMDAwMDAsImRlbGV0ZSI6MTIwMDAwMDAwMDAwMCwidXBkYXRlIjo2MDAwMDAwMDAwMDB9LCJzY2hlbWFfdmVyc2lvbiI6IjEifQ==",
          "dependencies": [
            "data.aws_ami.ubuntu",
            "module.key_pair.aws_key_pair.this"
          ]
        }
      ]
    },
    {
      "mode": "managed",
      "type": "aws_security_group",
      "name": "security_group",
      "provider": "provider[\"registry.terraform.io/hashicorp/aws\"]",
      "instances": [
        {
          "schema_version": 1,
          "attributes": {
            "arn": "arn:aws:ec2:ap-southeast-1:574816112352:security-group/sg-0e6a6f5d0be11ab44",
            "description": "Managed by Terraform",
            "egress": [],
            "id": "sg-0e6a6f5d0be11ab44",
            "ingress": [
              {
                "cidr_blocks": [
                  "0.0.0.0/0"
                ],
                "description": "",
                "from_port": 22,
                "ipv6_cidr_blocks": [],
                "prefix_list_ids": [],
                "protocol": "tcp",
                "security_groups": [],
                "self": false,
                "to_port": 22
              }
            ],
            "name": "all_worker_management20211214014817948200000001",
            "name_prefix": "all_worker_management",
            "owner_id": "574816112352",
            "revoke_rules_on_delete": false,
            "tags": {
              "Name": "demo worker node management group"
            },
            "tags_all": {
              "Name": "demo worker node management group"
            },
            "timeouts": null,
            "vpc_id": "vpc-0d755a197eb47414a"
          },
          "sensitive_attributes": [],
          "private": "eyJlMmJmYjczMC1lY2FhLTExZTYtOGY4OC0zNDM2M2JjN2M0YzAiOnsiY3JlYXRlIjo2MDAwMDAwMDAwMDAsImRlbGV0ZSI6OTAwMDAwMDAwMDAwfSwic2NoZW1hX3ZlcnNpb24iOiIxIn0=",
          "dependencies": [
            "module.vpc.aws_vpc.this"
          ]
        }
      ]
    },
    {
      "mode": "managed",
      "type": "tls_private_key",
      "name": "this",
      "provider": "provider[\"registry.terraform.io/hashicorp/tls\"]",
      "instances": [
        {
          "schema_version": 0,
          "attributes": {
            "algorithm": "RSA",
            "ecdsa_curve": "P224",
            "id": "f76aed4a81f83fc64acd32f68091567f33b20a76",
            "private_key_pem": "-----BEGIN RSA PRIVATE KEY-----\nMIIEowIBAAKCAQEA6/+RtLgFQVUmEyBMcK4TWAzPXu6vz56GzmSDCajPvGq/wSGS\nG2u8KugFb5rXRoYYvSqZHMBb8hEwwxC6hNhQ48znnAq07yUCuIf1klVQ2dFFaeLh\n4yPc0FuBrpS87Rm+GhocR63iEdqKNT9QyZ6wp0Xj5HPtzKBxAM2dsnFclXCOpItB\numfXrhqb/OKBwZUbgmzbzYH/p7+zKh7tb9GocPU45I4bk/WkRM7xf5bN1ajkemmu\nqd/uJMkud7avd1LZktzT8Zm+xMnMYJ+3hbgBFZjuf6abRR/V0nn9GW3MdbqnDrfu\n48mXKv+jLbU1B5mY/A5gk2iMn4b3YQJO1WTpCQIDAQABAoIBAQDmDoJsqIM++BGg\nzXiW06s5x2sTwRyUCZaidmsjLHQt2eZKED7NCk4piXtbG5fGQQy2w2L1GzPGmyls\nzs70l6brGqGhhPJyuiKX3rnux8qEO7QuD6VidmBYoQufM5GklNazvUZaPdDG1MKs\nO6e2lELjHYeV+ckUFEd0n/ydqlK1vV+mHriMDBWTGkLh3aQpVNCn5EoYADxAb+jR\nuz4SAYeqeFLHgAIciYOr9absizMcl8QPv97XoI51TCwsRYHfzf1y8nxaCJSmlTd8\ng7V1Zp6LnMEVpOzgWe6NF1/codxSWMHd8w/eNyWDaY/aldpetOELUEdHIK7g3/VY\nJWmK3+GBAoGBAPbxNm464bw8c1fLS1+HK1+//IS/XfxBfQjvIm9WF1zD/G15NcKO\nkVojkaYbbX3erGQ2f1Kra2mnLpGpyilm330eYz2FfhFktINpnyE1FsBnUtbtVCxd\n5IlZqZp9K1xRJ3vB7Bkpnsyq2VpL6aYNx2xQ7H/2R7dlJ83d4VQzSzXxAoGBAPSn\nl9iILjzRcXOQmZsgMNlbYY7aQ4Yem/g4t9HzmRYWzHq3sFIUIJTIpEbbxJ+8BdCa\n5r0UUvxqOzG0nM1mpbmdn7Wu9FQ7uC8ySUN68sPJjYHjwwKI6Oz4ocmAAbpddoeb\nrw2DOeD1P3z2HLjT2E5qUQzh37Cb78fW36gtsGyZAoGAMzXsusldPOMwbFmNhP8M\nIKw42vKws/qEypCFDJ/G8ob2V2GWo4VbYV0U/GSdvUerapDesK859EwmXTDf6twZ\npuHhZMXFUigXQ1VpGcLfuAD1bfsDxLuoBE/i21Xv4xI1ZPXfV4yJERqxPoeVqckb\nvTu+//57+u1wZsIH06VbiJECgYAKVUnEi3vodbAlAWZ7dtCZXZKxRea0M3bC9SJO\na8t7c1sPk9KOpOr7Xb4SgBW96WMVfHViZwlaP+JgJxC4XC2DuXSVZ95J8HvHAoi1\noOu/+TNQ2R3TbZTo7Vdn+1AXXvsynxC1sWUwaytTS9HKvKfWKAdkU+Xuv6dQ+XJY\n2BUrgQKBgBBfVJHpextbFDHp/fFZaDoZRhTnrw5k4kUDZH++jf52719I2R7Qu7U8\nVbrlGx8P81+gTZOvAwRnePk+EEnnp9gKxoLYxyhFgvlLTrC+UQpFQdDG/5xzuvYI\nq4gg3tE2AmFTdX6YrUEelifSzFU1WPFH0Tve459haF9Z6Zkl1z1f\n-----END RSA PRIVATE KEY-----\n",
            "public_key_fingerprint_md5": "77:25:fb:1c:f0:dd:7f:aa:14:f2:79:9c:cc:99:51:82",
            "public_key_openssh": "ssh-rsa AAAAB3NzaC1yc2EAAAADAQABAAABAQDr/5G0uAVBVSYTIExwrhNYDM9e7q/PnobOZIMJqM+8ar/BIZIba7wq6AVvmtdGhhi9KpkcwFvyETDDELqE2FDjzOecCrTvJQK4h/WSVVDZ0UVp4uHjI9zQW4GulLztGb4aGhxHreIR2oo1P1DJnrCnRePkc+3MoHEAzZ2ycVyVcI6ki0G6Z9euGpv84oHBlRuCbNvNgf+nv7MqHu1v0ahw9TjkjhuT9aREzvF/ls3VqOR6aa6p3+4kyS53tq93UtmS3NPxmb7Eycxgn7eFuAEVmO5/pptFH9XSef0Zbcx1uqcOt+7jyZcq/6MttTUHmZj8DmCTaIyfhvdhAk7VZOkJ\n",
            "public_key_pem": "-----BEGIN PUBLIC KEY-----\nMIIBIjANBgkqhkiG9w0BAQEFAAOCAQ8AMIIBCgKCAQEA6/+RtLgFQVUmEyBMcK4T\nWAzPXu6vz56GzmSDCajPvGq/wSGSG2u8KugFb5rXRoYYvSqZHMBb8hEwwxC6hNhQ\n48znnAq07yUCuIf1klVQ2dFFaeLh4yPc0FuBrpS87Rm+GhocR63iEdqKNT9QyZ6w\np0Xj5HPtzKBxAM2dsnFclXCOpItBumfXrhqb/OKBwZUbgmzbzYH/p7+zKh7tb9Go\ncPU45I4bk/WkRM7xf5bN1ajkemmuqd/uJMkud7avd1LZktzT8Zm+xMnMYJ+3hbgB\nFZjuf6abRR/V0nn9GW3MdbqnDrfu48mXKv+jLbU1B5mY/A5gk2iMn4b3YQJO1WTp\nCQIDAQAB\n-----END PUBLIC KEY-----\n",
            "rsa_bits": 2048
          },
          "sensitive_attributes": [],
          "private": "bnVsbA=="
        }
      ]
    },
    {
      "module": "module.key_pair",
      "mode": "managed",
      "type": "aws_key_pair",
      "name": "this",
      "provider": "provider[\"registry.terraform.io/hashicorp/aws\"]",
      "instances": [
        {
          "index_key": 0,
          "schema_version": 1,
          "attributes": {
            "arn": "arn:aws:ec2:ap-southeast-1:574816112352:key-pair/cluster-keypair",
            "fingerprint": "75:6a:96:e4:13:70:a8:b5:7b:3d:67:88:56:cf:09:8d",
            "id": "cluster-keypair",
            "key_name": "cluster-keypair",
            "key_name_prefix": "",
            "key_pair_id": "key-0bd320da9f34b7f26",
            "public_key": "ssh-rsa AAAAB3NzaC1yc2EAAAADAQABAAABgQDPhbeqOJOuzXVW+NUA+u26CIJcrLj1mTWjXpB/G3tCOOB6LZaQh8Ik8kb3SPnmorNQw8yIIfZI7YJgay5q7pvbrSSskZEKJa6HgTLLDqeFr9Wn/yDwjOYV9ZyYSQiGuXtDgcpT82DzmTOd3MotkTFDhQKvrDas/g4nvRWmmUlYvEw+Yh3x/Qnes/0y8/dlRUoLy3kD4gUqH/XthvfEx0wPFffwmrdoOcmM91C5knYPeVTyeLhXE6jJGLGR5pp75z2BQaDqpR0ZsILw1tYp4ZSOwIAaG+c/GZACCKPIXEdiyXPQ7DHXve/Bu8K2ghvo+8PEp1kZC4tWAGzYuyu/VhigXa/2YHZE+geoHS8lo/WOBxpgsFSLsUNpNKXxrx9vTlKtRbcox01rDw9z8z3KOz8e/jKAwRzPWjf1gGaDr91R8FY/5fpKWqczC/T67eOrINfBGi28dVVMe6iaE9IdTIbgQO8VmIze5c3WyyKxd0ZQ79HNXM/J+f7kTs4wXx6Uu5k= huyhoang@macrobuntu",
            "tags": {},
            "tags_all": {}
          },
          "sensitive_attributes": [],
          "private": "eyJzY2hlbWFfdmVyc2lvbiI6IjEifQ=="
        }
      ]
    },
    {
      "module": "module.vpc",
      "mode": "managed",
      "type": "aws_internet_gateway",
      "name": "this",
      "provider": "provider[\"registry.terraform.io/hashicorp/aws\"]",
      "instances": [
        {
          "index_key": 0,
          "schema_version": 0,
          "attributes": {
            "arn": "arn:aws:ec2:ap-southeast-1:574816112352:internet-gateway/igw-029acc777271baccd",
            "id": "igw-029acc777271baccd",
            "owner_id": "574816112352",
            "tags": {
              "Name": "vpc"
            },
            "tags_all": {
              "Name": "vpc"
            },
            "vpc_id": "vpc-0d755a197eb47414a"
          },
          "sensitive_attributes": [],
          "private": "bnVsbA==",
          "dependencies": [
            "module.vpc.aws_vpc.this",
            "module.vpc.aws_vpc_ipv4_cidr_block_association.this"
          ]
        }
      ]
    },
    {
      "module": "module.vpc",
      "mode": "managed",
      "type": "aws_route",
      "name": "public_internet_gateway",
      "provider": "provider[\"registry.terraform.io/hashicorp/aws\"]",
      "instances": [
        {
          "index_key": 0,
          "schema_version": 0,
          "attributes": {
            "carrier_gateway_id": "",
            "destination_cidr_block": "0.0.0.0/0",
            "destination_ipv6_cidr_block": "",
            "destination_prefix_list_id": "",
            "egress_only_gateway_id": "",
            "gateway_id": "igw-029acc777271baccd",
            "id": "r-rtb-04692c453c94f3dff1080289494",
            "instance_id": "",
            "instance_owner_id": "",
            "local_gateway_id": "",
            "nat_gateway_id": "",
            "network_interface_id": "",
            "origin": "CreateRoute",
            "route_table_id": "rtb-04692c453c94f3dff",
            "state": "active",
            "timeouts": {
              "create": "5m",
              "delete": null,
              "update": null
            },
            "transit_gateway_id": "",
            "vpc_endpoint_id": "",
            "vpc_peering_connection_id": ""
          },
          "sensitive_attributes": [],
          "private": "eyJlMmJmYjczMC1lY2FhLTExZTYtOGY4OC0zNDM2M2JjN2M0YzAiOnsiY3JlYXRlIjozMDAwMDAwMDAwMDAsImRlbGV0ZSI6MzAwMDAwMDAwMDAwLCJ1cGRhdGUiOjEyMDAwMDAwMDAwMH19",
          "dependencies": [
            "module.vpc.aws_internet_gateway.this",
            "module.vpc.aws_route_table.public",
            "module.vpc.aws_vpc.this",
            "module.vpc.aws_vpc_ipv4_cidr_block_association.this"
          ]
        }
      ]
    },
    {
      "module": "module.vpc",
      "mode": "managed",
      "type": "aws_route_table",
      "name": "public",
      "provider": "provider[\"registry.terraform.io/hashicorp/aws\"]",
      "instances": [
        {
          "index_key": 0,
          "schema_version": 0,
          "attributes": {
            "arn": "arn:aws:ec2:ap-southeast-1:574816112352:route-table/rtb-04692c453c94f3dff",
            "id": "rtb-04692c453c94f3dff",
            "owner_id": "574816112352",
            "propagating_vgws": [],
            "route": [
              {
                "carrier_gateway_id": "",
                "cidr_block": "0.0.0.0/0",
                "destination_prefix_list_id": "",
                "egress_only_gateway_id": "",
                "gateway_id": "igw-029acc777271baccd",
                "instance_id": "",
                "ipv6_cidr_block": "",
                "local_gateway_id": "",
                "nat_gateway_id": "",
                "network_interface_id": "",
                "transit_gateway_id": "",
                "vpc_endpoint_id": "",
                "vpc_peering_connection_id": ""
              }
            ],
            "tags": {
              "Name": "vpc-public"
            },
            "tags_all": {
              "Name": "vpc-public"
            },
            "timeouts": null,
            "vpc_id": "vpc-0d755a197eb47414a"
          },
          "sensitive_attributes": [],
          "private": "eyJlMmJmYjczMC1lY2FhLTExZTYtOGY4OC0zNDM2M2JjN2M0YzAiOnsiY3JlYXRlIjoxMjAwMDAwMDAwMDAsImRlbGV0ZSI6MzAwMDAwMDAwMDAwLCJ1cGRhdGUiOjEyMDAwMDAwMDAwMH19",
          "dependencies": [
            "module.vpc.aws_vpc.this",
            "module.vpc.aws_vpc_ipv4_cidr_block_association.this"
          ]
        }
      ]
    },
    {
      "module": "module.vpc",
      "mode": "managed",
      "type": "aws_route_table_association",
      "name": "public",
      "provider": "provider[\"registry.terraform.io/hashicorp/aws\"]",
      "instances": [
        {
          "index_key": 0,
          "schema_version": 0,
          "attributes": {
            "gateway_id": "",
            "id": "rtbassoc-046867b95a9026e87",
            "route_table_id": "rtb-04692c453c94f3dff",
            "subnet_id": "subnet-03f00bbce92a28a27"
          },
          "sensitive_attributes": [],
          "private": "bnVsbA==",
          "dependencies": [
            "module.vpc.aws_route_table.public",
            "module.vpc.aws_subnet.public",
            "module.vpc.aws_vpc.this",
            "module.vpc.aws_vpc_ipv4_cidr_block_association.this"
          ]
        }
      ]
    },
    {
      "module": "module.vpc",
      "mode": "managed",
      "type": "aws_subnet",
      "name": "public",
      "provider": "provider[\"registry.terraform.io/hashicorp/aws\"]",
      "instances": [
        {
          "index_key": 0,
          "schema_version": 1,
          "attributes": {
            "arn": "arn:aws:ec2:ap-southeast-1:574816112352:subnet/subnet-03f00bbce92a28a27",
            "assign_ipv6_address_on_creation": false,
            "availability_zone": "ap-southeast-1a",
            "availability_zone_id": "apse1-az2",
            "cidr_block": "10.0.4.0/24",
            "customer_owned_ipv4_pool": "",
            "id": "subnet-03f00bbce92a28a27",
            "ipv6_cidr_block": "",
            "ipv6_cidr_block_association_id": "",
            "map_customer_owned_ip_on_launch": false,
            "map_public_ip_on_launch": true,
            "outpost_arn": "",
            "owner_id": "574816112352",
            "tags": {
              "Name": "vpc-public-ap-southeast-1a"
            },
            "tags_all": {
              "Name": "vpc-public-ap-southeast-1a"
            },
            "timeouts": null,
            "vpc_id": "vpc-0d755a197eb47414a"
          },
          "sensitive_attributes": [],
          "private": "eyJlMmJmYjczMC1lY2FhLTExZTYtOGY4OC0zNDM2M2JjN2M0YzAiOnsiY3JlYXRlIjo2MDAwMDAwMDAwMDAsImRlbGV0ZSI6MTIwMDAwMDAwMDAwMH0sInNjaGVtYV92ZXJzaW9uIjoiMSJ9",
          "dependencies": [
            "module.vpc.aws_vpc.this",
            "module.vpc.aws_vpc_ipv4_cidr_block_association.this"
          ]
        }
      ]
    },
    {
      "module": "module.vpc",
      "mode": "managed",
      "type": "aws_vpc",
      "name": "this",
      "provider": "provider[\"registry.terraform.io/hashicorp/aws\"]",
      "instances": [
        {
          "index_key": 0,
          "schema_version": 1,
          "attributes": {
            "arn": "arn:aws:ec2:ap-southeast-1:574816112352:vpc/vpc-0d755a197eb47414a",
            "assign_generated_ipv6_cidr_block": false,
            "cidr_block": "10.0.0.0/16",
            "default_network_acl_id": "acl-028268e5be7043c32",
            "default_route_table_id": "rtb-06da3f64c7ca90ff3",
            "default_security_group_id": "sg-0e15f3f8599d5289f",
            "dhcp_options_id": "dopt-07b0fb0424ea5f54d",
            "enable_classiclink": false,
            "enable_classiclink_dns_support": false,
            "enable_dns_hostnames": false,
            "enable_dns_support": true,
            "id": "vpc-0d755a197eb47414a",
            "instance_tenancy": "default",
            "ipv4_ipam_pool_id": null,
            "ipv4_netmask_length": null,
            "ipv6_association_id": "",
            "ipv6_cidr_block": "",
            "ipv6_ipam_pool_id": null,
            "ipv6_netmask_length": null,
            "main_route_table_id": "rtb-06da3f64c7ca90ff3",
            "owner_id": "574816112352",
            "tags": {
              "Name": "vpc"
            },
            "tags_all": {
              "Name": "vpc"
            }
          },
          "sensitive_attributes": [],
          "private": "eyJzY2hlbWFfdmVyc2lvbiI6IjEifQ=="
        }
      ]
    }
  ]
}
