{
  "version": 4,
  "terraform_version": "1.0.10",
  "serial": 24,
  "lineage": "e28da5d0-0e59-eff3-c47e-e5dff5ea2b65",
  "outputs": {
    "kubernetes_cluster_host": {
      "value": "34.101.74.174",
      "type": "string"
    }
  },
  "resources": [
    {
      "mode": "managed",
      "type": "google_compute_network",
      "name": "vpc",
      "provider": "provider[\"registry.terraform.io/hashicorp/google\"]",
      "instances": [
        {
          "schema_version": 0,
          "attributes": {
            "auto_create_subnetworks": false,
            "delete_default_routes_on_create": false,
            "description": "",
            "gateway_ipv4": "",
            "id": "projects/fabled-decker-328822/global/networks/fabled-decker-328822-vpc",
            "mtu": 0,
            "name": "fabled-decker-328822-vpc",
            "project": "fabled-decker-328822",
            "routing_mode": "REGIONAL",
            "self_link": "https://www.googleapis.com/compute/v1/projects/fabled-decker-328822/global/networks/fabled-decker-328822-vpc",
            "timeouts": null
          },
          "sensitive_attributes": [],
          "private": "eyJlMmJmYjczMC1lY2FhLTExZTYtOGY4OC0zNDM2M2JjN2M0YzAiOnsiY3JlYXRlIjoyNDAwMDAwMDAwMDAsImRlbGV0ZSI6MjQwMDAwMDAwMDAwLCJ1cGRhdGUiOjI0MDAwMDAwMDAwMH19"
        }
      ]
    },
    {
      "mode": "managed",
      "type": "google_compute_subnetwork",
      "name": "subnet",
      "provider": "provider[\"registry.terraform.io/hashicorp/google\"]",
      "instances": [
        {
          "schema_version": 0,
          "attributes": {
            "creation_timestamp": "2021-11-03T20:09:58.573-07:00",
            "description": "",
            "external_ipv6_prefix": "",
            "fingerprint": null,
            "gateway_address": "10.10.0.1",
            "id": "projects/fabled-decker-328822/regions/asia-southeast2/subnetworks/fabled-decker-328822-subnet",
            "ip_cidr_range": "10.10.0.0/24",
            "ipv6_access_type": "",
            "ipv6_cidr_range": "",
            "log_config": [],
            "name": "fabled-decker-328822-subnet",
            "network": "https://www.googleapis.com/compute/v1/projects/fabled-decker-328822/global/networks/fabled-decker-328822-vpc",
            "private_ip_google_access": false,
            "private_ipv6_google_access": "DISABLE_GOOGLE_ACCESS",
            "project": "fabled-decker-328822",
            "purpose": "PRIVATE",
            "region": "asia-southeast2",
            "role": "",
            "secondary_ip_range": [],
            "self_link": "https://www.googleapis.com/compute/v1/projects/fabled-decker-328822/regions/asia-southeast2/subnetworks/fabled-decker-328822-subnet",
            "stack_type": "IPV4_ONLY",
            "timeouts": null
          },
          "sensitive_attributes": [],
          "private": "eyJlMmJmYjczMC1lY2FhLTExZTYtOGY4OC0zNDM2M2JjN2M0YzAiOnsiY3JlYXRlIjozNjAwMDAwMDAwMDAsImRlbGV0ZSI6MzYwMDAwMDAwMDAwLCJ1cGRhdGUiOjM2MDAwMDAwMDAwMH19",
          "dependencies": [
            "google_compute_network.vpc"
          ]
        }
      ]
    },
    {
      "mode": "managed",
      "type": "google_container_cluster",
      "name": "thinkmaydev",
      "provider": "provider[\"registry.terraform.io/hashicorp/google\"]",
      "instances": [
        {
          "schema_version": 1,
          "attributes": {
            "addons_config": [
              {
                "cloudrun_config": [],
                "horizontal_pod_autoscaling": [],
                "http_load_balancing": [],
                "network_policy_config": [
                  {
                    "disabled": true
                  }
                ]
              }
            ],
            "authenticator_groups_config": [],
            "cluster_autoscaling": [
              {
                "auto_provisioning_defaults": [],
                "enabled": false,
                "resource_limits": []
              }
            ],
            "cluster_ipv4_cidr": "10.120.0.0/14",
            "database_encryption": [
              {
                "key_name": "",
                "state": "DECRYPTED"
              }
            ],
            "datapath_provider": "",
            "default_max_pods_per_node": null,
            "default_snat_status": [
              {
                "disabled": false
              }
            ],
            "description": "",
            "enable_autopilot": false,
            "enable_binary_authorization": false,
            "enable_intranode_visibility": false,
            "enable_kubernetes_alpha": false,
            "enable_legacy_abac": false,
            "enable_shielded_nodes": true,
            "enable_tpu": false,
            "endpoint": "34.101.74.174",
            "id": "projects/fabled-decker-328822/locations/asia-southeast2/clusters/thinkmaydev",
            "initial_node_count": 1,
            "ip_allocation_policy": [],
            "label_fingerprint": "a9dc16a7",
            "location": "asia-southeast2",
            "logging_config": [
              {
                "enable_components": [
                  "SYSTEM_COMPONENTS",
                  "WORKLOADS"
                ]
              }
            ],
            "logging_service": "logging.googleapis.com/kubernetes",
            "maintenance_policy": [],
            "master_auth": [
              {
                "client_certificate": "",
                "client_certificate_config": [
                  {
                    "issue_client_certificate": false
                  }
                ],
                "client_key": "",
                "cluster_ca_certificate": "LS0tLS1CRUdJTiBDRVJUSUZJQ0FURS0tLS0tCk1JSUVMVENDQXBXZ0F3SUJBZ0lSQUpKRzc3RjVFTS9KQXBLVE1DL0c4bTB3RFFZSktvWklodmNOQVFFTEJRQXcKTHpFdE1Dc0dBMVVFQXhNa05qWTNZbU0yWkRRdFlUUmpOeTAwTURjMkxXSTFabUV0TW1ZNVltTXlaV00zTW1ObQpNQ0FYRFRJeE1URXdOREF5TkRNeE5sb1lEekl3TlRFeE1ESTRNRE0wTXpFMldqQXZNUzB3S3dZRFZRUURFeVEyCk5qZGlZelprTkMxaE5HTTNMVFF3TnpZdFlqVm1ZUzB5WmpsaVl6SmxZemN5WTJZd2dnR2lNQTBHQ1NxR1NJYjMKRFFFQkFRVUFBNElCandBd2dnR0tBb0lCZ1FDWjd3dGZZOW1RK00rSnpGQjZ5YmtXWVZ3UDhyTWIxcGRIS0ZVWAp4bFJwNWNuQnFPSTN4clVKQmI4a0dyK3E0Um92TVBaZTIyOTJ3L1BGdHk5WW1ORXViV1o2SVdPeVg4KzhFemdmCk01eUtFS29EazVmVzBjZ1lVOUREbzVsTEpBb0hVdEExallMUjdEbGJIWVdZbDJzaDlWajQ5ZmtkY3hRQVNkTUsKaWVOU0lwVFMxMjBHak4reUN6Qm5ITEFUc2lXUWRDd0s0eGEyVjk3K0ZSNSsxZzZTUVN2bGRkQlFpRVdOVVZnTQo2YktxeFkzUHRtSVJnak5oOVZlT0dRWXRvajlMQUhDNUhjUkluZW1WbTVRQUpBMkxibGpFblppcmFpb1g0bFdkClRVRjVjV2tERm11Sjk2eVJpbDBqdjVnSWp0Sm45TzNVbTR3UEtWR0ZZUWhEek5NZ3g0eXJMWU93RzBWSnM2MGYKdEZPMmRWQ3h6M01maXBIUU1kZFJwa2I2NUoxRndLWFUvUjRlK3VqOElROXZjZ2NiL0VtNy85ODBBZjFaeVJYYQpvRTNFRUVNSmVWQ0pYN0FlMXJpSHNOay9nVHhYVlQyUEcxQitIRDE5d29MTlFpZk1oSHROZXVFNHQ5ZkdldzNBCnArMFBGSEdiRkdLWndOWE05QlhxYnZPYmgwY0NBd0VBQWFOQ01FQXdEZ1lEVlIwUEFRSC9CQVFEQWdJRU1BOEcKQTFVZEV3RUIvd1FGTUFNQkFmOHdIUVlEVlIwT0JCWUVGRUZvQ3Rra2xUWUQrYWk4RkM0ZTBObUZ5eTBYTUEwRwpDU3FHU0liM0RRRUJDd1VBQTRJQmdRQWxyQ0MvQWZ6M3Q3VEpnZHVpSkxWZnhNMG9sY3B0QjNlZWZQOXRYTXhFCkdlOExyc2pqTEJZZlVyTm51eU1xSmczMmpUMnEySFF0aTBhdlF5M1c1a3RoMURRV3kzdmN5SzhLY2MvMGs5TkYKYTB1anpXOVQvMi94Y3JWRGNCNjhpa21STi81bWppWDlsTlpTOE5WTzNXdFJYbVhqNWVCYUpzNGRseVkvUWtKTQptMEdrbHIwRmxtMFo4RDN0d1JXb0xJSWcvR2xBZUR2dHhxMHVGMVVDUWhUd2ZwMi9tcGgxZE9GTjlvRytSWDlOCkcxZmZERTF3bmJHZ2dPcXMzR1J5QjY3b2grUHR6Y0dxOHlmWE9CalBUNFBzcE1YZ0pRQ05KVkRnYldITno1QUQKc0VKRjJYbmxVVzczN3p1TFh3cFQ1bFFvL0s0MXdOd0txRnp5dGJKRDYyeEZJM3hWdXU4V3R4NzcvbFdqVVNObApjNWNQaThzM296NVQ3WlkwSWx4VmRQYXVqMUw0NlIva0NBV3A5U3phdU9DbEhFKzFiMXZ6Zk1oSGtGMEtXV0tRCnViVWMzTlJTZ1ozb3k3MS9mSklDY3p0NS9OSENWVjN0c2EyajRPVHdHdWs1QjVsWTlFWXREOHBiMEFSTjZrNW4KSnZmQi92S1hMOGNuUWR5cHM2N3p5UDA9Ci0tLS0tRU5EIENFUlRJRklDQVRFLS0tLS0K"
              }
            ],
            "master_authorized_networks_config": [],
            "master_version": "1.20.10-gke.301",
            "min_master_version": null,
            "monitoring_config": [
              {
                "enable_components": [
                  "SYSTEM_COMPONENTS"
                ]
              }
            ],
            "monitoring_service": "monitoring.googleapis.com/kubernetes",
            "name": "thinkmaydev",
            "network": "projects/fabled-decker-328822/global/networks/default",
            "network_policy": [
              {
                "enabled": false,
                "provider": "PROVIDER_UNSPECIFIED"
              }
            ],
            "networking_mode": "ROUTES",
            "node_config": [
              {
                "disk_size_gb": 100,
                "disk_type": "pd-standard",
                "guest_accelerator": [],
                "image_type": "COS_CONTAINERD",
                "labels": {},
                "local_ssd_count": 0,
                "machine_type": "e2-medium",
                "metadata": {
                  "disable-legacy-endpoints": "true"
                },
                "min_cpu_platform": "",
                "oauth_scopes": [
                  "https://www.googleapis.com/auth/logging.write",
                  "https://www.googleapis.com/auth/monitoring"
                ],
                "preemptible": true,
                "service_account": "default",
                "shielded_instance_config": [
                  {
                    "enable_integrity_monitoring": true,
                    "enable_secure_boot": false
                  }
                ],
                "tags": [],
                "taint": [],
                "workload_metadata_config": []
              }
            ],
            "node_locations": [
              "asia-southeast2-a",
              "asia-southeast2-b",
              "asia-southeast2-c"
            ],
            "node_pool": [
              {
                "autoscaling": [],
                "initial_node_count": 1,
                "instance_group_urls": [
                  "https://www.googleapis.com/compute/v1/projects/fabled-decker-328822/zones/asia-southeast2-a/instanceGroupManagers/gke-thinkmaydev-dev-node-pool-f841b33c-grp",
                  "https://www.googleapis.com/compute/v1/projects/fabled-decker-328822/zones/asia-southeast2-c/instanceGroupManagers/gke-thinkmaydev-dev-node-pool-4183c09f-grp",
                  "https://www.googleapis.com/compute/v1/projects/fabled-decker-328822/zones/asia-southeast2-b/instanceGroupManagers/gke-thinkmaydev-dev-node-pool-7709e88c-grp"
                ],
                "managed_instance_group_urls": [
                  "https://www.googleapis.com/compute/v1/projects/fabled-decker-328822/zones/asia-southeast2-a/instanceGroups/gke-thinkmaydev-dev-node-pool-f841b33c-grp",
                  "https://www.googleapis.com/compute/v1/projects/fabled-decker-328822/zones/asia-southeast2-c/instanceGroups/gke-thinkmaydev-dev-node-pool-4183c09f-grp",
                  "https://www.googleapis.com/compute/v1/projects/fabled-decker-328822/zones/asia-southeast2-b/instanceGroups/gke-thinkmaydev-dev-node-pool-7709e88c-grp"
                ],
                "management": [
                  {
                    "auto_repair": true,
                    "auto_upgrade": true
                  }
                ],
                "max_pods_per_node": 0,
                "name": "dev-node-pool",
                "name_prefix": "",
                "node_config": [
                  {
                    "disk_size_gb": 100,
                    "disk_type": "pd-standard",
                    "guest_accelerator": [],
                    "image_type": "COS_CONTAINERD",
                    "labels": {},
                    "local_ssd_count": 0,
                    "machine_type": "e2-medium",
                    "metadata": {
                      "disable-legacy-endpoints": "true"
                    },
                    "min_cpu_platform": "",
                    "oauth_scopes": [
                      "https://www.googleapis.com/auth/logging.write",
                      "https://www.googleapis.com/auth/monitoring"
                    ],
                    "preemptible": true,
                    "service_account": "default",
                    "shielded_instance_config": [
                      {
                        "enable_integrity_monitoring": true,
                        "enable_secure_boot": false
                      }
                    ],
                    "tags": [],
                    "taint": [],
                    "workload_metadata_config": []
                  }
                ],
                "node_count": 1,
                "node_locations": [
                  "asia-southeast2-a",
                  "asia-southeast2-b",
                  "asia-southeast2-c"
                ],
                "upgrade_settings": [
                  {
                    "max_surge": 1,
                    "max_unavailable": 0
                  }
                ],
                "version": "1.20.10-gke.301"
              }
            ],
            "node_version": "1.20.10-gke.301",
            "operation": null,
            "private_cluster_config": [],
            "private_ipv6_google_access": "",
            "project": "fabled-decker-328822",
            "release_channel": [
              {
                "channel": "REGULAR"
              }
            ],
            "remove_default_node_pool": true,
            "resource_labels": {},
            "resource_usage_export_config": [],
            "self_link": "https://container.googleapis.com/v1/projects/fabled-decker-328822/locations/asia-southeast2/clusters/thinkmaydev",
            "services_ipv4_cidr": "10.123.240.0/20",
            "subnetwork": "projects/fabled-decker-328822/regions/asia-southeast2/subnetworks/default",
            "timeouts": null,
            "tpu_ipv4_cidr_block": "",
            "vertical_pod_autoscaling": [],
            "workload_identity_config": []
          },
          "sensitive_attributes": [],
          "private": "eyJlMmJmYjczMC1lY2FhLTExZTYtOGY4OC0zNDM2M2JjN2M0YzAiOnsiY3JlYXRlIjoyNDAwMDAwMDAwMDAwLCJkZWxldGUiOjI0MDAwMDAwMDAwMDAsInJlYWQiOjI0MDAwMDAwMDAwMDAsInVwZGF0ZSI6MzYwMDAwMDAwMDAwMH0sInNjaGVtYV92ZXJzaW9uIjoiMSJ9"
        }
      ]
    },
    {
      "mode": "managed",
      "type": "google_container_node_pool",
      "name": "primary_preemptible_nodes",
      "provider": "provider[\"registry.terraform.io/hashicorp/google\"]",
      "instances": [
        {
          "status": "tainted",
          "schema_version": 1,
          "attributes": {
            "autoscaling": [],
            "cluster": "thinkmaydev",
            "id": "projects/fabled-decker-328822/locations/asia-southeast2/clusters/thinkmaydev/nodePools/dev-node-pool",
            "initial_node_count": null,
            "instance_group_urls": null,
            "location": "asia-southeast2",
            "managed_instance_group_urls": null,
            "management": null,
            "max_pods_per_node": null,
            "name": "dev-node-pool",
            "name_prefix": null,
            "node_config": [
              {
                "disk_size_gb": 0,
                "disk_type": "",
                "guest_accelerator": [],
                "image_type": "",
                "labels": {},
                "local_ssd_count": 0,
                "machine_type": "e2-small",
                "metadata": {},
                "min_cpu_platform": "",
                "oauth_scopes": [],
                "preemptible": true,
                "service_account": "",
                "shielded_instance_config": [],
                "tags": null,
                "taint": [],
                "workload_metadata_config": []
              }
            ],
            "node_count": 2,
            "node_locations": [],
            "operation": null,
            "project": null,
            "timeouts": null,
            "upgrade_settings": null,
            "version": null
          },
          "sensitive_attributes": [],
          "private": "eyJlMmJmYjczMC1lY2FhLTExZTYtOGY4OC0zNDM2M2JjN2M0YzAiOnsiY3JlYXRlIjoxODAwMDAwMDAwMDAwLCJkZWxldGUiOjE4MDAwMDAwMDAwMDAsInVwZGF0ZSI6MTgwMDAwMDAwMDAwMH0sInNjaGVtYV92ZXJzaW9uIjoiMSJ9",
          "dependencies": [
            "google_container_cluster.thinkmaydev"
          ]
        }
      ]
    }
  ]
}
