{
  "version": 4,
  "terraform_version": "1.0.10",
  "serial": 25,
  "lineage": "8719be22-d8c8-ba6a-a0c8-b5098005cff9",
  "outputs": {
    "coturn_ip": {
      "value": "18.142.51.157",
      "type": "string"
    },
    "key_pair_fingerprint": {
      "value": "41:e1:c3:a9:a5:80:15:2c:a2:5b:fe:22:5a:90:8f:f8",
      "type": "string"
    },
    "key_pair_key_name": {
      "value": "deployer-one",
      "type": "string"
    },
    "key_pair_key_pair_id": {
      "value": "key-0a748dbf734436aaa",
      "type": "string"
    }
  },
  "resources": [
    {
      "mode": "data",
      "type": "aws_ami",
      "name": "ubuntu",
      "provider": "provider[\"registry.terraform.io/hashicorp/aws\"]",
      "instances": [
        {
          "schema_version": 0,
          "attributes": {
            "architecture": "x86_64",
            "arn": "arn:aws:ec2:ap-southeast-1::image/ami-055d15d9cfddf7bd3",
            "block_device_mappings": [
              {
                "device_name": "/dev/sda1",
                "ebs": {
                  "delete_on_termination": "true",
                  "encrypted": "false",
                  "iops": "0",
                  "snapshot_id": "snap-0a19a1d62c98225fc",
                  "throughput": "0",
                  "volume_size": "8",
                  "volume_type": "gp2"
                },
                "no_device": "",
                "virtual_name": ""
              },
              {
                "device_name": "/dev/sdb",
                "ebs": {},
                "no_device": "",
                "virtual_name": "ephemeral0"
              },
              {
                "device_name": "/dev/sdc",
                "ebs": {},
                "no_device": "",
                "virtual_name": "ephemeral1"
              }
            ],
            "creation_date": "2021-11-30T00:33:20.000Z",
            "description": "Canonical, Ubuntu, 20.04 LTS, amd64 focal image build on 2021-11-29",
            "ena_support": true,
            "executable_users": null,
            "filter": [
              {
                "name": "name",
                "values": [
                  "ubuntu/images/hvm-ssd/ubuntu-focal-20.04-amd64-server-*"
                ]
              },
              {
                "name": "virtualization-type",
                "values": [
                  "hvm"
                ]
              }
            ],
            "hypervisor": "xen",
            "id": "ami-055d15d9cfddf7bd3",
            "image_id": "ami-055d15d9cfddf7bd3",
            "image_location": "099720109477/ubuntu/images/hvm-ssd/ubuntu-focal-20.04-amd64-server-20211129",
            "image_owner_alias": null,
            "image_type": "machine",
            "kernel_id": null,
            "most_recent": true,
            "name": "ubuntu/images/hvm-ssd/ubuntu-focal-20.04-amd64-server-20211129",
            "name_regex": null,
            "owner_id": "099720109477",
            "owners": [
              "099720109477"
            ],
            "platform": null,
            "platform_details": "Linux/UNIX",
            "product_codes": [],
            "public": true,
            "ramdisk_id": null,
            "root_device_name": "/dev/sda1",
            "root_device_type": "ebs",
            "root_snapshot_id": "snap-0a19a1d62c98225fc",
            "sriov_net_support": "simple",
            "state": "available",
            "state_reason": {
              "code": "UNSET",
              "message": "UNSET"
            },
            "tags": {},
            "usage_operation": "RunInstances",
            "virtualization_type": "hvm"
          },
          "sensitive_attributes": []
        }
      ]
    },
    {
      "mode": "managed",
      "type": "aws_instance",
      "name": "coturn",
      "provider": "provider[\"registry.terraform.io/hashicorp/aws\"]",
      "instances": [
        {
          "schema_version": 1,
          "attributes": {
            "ami": "ami-055d15d9cfddf7bd3",
            "arn": "arn:aws:ec2:ap-southeast-1:574816112352:instance/i-0ca78ca28caac4d46",
            "associate_public_ip_address": true,
            "availability_zone": "ap-southeast-1b",
            "capacity_reservation_specification": [
              {
                "capacity_reservation_preference": "open",
                "capacity_reservation_target": []
              }
            ],
            "cpu_core_count": 1,
            "cpu_threads_per_core": 2,
            "credit_specification": [
              {
                "cpu_credits": "unlimited"
              }
            ],
            "disable_api_termination": false,
            "ebs_block_device": [],
            "ebs_optimized": false,
            "enclave_options": [
              {
                "enabled": false
              }
            ],
            "ephemeral_block_device": [],
            "get_password_data": false,
            "hibernation": false,
            "host_id": null,
            "iam_instance_profile": "",
            "id": "i-0ca78ca28caac4d46",
            "instance_initiated_shutdown_behavior": "stop",
            "instance_state": "running",
            "instance_type": "t3.micro",
            "ipv6_address_count": 0,
            "ipv6_addresses": [],
            "key_name": "",
            "launch_template": [],
            "metadata_options": [
              {
                "http_endpoint": "enabled",
                "http_put_response_hop_limit": 1,
                "http_tokens": "optional"
              }
            ],
            "monitoring": false,
            "network_interface": [],
            "outpost_arn": "",
            "password_data": "",
            "placement_group": "",
            "placement_partition_number": null,
            "primary_network_interface_id": "eni-0add89776a1da67f9",
            "private_dns": "ip-172-31-18-54.ap-southeast-1.compute.internal",
            "private_ip": "172.31.18.54",
            "public_dns": "ec2-18-142-51-157.ap-southeast-1.compute.amazonaws.com",
            "public_ip": "18.142.51.157",
            "root_block_device": [
              {
                "delete_on_termination": true,
                "device_name": "/dev/sda1",
                "encrypted": false,
                "iops": 100,
                "kms_key_id": "",
                "tags": {},
                "throughput": 0,
                "volume_id": "vol-035a7d6a75988914e",
                "volume_size": 8,
                "volume_type": "gp2"
              }
            ],
            "secondary_private_ips": [],
            "security_groups": [
              "default"
            ],
            "source_dest_check": true,
            "subnet_id": "subnet-0a439db126e76ac8a",
            "tags": {
              "Name": "coturn"
            },
            "tags_all": {
              "Name": "coturn"
            },
            "tenancy": "default",
            "timeouts": null,
            "user_data": null,
            "user_data_base64": null,
            "volume_tags": null,
            "vpc_security_group_ids": [
              "sg-00313393fa47e19db"
            ]
          },
          "sensitive_attributes": [],
          "private": "eyJlMmJmYjczMC1lY2FhLTExZTYtOGY4OC0zNDM2M2JjN2M0YzAiOnsiY3JlYXRlIjo2MDAwMDAwMDAwMDAsImRlbGV0ZSI6MTIwMDAwMDAwMDAwMCwidXBkYXRlIjo2MDAwMDAwMDAwMDB9LCJzY2hlbWFfdmVyc2lvbiI6IjEifQ==",
          "dependencies": [
            "data.aws_ami.ubuntu"
          ]
        }
      ]
    },
    {
      "mode": "managed",
      "type": "tls_private_key",
      "name": "this",
      "provider": "provider[\"registry.terraform.io/hashicorp/tls\"]",
      "instances": [
        {
          "schema_version": 0,
          "attributes": {
            "algorithm": "RSA",
            "ecdsa_curve": "P224",
            "id": "bfe8145c64dd334399b09674e0f41fd5f8c493ad",
            "private_key_pem": "-----BEGIN RSA PRIVATE KEY-----\nMIIEowIBAAKCAQEA6xXt5Q5iR2gEJWzQnjEK7aI2YlvbRiKlL1TdDdVNxu0mJKoh\nUEL+8bMK1iHJpEQ4lUKkZgpnyOgrl5rLY0hWHmZ1nzHka+wMhNvBLwFBwszeM2nT\nxaqY3EVp1NqgylWDQuHkEb4/ItdoA5NhO+eBCYo1V/+chT1hRtrJ7i7UMmBuS1Yr\nS2qwpTJhq/19ISSss/wklywPS1fDGGecqIkpuh+P6FmComnpKOzAVFnshNMw5KlB\nTRt2ei92tpgUspwgfWsyHQqPxa/nUkrGpe6DAVnoxW6FtHb85f250cXIyks4Dtp3\nLcow1KcF74OdoweD1zXV9cRQKmnyXnDPUSD9BwIDAQABAoIBAAO4RBxkvt9cYPxq\nnV5zbjXWZD/oLi8M60o1cI4AewuTww+/dWl8teYDLD+5JySnQ7Hw7QMEVSITsmTi\nuScoBNzUSDYtpuyiPox3obXpsi2v6jAsE4LEMUkC/Cq3DuZEth//zQkO1pbpi6bK\n1TYKcrtA6Zkr3UEqeHiTi7BuI0NsxW1+QirVW87hJ6Drb+Plr4KV1I6X91okAYRY\nIDzOfe6x3vD0edYbxwTLcp+Ywu9rZZsipDSsV2pbVhJ/sksBD1V8I7Jn4AGtEgBE\n8MQxvwE3DaCZky1wGyhgK7gRQcCL4pJwyZJqzhv8wbZneUCZQH7AITreTzqV0h/e\nFmf5jtkCgYEA7YTh3xgZ/uBKPiJJAES6rFTMj57QTF6svTTw+UKns71k2Y/fFJEc\nPE2w/haHUG4EgizimPhvX+I16kdm7P5m7NLeQCji2//c9wi1zCsLDztLthUkMmQ0\nu6jQ6bkoWajeffH4xij2LeDRVCA/sKeogLiAr6aK7Xz4T9+DpA52CZMCgYEA/WCT\nfJBA+8UprgLmZs6xvShMLujscDKwieAYcFA5KajX7qyOekRAzokopZgUo3NM0x9m\nDHsMWBZudQXWXB0J6rTNVQ8rTa5aTQZy5vHAWR8o5f+7MrlajCrTbIzlEd0h5bpL\nGaO3ffFmL2y4SMxXlUOVTwr0u5NDit+lQ3AZlz0CgYBxQKg2qRZUGnwsDksCrsLX\nwwNbA93MXGQ/P4wbPjYalRcOSfSTqPFuq5jWPsW8iwjpTR+q0uLANGuCzxL7s/49\ns/o3W4d4YRLqU6Pjuy5lz9807fW5dWBTjpY2q4va3JNiOEtnqUZg787ALzRPNlI5\nNkBeAKpDvQ/lfe0V/7M2swKBgFNgumfdGGVBRivq7GKcVcTHQ/qTz2pEY++a/K/I\n1matFxGFWwVE/IZ6gBOt7eyzfm5jALPOsgsypnp/x0BclezUPlVlPny7iR+bpaf1\nmbQ6Gr1E4BcbA37ogNZRrven6wWrvhbb1v/sthGZFzNtesy1hqaSFmK7XRiP69Q7\nSVCJAoGBANY7k1CtCB5X83AwB32apzD3RqfIKwcJjfFP3EiCHbG6oXkULDe0fYSe\nVkKSmKYCDoDXBGlQxRLnJ2ViJ+NimB5KNsu/biFjycEfYPsY9Xc8rni3AqYaRimF\nQMb83nl6yLVuqUsTjr0dUbsrDKyZln+1H1KYr2Ks4XaPqN0h8leq\n-----END RSA PRIVATE KEY-----\n",
            "public_key_fingerprint_md5": "4b:77:e5:f0:c9:4d:af:7c:91:c5:74:47:d2:60:0d:c8",
            "public_key_openssh": "ssh-rsa AAAAB3NzaC1yc2EAAAADAQABAAABAQDrFe3lDmJHaAQlbNCeMQrtojZiW9tGIqUvVN0N1U3G7SYkqiFQQv7xswrWIcmkRDiVQqRmCmfI6CuXmstjSFYeZnWfMeRr7AyE28EvAUHCzN4zadPFqpjcRWnU2qDKVYNC4eQRvj8i12gDk2E754EJijVX/5yFPWFG2snuLtQyYG5LVitLarClMmGr/X0hJKyz/CSXLA9LV8MYZ5yoiSm6H4/oWYKiaeko7MBUWeyE0zDkqUFNG3Z6L3a2mBSynCB9azIdCo/Fr+dSSsal7oMBWejFboW0dvzl/bnRxcjKSzgO2nctyjDUpwXvg52jB4PXNdX1xFAqafJecM9RIP0H\n",
            "public_key_pem": "-----BEGIN PUBLIC KEY-----\nMIIBIjANBgkqhkiG9w0BAQEFAAOCAQ8AMIIBCgKCAQEA6xXt5Q5iR2gEJWzQnjEK\n7aI2YlvbRiKlL1TdDdVNxu0mJKohUEL+8bMK1iHJpEQ4lUKkZgpnyOgrl5rLY0hW\nHmZ1nzHka+wMhNvBLwFBwszeM2nTxaqY3EVp1NqgylWDQuHkEb4/ItdoA5NhO+eB\nCYo1V/+chT1hRtrJ7i7UMmBuS1YrS2qwpTJhq/19ISSss/wklywPS1fDGGecqIkp\nuh+P6FmComnpKOzAVFnshNMw5KlBTRt2ei92tpgUspwgfWsyHQqPxa/nUkrGpe6D\nAVnoxW6FtHb85f250cXIyks4Dtp3Lcow1KcF74OdoweD1zXV9cRQKmnyXnDPUSD9\nBwIDAQAB\n-----END PUBLIC KEY-----\n",
            "rsa_bits": 2048
          },
          "sensitive_attributes": [],
          "private": "bnVsbA=="
        }
      ]
    },
    {
      "module": "module.key_pair",
      "mode": "managed",
      "type": "aws_key_pair",
      "name": "this",
      "provider": "provider[\"registry.terraform.io/hashicorp/aws\"]",
      "instances": [
        {
          "index_key": 0,
          "schema_version": 1,
          "attributes": {
            "arn": "arn:aws:ec2:ap-southeast-1:574816112352:key-pair/deployer-one",
            "fingerprint": "41:e1:c3:a9:a5:80:15:2c:a2:5b:fe:22:5a:90:8f:f8",
            "id": "deployer-one",
            "key_name": "deployer-one",
            "key_name_prefix": "",
            "key_pair_id": "key-0a748dbf734436aaa",
            "public_key": "ssh-rsa AAAAB3NzaC1yc2EAAAADAQABAAABgQDPpv8ONTT7/AATJn8BbQYhaM5cA9ka7QR5bnCfG7PpeZdFSHpEYTNYHPnAseGyXt//e08+q9ouN9lnEmmy/0iex1xHVEpK5mM/4oMbYFq9ouwsL536Z9ICCri4FOtO5Jyh1Lg7NUhtYBMN7h/LewvwsI/hPRcVrU02vEOMUFcihNedJhYumJQZVjyPqNaQgG21tj4Xew/JPli3PUCIDRm54lfL9GtjlKSonnFrbwpUP0Cg1MBfO1EJe9eJ2609ZXD1TDoi/cq0kvdX/ODhmiFrOoHWX4otkpc+SKmfd/+Cpb7aDbrcp0wPRyWiqtIFRXFC+U+LUSp9sPXoNqpwSk7Hx/Z0CXc+oVV0B7XfzlrE0SO2wJ1FwnN18d2S20Zmj8ZeKP/WFfb+xgqLC6nxihICmWTIE8EL1gaSaK+TbHCkZCKvbZLZxK4cVkhygcd1pDFmTP3Rf5ekes51cNLi2fzs5yVReTsQ5LH57oTPzLjmQ5Y0ZZW9sG6qOX81nZCPkWM= huyhoang@macrobuntu",
            "tags": null,
            "tags_all": {}
          },
          "sensitive_attributes": [],
          "private": "eyJzY2hlbWFfdmVyc2lvbiI6IjEifQ=="
        }
      ]
    }
  ]
}
