{
  "version": 4,
  "terraform_version": "1.1.0",
  "serial": 3,
  "lineage": "5290864b-9343-321f-960b-f6e67114c5fe",
  "outputs": {
    "key_pair_key_name": {
      "value": "cluster_key",
      "type": "string"
    },
    "ubuntu_img_id": {
      "value": "ami-055d15d9cfddf7bd3",
      "type": "string"
    }
  },
  "resources": [
    {
      "mode": "data",
      "type": "aws_ami",
      "name": "ubuntu",
      "provider": "provider[\"registry.terraform.io/hashicorp/aws\"]",
      "instances": [
        {
          "schema_version": 0,
          "attributes": {
            "architecture": "x86_64",
            "arn": "arn:aws:ec2:ap-southeast-1::image/ami-055d15d9cfddf7bd3",
            "block_device_mappings": [
              {
                "device_name": "/dev/sda1",
                "ebs": {
                  "delete_on_termination": "true",
                  "encrypted": "false",
                  "iops": "0",
                  "snapshot_id": "snap-0a19a1d62c98225fc",
                  "throughput": "0",
                  "volume_size": "8",
                  "volume_type": "gp2"
                },
                "no_device": "",
                "virtual_name": ""
              },
              {
                "device_name": "/dev/sdb",
                "ebs": {},
                "no_device": "",
                "virtual_name": "ephemeral0"
              },
              {
                "device_name": "/dev/sdc",
                "ebs": {},
                "no_device": "",
                "virtual_name": "ephemeral1"
              }
            ],
            "creation_date": "2021-11-30T00:33:20.000Z",
            "description": "Canonical, Ubuntu, 20.04 LTS, amd64 focal image build on 2021-11-29",
            "ena_support": true,
            "executable_users": null,
            "filter": [
              {
                "name": "name",
                "values": [
                  "ubuntu/images/hvm-ssd/ubuntu-focal-20.04-amd64-server-*"
                ]
              },
              {
                "name": "virtualization-type",
                "values": [
                  "hvm"
                ]
              }
            ],
            "hypervisor": "xen",
            "id": "ami-055d15d9cfddf7bd3",
            "image_id": "ami-055d15d9cfddf7bd3",
            "image_location": "099720109477/ubuntu/images/hvm-ssd/ubuntu-focal-20.04-amd64-server-20211129",
            "image_owner_alias": null,
            "image_type": "machine",
            "kernel_id": null,
            "most_recent": true,
            "name": "ubuntu/images/hvm-ssd/ubuntu-focal-20.04-amd64-server-20211129",
            "name_regex": null,
            "owner_id": "099720109477",
            "owners": [
              "099720109477"
            ],
            "platform": null,
            "platform_details": "Linux/UNIX",
            "product_codes": [],
            "public": true,
            "ramdisk_id": null,
            "root_device_name": "/dev/sda1",
            "root_device_type": "ebs",
            "root_snapshot_id": "snap-0a19a1d62c98225fc",
            "sriov_net_support": "simple",
            "state": "available",
            "state_reason": {
              "code": "UNSET",
              "message": "UNSET"
            },
            "tags": {},
            "usage_operation": "RunInstances",
            "virtualization_type": "hvm"
          },
          "sensitive_attributes": []
        }
      ]
    },
    {
      "mode": "managed",
      "type": "tls_private_key",
      "name": "this",
      "provider": "provider[\"registry.terraform.io/hashicorp/tls\"]",
      "instances": [
        {
          "schema_version": 0,
          "attributes": {
            "algorithm": "RSA",
            "ecdsa_curve": "P224",
            "id": "d4e55125ebba733be77172015bbed54833edadaa",
            "private_key_pem": "-----BEGIN RSA PRIVATE KEY-----\nMIIEowIBAAKCAQEA358QQhIFc1WgdOTSTyWzlNe/T+ee56tTKwYmm+Zr7qgmAUvA\nonED/imvCVy05uTzWE3O4QKWlwVsWHZzZbYkryXGiTDsk26FrW8tozG557RZaGqL\nMkWUloAz6eGLnuTFTdikf56TSqs5+wsXe5oR4tupAKJsmlzbdY0Uy3i3XJJoPnLl\njCP1O4UWTUU/i/ZKdCNOnxaUKxbXtkRaQZJ7FqHBnteBzwHc6Nb7U50ZVWHpDpRh\nHsttNBDIvwjbIcVVbAUCGb6vE++QmoiVZtplTDnfyijSIxFzEhqUR64VIKNikSnX\nmfFS6MOY8hyE6/cUULLJcXcDaVu4a3iuzjLY2wIDAQABAoIBAQDYTyMI5inDkNZv\nfFA7Izr9BV0Xy/MYIc+HVKHQOCm7Z4erxT0HZM758hRQuA59MoZ5qnotibVlTGer\ngpjJkFEX4zCS0HJngodoZpz8uUMc8IVzzWvsKwY6NrUAzZ2jC6QXUzJ8CEZt+gdR\n4T7L3xLiIJzv8i2fe6cFpHyy/YhQz7afV66bN6AoLIhJBM0xr0sXSYmv9B1oFzP1\nMWiEAY+xrWkxBLqc+PPsxnIOhF9E97H+nyVtjq8F5m1QsMmKvY4D1dh81de+TsEr\nJL0U8hBhf3edQP1mkWXIBsL7JrHr6RIcK+b+Y/cNhY1KQ6ub0+BqDrUUFNh4s32f\njL2uqgqhAoGBAP63RttpIufWVZC10p53U8GH4V1/maElxgKwjM6vzCIb7/8sXsWp\nOn7oWJf5FQ0vPFHiW2tNH5R3tMi5DuxbINF5A8X4ZFfP9Y8llPTPoitgS4bNHjlR\noCVB9XpklQKkVh378qqjEkR64pvRaMyMQqSrT+nKZv8DPYwNkaQ5Em/jAoGBAOC/\nqFxofC5CXXuzISk1Jhj01Q8a3G6U+DNg0GffsC/bYJ6qqPP3HVqSDfO/wI0kG5BQ\nhYqJUE42vIA/vzUuM+0jw1fzc/UFz1kOAFCFlYU0RcuRBCADE88tII7d+pAjC3HO\nXVchY9wt8WvO+OlwwZ+/8fnhvQua3Y9pmIRSVdSpAoGAbz7+rG9Ttmuu/T/cGCfH\npdvBuwMyxuXngF85cD/paPBItmrbjXqmuKyjnORFpHd/4cd54/hQFZjelVf1w5bd\nU3+F/V3J/WwvNHDWiMFyc31gHyTQ0Xnr9rnDC8yIJBpAHmJejtYf8Va2SBWCruuH\nY8IKafJjX3c710JJ3K6sdb8CgYAQnXqn4j2T+eoJVBPWhQxc+fSqWjUDo9W5jqW5\nmCrhTtmUwU8eQh2UbYnEhF+Kz6mOALXuqPob3iYPYScUmmbSWDt/zAq9iYFrtwJE\n8as9HsEuLHlemHulbFOk3DpC36Rf9H6oC1rjky3u5201bNWTptAPxiWAryFEEe1p\nkuCviQKBgBkk0gd/NgsVryokhxekV9k+3daobx/6LnC/ROCW6OZb6JuKTEWJcQi8\n7kQOIxmiie2tbFLiK5cn/mvRzAFFrY7BOvPNpDyHcxTMagEBQ+WU1jfAIGUH6txw\n6Ymym9q+y+nwK2QkGId5x4ztIuMqVt1eGFQCNj5e06qSfEy4bahF\n-----END RSA PRIVATE KEY-----\n",
            "public_key_fingerprint_md5": "8b:49:0d:79:92:3e:30:49:20:37:a9:9f:af:b2:12:fa",
            "public_key_openssh": "ssh-rsa AAAAB3NzaC1yc2EAAAADAQABAAABAQDfnxBCEgVzVaB05NJPJbOU179P557nq1MrBiab5mvuqCYBS8CicQP+Ka8JXLTm5PNYTc7hApaXBWxYdnNltiSvJcaJMOyTboWtby2jMbnntFloaosyRZSWgDPp4Yue5MVN2KR/npNKqzn7Cxd7mhHi26kAomyaXNt1jRTLeLdckmg+cuWMI/U7hRZNRT+L9kp0I06fFpQrFte2RFpBknsWocGe14HPAdzo1vtTnRlVYekOlGEey200EMi/CNshxVVsBQIZvq8T75CaiJVm2mVMOd/KKNIjEXMSGpRHrhUgo2KRKdeZ8VLow5jyHITr9xRQsslxdwNpW7hreK7OMtjb\n",
            "public_key_pem": "-----BEGIN PUBLIC KEY-----\nMIIBIjANBgkqhkiG9w0BAQEFAAOCAQ8AMIIBCgKCAQEA358QQhIFc1WgdOTSTyWz\nlNe/T+ee56tTKwYmm+Zr7qgmAUvAonED/imvCVy05uTzWE3O4QKWlwVsWHZzZbYk\nryXGiTDsk26FrW8tozG557RZaGqLMkWUloAz6eGLnuTFTdikf56TSqs5+wsXe5oR\n4tupAKJsmlzbdY0Uy3i3XJJoPnLljCP1O4UWTUU/i/ZKdCNOnxaUKxbXtkRaQZJ7\nFqHBnteBzwHc6Nb7U50ZVWHpDpRhHsttNBDIvwjbIcVVbAUCGb6vE++QmoiVZtpl\nTDnfyijSIxFzEhqUR64VIKNikSnXmfFS6MOY8hyE6/cUULLJcXcDaVu4a3iuzjLY\n2wIDAQAB\n-----END PUBLIC KEY-----\n",
            "rsa_bits": 2048
          },
          "sensitive_attributes": [],
          "private": "bnVsbA=="
        }
      ]
    },
    {
      "module": "module.key_pair",
      "mode": "managed",
      "type": "aws_key_pair",
      "name": "this",
      "provider": "provider[\"registry.terraform.io/hashicorp/aws\"]",
      "instances": [
        {
          "index_key": 0,
          "schema_version": 1,
          "attributes": {
            "arn": "arn:aws:ec2:ap-southeast-1:574816112352:key-pair/cluster_key",
            "fingerprint": "9a:12:14:6b:c9:94:13:f0:aa:a6:8b:b1:9b:60:4d:9c",
            "id": "cluster_key",
            "key_name": "cluster_key",
            "key_name_prefix": "",
            "key_pair_id": "key-0be715a6033d9b74b",
            "public_key": "ssh-rsa AAAAB3NzaC1yc2EAAAADAQABAAABgQDW8CN3+gJrEQk0KfW3SU24QFZVxBChO5kOCNeK6gsTy+1KaIw9AJ3qv2+hoPUp3FvE8CfaiIO6az0CylZH3n/pmH1juYpo5SFeIbdHabCFtcIcHM2Uaf/HpVTrKYKfpMmBBMzvFdvTHez42/Bd6DaQEUp9G7pEzzeyZRTEoL+rHoxb21dJddqZEZ0YLy2WdhSBvvQIqXnjoyfem7GGOSic+dKlOwZrvhsnzAwnmHSMcuxyEpbR9WESwKTmE4/EEcb4FXVin0EyBkcnPIdDFHOLwZAhqQBayX4egdsfmGEqZtQQpUmx+Zjq6IChhdYGHvfGUSoMLZxxQEKZ5324OfVCPsew/tgfLH6oX99XTLYrX3VNmBSyxCWE1YMrAGizEKXcdcMQV+XsuUh+9Y9tOd0/pEEZ9Zr7Uo30lTjtBbTNpYQsH5U2kBIypctKgt43cwh54FDzh3nRUfNagH+7SVVOPj3rVPDOY8Lil4Vh2tG5hlgh2jH4FfBMaJDOm7wcn5s= huyhoang@macrobuntu",
            "tags": null,
            "tags_all": {}
          },
          "sensitive_attributes": [],
          "private": "eyJzY2hlbWFfdmVyc2lvbiI6IjEifQ=="
        }
      ]
    }
  ]
}
