<?xml version="1.0" encoding="utf-8"?>
<Project ToolsVersion="16.0" xmlns="http://schemas.microsoft.com/developer/msbuild/2003">
  <ItemGroup>
    <CustomBuild Include="E:\personal cloud computing\personal cloud computing\shared-memory\build-vs\CMakeFiles\3a1c8ea922e0abe53c0d15a51962d9eb\generate.stamp.rule">
      <Filter>CMake Rules</Filter>
    </CustomBuild>
  </ItemGroup>
  <ItemGroup>
    <Filter Include="CMake Rules">
      <UniqueIdentifier>{16F162F0-C6B0-3D23-A402-6E09B5D7131F}</UniqueIdentifier>
    </Filter>
  </ItemGroup>
</Project>
