{
  "version": 4,
  "terraform_version": "1.1.5",
  "serial": 1,
  "lineage": "75d305e5-f9ae-d9f0-2164-05e30fcd1881",
  "outputs": {},
  "resources": [
    {
      "mode": "managed",
      "type": "aws_ami_copy",
      "name": "copy",
      "provider": "provider[\"registry.terraform.io/hashicorp/aws\"]",
      "instances": [
        {
          "schema_version": 0,
          "attributes": {
            "architecture": "x86_64",
            "arn": "arn:aws:ec2:ap-northeast-2::image/ami-0c14f6459a76ca4f0",
            "boot_mode": "",
            "description": "A copy of Cluster V1",
            "destination_outpost_arn": null,
            "ebs_block_device": [
              {
                "delete_on_termination": false,
                "device_name": "/dev/sda1",
                "encrypted": false,
                "iops": 0,
                "outpost_arn": "",
                "snapshot_id": "snap-00fec06a3c9d98ef4",
                "throughput": 0,
                "volume_size": 8,
                "volume_type": "gp2"
              },
              {
                "delete_on_termination": true,
                "device_name": "/dev/sdh",
                "encrypted": false,
                "iops": 0,
                "outpost_arn": "",
                "snapshot_id": "snap-091f472a5a3b7d7b2",
                "throughput": 0,
                "volume_size": 10,
                "volume_type": "gp2"
              }
            ],
            "ena_support": true,
            "encrypted": false,
            "ephemeral_block_device": [
              {
                "device_name": "/dev/sdb",
                "virtual_name": "ephemeral0"
              },
              {
                "device_name": "/dev/sdc",
                "virtual_name": "ephemeral1"
              }
            ],
            "hypervisor": "xen",
            "id": "ami-0c14f6459a76ca4f0",
            "image_location": "574816112352/clusterAMI",
            "image_owner_alias": "",
            "image_type": "machine",
            "kernel_id": "",
            "kms_key_id": null,
            "manage_ebs_snapshots": true,
            "name": "clusterAMI",
            "owner_id": "574816112352",
            "platform": "",
            "platform_details": "Linux/UNIX",
            "public": false,
            "ramdisk_id": "",
            "root_device_name": "/dev/sda1",
            "root_snapshot_id": "snap-00fec06a3c9d98ef4",
            "source_ami_id": "ami-0df8a7ccbdf225a18",
            "source_ami_region": "ap-southeast-1",
            "sriov_net_support": "simple",
            "tags": {
              "Name": "Cluster V1"
            },
            "tags_all": {
              "Name": "Cluster V1"
            },
            "timeouts": null,
            "usage_operation": "RunInstances",
            "virtualization_type": "hvm"
          },
          "sensitive_attributes": [],
          "private": "eyJlMmJmYjczMC1lY2FhLTExZTYtOGY4OC0zNDM2M2JjN2M0YzAiOnsiY3JlYXRlIjoyNDAwMDAwMDAwMDAwLCJkZWxldGUiOjU0MDAwMDAwMDAwMDAsInVwZGF0ZSI6MjQwMDAwMDAwMDAwMH19"
        }
      ]
    }
  ]
}
