<?xml version="1.0" encoding="utf-8"?>
<Project ToolsVersion="16.0" xmlns="http://schemas.microsoft.com/developer/msbuild/2003">
  <ItemGroup>
    <ClCompile Include="E:\personal cloud computing\personal cloud computing\SessionCore\source\HandleDataChannel.c">
      <Filter>Source Files</Filter>
    </ClCompile>
    <ClCompile Include="E:\personal cloud computing\personal cloud computing\SessionCore\source\HandlePipeline.c">
      <Filter>Source Files</Filter>
    </ClCompile>
    <ClCompile Include="E:\personal cloud computing\personal cloud computing\SessionCore\source\Program.c">
      <Filter>Source Files</Filter>
    </ClCompile>
    <ClCompile Include="E:\personal cloud computing\personal cloud computing\SessionCore\source\RcConfig.c">
      <Filter>Source Files</Filter>
    </ClCompile>
    <ClCompile Include="E:\personal cloud computing\personal cloud computing\SessionCore\source\SharedMemory.c">
      <Filter>Source Files</Filter>
    </ClCompile>
    <ClCompile Include="E:\personal cloud computing\personal cloud computing\SessionCore\source\SignallingHandling.c">
      <Filter>Source Files</Filter>
    </ClCompile>
    <ClCompile Include="E:\personal cloud computing\personal cloud computing\SessionCore\source\session-core.c">
      <Filter>Source Files</Filter>
    </ClCompile>
  </ItemGroup>
  <ItemGroup>
    <CustomBuild Include="E:\personal cloud computing\personal cloud computing\SessionCore\source\CmakeLists.txt" />
  </ItemGroup>
  <ItemGroup>
    <Filter Include="Source Files">
      <UniqueIdentifier>{82CACFE4-A9D9-34FA-B5D8-1204F1F909B5}</UniqueIdentifier>
    </Filter>
  </ItemGroup>
</Project>
